Microsoft Visual Studio Solution File, Format Version 11.00
# Visual Studio 2010
Project("{8BC9CEB8-8B4A-11D0-8D11-00A0C91BC942}") = "video_tracking_ex", "video_tracking_ex.vcxproj", "{7D4EC659-F472-4E2B-9F20-B87757EC7069}"
	ProjectSection(ProjectDependencies) = postProject
		{6933574F-9248-4CD5-A5A4-D36623EF9198} = {6933574F-9248-4CD5-A5A4-D36623EF9198}
	EndProjectSection
EndProject
Project("{8BC9CEB8-8B4A-11D0-8D11-00A0C91BC942}") = "dlib", "dlib_build\dlib.vcxproj", "{6933574F-9248-4CD5-A5A4-D36623EF9198}"
EndProject
Global
	GlobalSection(SolutionConfigurationPlatforms) = preSolution
		Debug|Win32 = Debug|Win32
		MinSizeRel|Win32 = MinSizeRel|Win32
		Release|Win32 = Release|Win32
		RelWithDebInfo|Win32 = RelWithDebInfo|Win32
	EndGlobalSection
	GlobalSection(ProjectConfigurationPlatforms) = postSolution
		{7D4EC659-F472-4E2B-9F20-B87757EC7069}.Debug|Win32.ActiveCfg = Debug|Win32
		{7D4EC659-F472-4E2B-9F20-B87757EC7069}.Debug|Win32.Build.0 = Debug|Win32
		{7D4EC659-F472-4E2B-9F20-B87757EC7069}.MinSizeRel|Win32.ActiveCfg = MinSizeRel|Win32
		{7D4EC659-F472-4E2B-9F20-B87757EC7069}.MinSizeRel|Win32.Build.0 = MinSizeRel|Win32
		{7D4EC659-F472-4E2B-9F20-B87757EC7069}.Release|Win32.ActiveCfg = Release|Win32
		{7D4EC659-F472-4E2B-9F20-B87757EC7069}.Release|Win32.Build.0 = Release|Win32
		{7D4EC659-F472-4E2B-9F20-B87757EC7069}.RelWithDebInfo|Win32.ActiveCfg = RelWithDebInfo|Win32
		{7D4EC659-F472-4E2B-9F20-B87757EC7069}.RelWithDebInfo|Win32.Build.0 = RelWithDebInfo|Win32
		{6933574F-9248-4CD5-A5A4-D36623EF9198}.Debug|Win32.ActiveCfg = Debug|Win32
		{6933574F-9248-4CD5-A5A4-D36623EF9198}.Debug|Win32.Build.0 = Debug|Win32
		{6933574F-9248-4CD5-A5A4-D36623EF9198}.MinSizeRel|Win32.ActiveCfg = MinSizeRel|Win32
		{6933574F-9248-4CD5-A5A4-D36623EF9198}.MinSizeRel|Win32.Build.0 = MinSizeRel|Win32
		{6933574F-9248-4CD5-A5A4-D36623EF9198}.Release|Win32.ActiveCfg = Release|Win32
		{6933574F-9248-4CD5-A5A4-D36623EF9198}.Release|Win32.Build.0 = Release|Win32
		{6933574F-9248-4CD5-A5A4-D36623EF9198}.RelWithDebInfo|Win32.ActiveCfg = RelWithDebInfo|Win32
		{6933574F-9248-4CD5-A5A4-D36623EF9198}.RelWithDebInfo|Win32.Build.0 = RelWithDebInfo|Win32
	EndGlobalSection
	GlobalSection(SolutionProperties) = preSolution
		HideSolutionNode = FALSE
	EndGlobalSection
EndGlobal
