Microsoft Visual Studio Solution File, Format Version 11.00
# Visual Studio 2010
Project("{8BC9CEB8-8B4A-11D0-8D11-00A0C91BC942}") = "ALL_BUILD", "ALL_BUILD.vcxproj", "{5B2A4E5F-0458-4CBB-820E-12BFAB049B3D}"
	ProjectSection(ProjectDependencies) = postProject
		{A5694654-9C3E-4AC9-9AF3-9856C55F3427} = {A5694654-9C3E-4AC9-9AF3-9856C55F3427}
		{70F8C2C9-1FD3-41DB-99FD-8A83CAE58BBB} = {70F8C2C9-1FD3-41DB-99FD-8A83CAE58BBB}
		{FFEF7216-BEDF-479A-A17C-2E531C1B4C6C} = {FFEF7216-BEDF-479A-A17C-2E531C1B4C6C}
		{437ED042-1D39-41BC-99F7-13D31F231C82} = {437ED042-1D39-41BC-99F7-13D31F231C82}
	EndProjectSection
EndProject
Project("{8BC9CEB8-8B4A-11D0-8D11-00A0C91BC942}") = "ZERO_CHECK", "ZERO_CHECK.vcxproj", "{A5694654-9C3E-4AC9-9AF3-9856C55F3427}"
EndProject
Project("{8BC9CEB8-8B4A-11D0-8D11-00A0C91BC942}") = "dlib", "dlib_build\dlib.vcxproj", "{70F8C2C9-1FD3-41DB-99FD-8A83CAE58BBB}"
	ProjectSection(ProjectDependencies) = postProject
		{A5694654-9C3E-4AC9-9AF3-9856C55F3427} = {A5694654-9C3E-4AC9-9AF3-9856C55F3427}
	EndProjectSection
EndProject
Project("{8BC9CEB8-8B4A-11D0-8D11-00A0C91BC942}") = "video_tracking_ex", "video_tracking_ex.vcxproj", "{FFEF7216-BEDF-479A-A17C-2E531C1B4C6C}"
	ProjectSection(ProjectDependencies) = postProject
		{A5694654-9C3E-4AC9-9AF3-9856C55F3427} = {A5694654-9C3E-4AC9-9AF3-9856C55F3427}
		{70F8C2C9-1FD3-41DB-99FD-8A83CAE58BBB} = {70F8C2C9-1FD3-41DB-99FD-8A83CAE58BBB}
	EndProjectSection
EndProject
Project("{8BC9CEB8-8B4A-11D0-8D11-00A0C91BC942}") = "webcam_face_pose_ex", "webcam_face_pose_ex.vcxproj", "{437ED042-1D39-41BC-99F7-13D31F231C82}"
	ProjectSection(ProjectDependencies) = postProject
		{A5694654-9C3E-4AC9-9AF3-9856C55F3427} = {A5694654-9C3E-4AC9-9AF3-9856C55F3427}
		{70F8C2C9-1FD3-41DB-99FD-8A83CAE58BBB} = {70F8C2C9-1FD3-41DB-99FD-8A83CAE58BBB}
	EndProjectSection
EndProject
Global
	GlobalSection(SolutionConfigurationPlatforms) = preSolution
		Debug|Win32 = Debug|Win32
		MinSizeRel|Win32 = MinSizeRel|Win32
		Release|Win32 = Release|Win32
		RelWithDebInfo|Win32 = RelWithDebInfo|Win32
	EndGlobalSection
	GlobalSection(ProjectConfigurationPlatforms) = postSolution
		{5B2A4E5F-0458-4CBB-820E-12BFAB049B3D}.Debug|Win32.ActiveCfg = Debug|Win32
		{5B2A4E5F-0458-4CBB-820E-12BFAB049B3D}.MinSizeRel|Win32.ActiveCfg = MinSizeRel|Win32
		{5B2A4E5F-0458-4CBB-820E-12BFAB049B3D}.Release|Win32.ActiveCfg = Release|Win32
		{5B2A4E5F-0458-4CBB-820E-12BFAB049B3D}.RelWithDebInfo|Win32.ActiveCfg = RelWithDebInfo|Win32
		{A5694654-9C3E-4AC9-9AF3-9856C55F3427}.Debug|Win32.ActiveCfg = Debug|Win32
		{A5694654-9C3E-4AC9-9AF3-9856C55F3427}.Debug|Win32.Build.0 = Debug|Win32
		{A5694654-9C3E-4AC9-9AF3-9856C55F3427}.MinSizeRel|Win32.ActiveCfg = MinSizeRel|Win32
		{A5694654-9C3E-4AC9-9AF3-9856C55F3427}.MinSizeRel|Win32.Build.0 = MinSizeRel|Win32
		{A5694654-9C3E-4AC9-9AF3-9856C55F3427}.Release|Win32.ActiveCfg = Release|Win32
		{A5694654-9C3E-4AC9-9AF3-9856C55F3427}.Release|Win32.Build.0 = Release|Win32
		{A5694654-9C3E-4AC9-9AF3-9856C55F3427}.RelWithDebInfo|Win32.ActiveCfg = RelWithDebInfo|Win32
		{A5694654-9C3E-4AC9-9AF3-9856C55F3427}.RelWithDebInfo|Win32.Build.0 = RelWithDebInfo|Win32
		{70F8C2C9-1FD3-41DB-99FD-8A83CAE58BBB}.Debug|Win32.ActiveCfg = Debug|Win32
		{70F8C2C9-1FD3-41DB-99FD-8A83CAE58BBB}.Debug|Win32.Build.0 = Debug|Win32
		{70F8C2C9-1FD3-41DB-99FD-8A83CAE58BBB}.MinSizeRel|Win32.ActiveCfg = MinSizeRel|Win32
		{70F8C2C9-1FD3-41DB-99FD-8A83CAE58BBB}.MinSizeRel|Win32.Build.0 = MinSizeRel|Win32
		{70F8C2C9-1FD3-41DB-99FD-8A83CAE58BBB}.Release|Win32.ActiveCfg = Release|Win32
		{70F8C2C9-1FD3-41DB-99FD-8A83CAE58BBB}.Release|Win32.Build.0 = Release|Win32
		{70F8C2C9-1FD3-41DB-99FD-8A83CAE58BBB}.RelWithDebInfo|Win32.ActiveCfg = RelWithDebInfo|Win32
		{70F8C2C9-1FD3-41DB-99FD-8A83CAE58BBB}.RelWithDebInfo|Win32.Build.0 = RelWithDebInfo|Win32
		{FFEF7216-BEDF-479A-A17C-2E531C1B4C6C}.Debug|Win32.ActiveCfg = Debug|Win32
		{FFEF7216-BEDF-479A-A17C-2E531C1B4C6C}.Debug|Win32.Build.0 = Debug|Win32
		{FFEF7216-BEDF-479A-A17C-2E531C1B4C6C}.MinSizeRel|Win32.ActiveCfg = MinSizeRel|Win32
		{FFEF7216-BEDF-479A-A17C-2E531C1B4C6C}.MinSizeRel|Win32.Build.0 = MinSizeRel|Win32
		{FFEF7216-BEDF-479A-A17C-2E531C1B4C6C}.Release|Win32.ActiveCfg = Release|Win32
		{FFEF7216-BEDF-479A-A17C-2E531C1B4C6C}.Release|Win32.Build.0 = Release|Win32
		{FFEF7216-BEDF-479A-A17C-2E531C1B4C6C}.RelWithDebInfo|Win32.ActiveCfg = RelWithDebInfo|Win32
		{FFEF7216-BEDF-479A-A17C-2E531C1B4C6C}.RelWithDebInfo|Win32.Build.0 = RelWithDebInfo|Win32
		{437ED042-1D39-41BC-99F7-13D31F231C82}.Debug|Win32.ActiveCfg = Debug|Win32
		{437ED042-1D39-41BC-99F7-13D31F231C82}.Debug|Win32.Build.0 = Debug|Win32
		{437ED042-1D39-41BC-99F7-13D31F231C82}.MinSizeRel|Win32.ActiveCfg = MinSizeRel|Win32
		{437ED042-1D39-41BC-99F7-13D31F231C82}.MinSizeRel|Win32.Build.0 = MinSizeRel|Win32
		{437ED042-1D39-41BC-99F7-13D31F231C82}.Release|Win32.ActiveCfg = Release|Win32
		{437ED042-1D39-41BC-99F7-13D31F231C82}.Release|Win32.Build.0 = Release|Win32
		{437ED042-1D39-41BC-99F7-13D31F231C82}.RelWithDebInfo|Win32.ActiveCfg = RelWithDebInfo|Win32
		{437ED042-1D39-41BC-99F7-13D31F231C82}.RelWithDebInfo|Win32.Build.0 = RelWithDebInfo|Win32
	EndGlobalSection
	GlobalSection(SolutionProperties) = preSolution
		HideSolutionNode = FALSE
	EndGlobalSection
EndGlobal
