Microsoft Visual Studio Solution File, Format Version 11.00
# Visual Studio 2010
Project("{8BC9CEB8-8B4A-11D0-8D11-00A0C91BC942}") = "ALL_BUILD", "ALL_BUILD.vcxproj", "{83ADD34A-44E7-4F55-9902-0A485BD8CFB3}"
	ProjectSection(ProjectDependencies) = postProject
		{EB18BCF6-DAAC-4FE3-A1FA-19E1DFC49F15} = {EB18BCF6-DAAC-4FE3-A1FA-19E1DFC49F15}
		{8F066755-2D70-4753-A429-37C6D20A8717} = {8F066755-2D70-4753-A429-37C6D20A8717}
		{40B70ABE-3B57-4DF6-968F-AFDB4938E626} = {40B70ABE-3B57-4DF6-968F-AFDB4938E626}
		{714317A3-D2A5-4858-826E-09F6D53CC1FA} = {714317A3-D2A5-4858-826E-09F6D53CC1FA}
		{7BBBC9E2-76B2-4F52-8F0C-6A019FF5CB70} = {7BBBC9E2-76B2-4F52-8F0C-6A019FF5CB70}
		{0276D683-7FDE-4A68-9BBC-90FB7995166B} = {0276D683-7FDE-4A68-9BBC-90FB7995166B}
		{E8C885C5-4213-4A73-9AD2-04C57B2549BC} = {E8C885C5-4213-4A73-9AD2-04C57B2549BC}
		{96EE75B5-C5A2-4BF1-B21E-A09BDFC03B59} = {96EE75B5-C5A2-4BF1-B21E-A09BDFC03B59}
		{69B21AF2-CBD0-4F84-B5D1-BD1C859FEE01} = {69B21AF2-CBD0-4F84-B5D1-BD1C859FEE01}
		{30E91130-7A77-4FB6-85AC-6952FC47146F} = {30E91130-7A77-4FB6-85AC-6952FC47146F}
		{45590790-D161-4BEF-9CA7-0347EEB64E58} = {45590790-D161-4BEF-9CA7-0347EEB64E58}
		{38DF53ED-F6E7-4588-9CF7-4167A3FB6BE7} = {38DF53ED-F6E7-4588-9CF7-4167A3FB6BE7}
		{6933574F-9248-4CD5-A5A4-D36623EF9198} = {6933574F-9248-4CD5-A5A4-D36623EF9198}
		{F0A58D05-4A8F-47B6-BB85-3BF29F954073} = {F0A58D05-4A8F-47B6-BB85-3BF29F954073}
		{6027C02D-BC0D-4C47-ABDA-6DE325D7408B} = {6027C02D-BC0D-4C47-ABDA-6DE325D7408B}
		{8ED36684-F4AC-49B0-BBF1-CE81266185C7} = {8ED36684-F4AC-49B0-BBF1-CE81266185C7}
		{7AD0BEEA-AF08-4397-87A1-18F786292C2C} = {7AD0BEEA-AF08-4397-87A1-18F786292C2C}
		{68B5D168-A190-4FBB-8DC5-781835194CAF} = {68B5D168-A190-4FBB-8DC5-781835194CAF}
		{3A5534AC-D05C-4093-AEB8-624BA7FCF1C1} = {3A5534AC-D05C-4093-AEB8-624BA7FCF1C1}
		{B7DEA785-3D00-465A-B13F-D54B770FC1C4} = {B7DEA785-3D00-465A-B13F-D54B770FC1C4}
		{EFC82D15-A0D9-4F0C-B9B2-F359EEAF02F8} = {EFC82D15-A0D9-4F0C-B9B2-F359EEAF02F8}
		{EC1764E9-2139-44D5-94C2-E9E2BEC15EBD} = {EC1764E9-2139-44D5-94C2-E9E2BEC15EBD}
		{6853901F-BFB5-41CE-99CE-8D0D6F63F522} = {6853901F-BFB5-41CE-99CE-8D0D6F63F522}
		{CDF4CEAB-F8C1-484B-A683-6E2B01C88465} = {CDF4CEAB-F8C1-484B-A683-6E2B01C88465}
		{572713EE-C648-4A60-B902-2A84A0681C16} = {572713EE-C648-4A60-B902-2A84A0681C16}
		{B8729D62-0C90-4D8C-9610-E856262B40F7} = {B8729D62-0C90-4D8C-9610-E856262B40F7}
		{4A4EDB1C-4E23-4EC8-8F0B-68D750A4D732} = {4A4EDB1C-4E23-4EC8-8F0B-68D750A4D732}
		{E3BD71D0-A8F3-49FC-89BC-D65CA343C301} = {E3BD71D0-A8F3-49FC-89BC-D65CA343C301}
		{716BAEF9-615E-4BCB-BF5F-2428180DFE8E} = {716BAEF9-615E-4BCB-BF5F-2428180DFE8E}
		{B5AA1973-D4A6-4D10-9811-60570195A72B} = {B5AA1973-D4A6-4D10-9811-60570195A72B}
		{E6C44155-FC17-4C6C-AD15-B91A082FEE0B} = {E6C44155-FC17-4C6C-AD15-B91A082FEE0B}
		{98C28799-00DC-4EC8-A69A-A6B442852267} = {98C28799-00DC-4EC8-A69A-A6B442852267}
		{3323F0D3-1D5D-42F8-81C3-F5973A6BC9D7} = {3323F0D3-1D5D-42F8-81C3-F5973A6BC9D7}
		{09F98E3C-30A8-4FED-B3BE-336DD28FEE82} = {09F98E3C-30A8-4FED-B3BE-336DD28FEE82}
		{30250D6E-A99D-4330-B361-26D8C7505EA8} = {30250D6E-A99D-4330-B361-26D8C7505EA8}
		{5DB3D5FD-D889-402B-AB88-16FCC88C3977} = {5DB3D5FD-D889-402B-AB88-16FCC88C3977}
		{80CE034C-1D2D-42CD-80D8-274E2FCCEEA2} = {80CE034C-1D2D-42CD-80D8-274E2FCCEEA2}
		{7CF54D24-045F-47F7-B49B-72D5F818A48B} = {7CF54D24-045F-47F7-B49B-72D5F818A48B}
		{4FA28298-C8DF-44DE-AB0A-BBA174A479C8} = {4FA28298-C8DF-44DE-AB0A-BBA174A479C8}
		{3A8560BD-0D31-499C-BE95-12490A844BC3} = {3A8560BD-0D31-499C-BE95-12490A844BC3}
		{933F32F7-F6D2-4DCC-9219-E40A23F3C9FF} = {933F32F7-F6D2-4DCC-9219-E40A23F3C9FF}
		{2877CCA2-6DD1-42F9-BA50-FEF4B76D05A9} = {2877CCA2-6DD1-42F9-BA50-FEF4B76D05A9}
		{A79D2EB0-C4DD-4F49-914A-153D3F3DCECC} = {A79D2EB0-C4DD-4F49-914A-153D3F3DCECC}
		{1D7A50D7-F4C3-4B46-9382-04452D16E849} = {1D7A50D7-F4C3-4B46-9382-04452D16E849}
		{E4A199F2-0A8C-4CB7-BFD4-B2DB6F7A70E9} = {E4A199F2-0A8C-4CB7-BFD4-B2DB6F7A70E9}
		{B4F7FBFE-6361-4309-9CF1-3E1D42491B90} = {B4F7FBFE-6361-4309-9CF1-3E1D42491B90}
		{913EE715-3C8D-4E37-9F03-BACC2971A078} = {913EE715-3C8D-4E37-9F03-BACC2971A078}
		{5F99AEBD-B296-4ED7-94FA-F7A562ACF5B8} = {5F99AEBD-B296-4ED7-94FA-F7A562ACF5B8}
		{6614EF0D-859F-41CF-B320-748A66F1EE58} = {6614EF0D-859F-41CF-B320-748A66F1EE58}
		{5DE29873-C947-4A79-BFBB-6903D1B9DE0B} = {5DE29873-C947-4A79-BFBB-6903D1B9DE0B}
		{CC04A272-9E35-4E8C-B220-126AC1718262} = {CC04A272-9E35-4E8C-B220-126AC1718262}
		{274080C4-0665-4052-843D-A55B501C645B} = {274080C4-0665-4052-843D-A55B501C645B}
		{2647580C-C451-4E4D-B5E1-6DD070BEFA1F} = {2647580C-C451-4E4D-B5E1-6DD070BEFA1F}
		{CB9FBE2E-6206-466E-8CE3-220FD5CC8835} = {CB9FBE2E-6206-466E-8CE3-220FD5CC8835}
		{19DB1868-76CA-4C05-98EA-8A53159F76C6} = {19DB1868-76CA-4C05-98EA-8A53159F76C6}
		{09197C22-D2F5-4551-8D1F-796939D5CAFB} = {09197C22-D2F5-4551-8D1F-796939D5CAFB}
		{C34B677D-BE00-45CC-947B-6E40F2C9E3FF} = {C34B677D-BE00-45CC-947B-6E40F2C9E3FF}
		{DF67931A-B74D-4ECC-B110-3E598272E9E9} = {DF67931A-B74D-4ECC-B110-3E598272E9E9}
		{7DDD3EFE-6855-4EE7-BBB0-3E202363A937} = {7DDD3EFE-6855-4EE7-BBB0-3E202363A937}
		{F9E74447-3D7F-4E19-902D-513DCC337BEC} = {F9E74447-3D7F-4E19-902D-513DCC337BEC}
		{2A97EDD0-7A8A-4496-89BB-8AE098BC34FE} = {2A97EDD0-7A8A-4496-89BB-8AE098BC34FE}
		{2EDB73D5-286F-4C2D-B7B0-C36299EE08D4} = {2EDB73D5-286F-4C2D-B7B0-C36299EE08D4}
		{4C9E535F-5B6B-4967-A63A-4BA4C77EE54C} = {4C9E535F-5B6B-4967-A63A-4BA4C77EE54C}
		{E64FF764-41D2-4365-8A65-6A86EB319A6D} = {E64FF764-41D2-4365-8A65-6A86EB319A6D}
		{32117B0F-B2CD-4D0F-864B-AD5EC38B6CD5} = {32117B0F-B2CD-4D0F-864B-AD5EC38B6CD5}
		{E9DF41C4-8AF1-4605-B442-8320D52C113F} = {E9DF41C4-8AF1-4605-B442-8320D52C113F}
		{BB076FB1-BB42-4957-BAA5-9536FD22D2DA} = {BB076FB1-BB42-4957-BAA5-9536FD22D2DA}
		{2B0FF36C-43F5-49E6-9CA9-AD63C8E26C48} = {2B0FF36C-43F5-49E6-9CA9-AD63C8E26C48}
		{B1AB36C8-657A-425E-B2EE-CA92B7460750} = {B1AB36C8-657A-425E-B2EE-CA92B7460750}
		{006C0B21-3889-4E90-A497-7844B3D2AE96} = {006C0B21-3889-4E90-A497-7844B3D2AE96}
		{D503EFC6-D71E-4FEF-A268-3743CF759C12} = {D503EFC6-D71E-4FEF-A268-3743CF759C12}
		{D4895986-6E57-480E-960B-4E94E677A33C} = {D4895986-6E57-480E-960B-4E94E677A33C}
		{FC1A3162-183A-4918-97C8-AF7A0BDC93DB} = {FC1A3162-183A-4918-97C8-AF7A0BDC93DB}
		{A429A84D-1621-43F2-8D25-2E848B249A70} = {A429A84D-1621-43F2-8D25-2E848B249A70}
		{95F8BCD4-B8B5-45FE-A026-ED6C406429F7} = {95F8BCD4-B8B5-45FE-A026-ED6C406429F7}
		{8D517761-C8DC-44B5-85DE-F945DCF087BA} = {8D517761-C8DC-44B5-85DE-F945DCF087BA}
		{7822A88F-CF3A-435B-86EB-B2E53507CB6F} = {7822A88F-CF3A-435B-86EB-B2E53507CB6F}
		{DBCFAB8C-21C1-4428-B558-4603CBCDF60A} = {DBCFAB8C-21C1-4428-B558-4603CBCDF60A}
		{D98D7F37-9399-4F65-BB6F-439CF68A557E} = {D98D7F37-9399-4F65-BB6F-439CF68A557E}
		{8F03CE3C-B083-4A59-9E0C-25A6F7F50D85} = {8F03CE3C-B083-4A59-9E0C-25A6F7F50D85}
		{172BB1C0-0B23-40C8-AB16-707A190A92DB} = {172BB1C0-0B23-40C8-AB16-707A190A92DB}
		{69B55A35-ECFE-47D8-A5DA-7D7D2077F59A} = {69B55A35-ECFE-47D8-A5DA-7D7D2077F59A}
		{7D4EC659-F472-4E2B-9F20-B87757EC7069} = {7D4EC659-F472-4E2B-9F20-B87757EC7069}
		{58AF4DE8-8012-47FB-8AD4-4CFD0EA20222} = {58AF4DE8-8012-47FB-8AD4-4CFD0EA20222}
		{A289D88A-F0B5-4A21-808B-3B4E3FD6E66D} = {A289D88A-F0B5-4A21-808B-3B4E3FD6E66D}
	EndProjectSection
EndProject
Project("{8BC9CEB8-8B4A-11D0-8D11-00A0C91BC942}") = "3d_point_cloud_ex", "3d_point_cloud_ex.vcxproj", "{EB18BCF6-DAAC-4FE3-A1FA-19E1DFC49F15}"
	ProjectSection(ProjectDependencies) = postProject
		{8F066755-2D70-4753-A429-37C6D20A8717} = {8F066755-2D70-4753-A429-37C6D20A8717}
		{6933574F-9248-4CD5-A5A4-D36623EF9198} = {6933574F-9248-4CD5-A5A4-D36623EF9198}
	EndProjectSection
EndProject
Project("{8BC9CEB8-8B4A-11D0-8D11-00A0C91BC942}") = "ZERO_CHECK", "ZERO_CHECK.vcxproj", "{8F066755-2D70-4753-A429-37C6D20A8717}"
	ProjectSection(ProjectDependencies) = postProject
	EndProjectSection
EndProject
Project("{8BC9CEB8-8B4A-11D0-8D11-00A0C91BC942}") = "assignment_learning_ex", "assignment_learning_ex.vcxproj", "{40B70ABE-3B57-4DF6-968F-AFDB4938E626}"
	ProjectSection(ProjectDependencies) = postProject
		{8F066755-2D70-4753-A429-37C6D20A8717} = {8F066755-2D70-4753-A429-37C6D20A8717}
		{6933574F-9248-4CD5-A5A4-D36623EF9198} = {6933574F-9248-4CD5-A5A4-D36623EF9198}
	EndProjectSection
EndProject
Project("{8BC9CEB8-8B4A-11D0-8D11-00A0C91BC942}") = "bayes_net_ex", "bayes_net_ex.vcxproj", "{714317A3-D2A5-4858-826E-09F6D53CC1FA}"
	ProjectSection(ProjectDependencies) = postProject
		{8F066755-2D70-4753-A429-37C6D20A8717} = {8F066755-2D70-4753-A429-37C6D20A8717}
		{6933574F-9248-4CD5-A5A4-D36623EF9198} = {6933574F-9248-4CD5-A5A4-D36623EF9198}
	EndProjectSection
EndProject
Project("{8BC9CEB8-8B4A-11D0-8D11-00A0C91BC942}") = "bayes_net_from_disk_ex", "bayes_net_from_disk_ex.vcxproj", "{7BBBC9E2-76B2-4F52-8F0C-6A019FF5CB70}"
	ProjectSection(ProjectDependencies) = postProject
		{8F066755-2D70-4753-A429-37C6D20A8717} = {8F066755-2D70-4753-A429-37C6D20A8717}
		{6933574F-9248-4CD5-A5A4-D36623EF9198} = {6933574F-9248-4CD5-A5A4-D36623EF9198}
	EndProjectSection
EndProject
Project("{8BC9CEB8-8B4A-11D0-8D11-00A0C91BC942}") = "bayes_net_gui_ex", "bayes_net_gui_ex.vcxproj", "{0276D683-7FDE-4A68-9BBC-90FB7995166B}"
	ProjectSection(ProjectDependencies) = postProject
		{8F066755-2D70-4753-A429-37C6D20A8717} = {8F066755-2D70-4753-A429-37C6D20A8717}
		{6933574F-9248-4CD5-A5A4-D36623EF9198} = {6933574F-9248-4CD5-A5A4-D36623EF9198}
	EndProjectSection
EndProject
Project("{8BC9CEB8-8B4A-11D0-8D11-00A0C91BC942}") = "bridge_ex", "bridge_ex.vcxproj", "{E8C885C5-4213-4A73-9AD2-04C57B2549BC}"
	ProjectSection(ProjectDependencies) = postProject
		{8F066755-2D70-4753-A429-37C6D20A8717} = {8F066755-2D70-4753-A429-37C6D20A8717}
		{6933574F-9248-4CD5-A5A4-D36623EF9198} = {6933574F-9248-4CD5-A5A4-D36623EF9198}
	EndProjectSection
EndProject
Project("{8BC9CEB8-8B4A-11D0-8D11-00A0C91BC942}") = "bsp_ex", "bsp_ex.vcxproj", "{96EE75B5-C5A2-4BF1-B21E-A09BDFC03B59}"
	ProjectSection(ProjectDependencies) = postProject
		{8F066755-2D70-4753-A429-37C6D20A8717} = {8F066755-2D70-4753-A429-37C6D20A8717}
		{6933574F-9248-4CD5-A5A4-D36623EF9198} = {6933574F-9248-4CD5-A5A4-D36623EF9198}
	EndProjectSection
EndProject
Project("{8BC9CEB8-8B4A-11D0-8D11-00A0C91BC942}") = "compress_stream_ex", "compress_stream_ex.vcxproj", "{69B21AF2-CBD0-4F84-B5D1-BD1C859FEE01}"
	ProjectSection(ProjectDependencies) = postProject
		{8F066755-2D70-4753-A429-37C6D20A8717} = {8F066755-2D70-4753-A429-37C6D20A8717}
		{6933574F-9248-4CD5-A5A4-D36623EF9198} = {6933574F-9248-4CD5-A5A4-D36623EF9198}
	EndProjectSection
EndProject
Project("{8BC9CEB8-8B4A-11D0-8D11-00A0C91BC942}") = "config_reader_ex", "config_reader_ex.vcxproj", "{30E91130-7A77-4FB6-85AC-6952FC47146F}"
	ProjectSection(ProjectDependencies) = postProject
		{8F066755-2D70-4753-A429-37C6D20A8717} = {8F066755-2D70-4753-A429-37C6D20A8717}
		{6933574F-9248-4CD5-A5A4-D36623EF9198} = {6933574F-9248-4CD5-A5A4-D36623EF9198}
	EndProjectSection
EndProject
Project("{8BC9CEB8-8B4A-11D0-8D11-00A0C91BC942}") = "custom_trainer_ex", "custom_trainer_ex.vcxproj", "{45590790-D161-4BEF-9CA7-0347EEB64E58}"
	ProjectSection(ProjectDependencies) = postProject
		{8F066755-2D70-4753-A429-37C6D20A8717} = {8F066755-2D70-4753-A429-37C6D20A8717}
		{6933574F-9248-4CD5-A5A4-D36623EF9198} = {6933574F-9248-4CD5-A5A4-D36623EF9198}
	EndProjectSection
EndProject
Project("{8BC9CEB8-8B4A-11D0-8D11-00A0C91BC942}") = "dir_nav_ex", "dir_nav_ex.vcxproj", "{38DF53ED-F6E7-4588-9CF7-4167A3FB6BE7}"
	ProjectSection(ProjectDependencies) = postProject
		{8F066755-2D70-4753-A429-37C6D20A8717} = {8F066755-2D70-4753-A429-37C6D20A8717}
		{6933574F-9248-4CD5-A5A4-D36623EF9198} = {6933574F-9248-4CD5-A5A4-D36623EF9198}
	EndProjectSection
EndProject
Project("{8BC9CEB8-8B4A-11D0-8D11-00A0C91BC942}") = "dlib", "dlib_build\dlib.vcxproj", "{6933574F-9248-4CD5-A5A4-D36623EF9198}"
	ProjectSection(ProjectDependencies) = postProject
		{8F066755-2D70-4753-A429-37C6D20A8717} = {8F066755-2D70-4753-A429-37C6D20A8717}
	EndProjectSection
EndProject
Project("{8BC9CEB8-8B4A-11D0-8D11-00A0C91BC942}") = "empirical_kernel_map_ex", "empirical_kernel_map_ex.vcxproj", "{F0A58D05-4A8F-47B6-BB85-3BF29F954073}"
	ProjectSection(ProjectDependencies) = postProject
		{8F066755-2D70-4753-A429-37C6D20A8717} = {8F066755-2D70-4753-A429-37C6D20A8717}
		{6933574F-9248-4CD5-A5A4-D36623EF9198} = {6933574F-9248-4CD5-A5A4-D36623EF9198}
	EndProjectSection
EndProject
Project("{8BC9CEB8-8B4A-11D0-8D11-00A0C91BC942}") = "face_detection_ex", "face_detection_ex.vcxproj", "{6027C02D-BC0D-4C47-ABDA-6DE325D7408B}"
	ProjectSection(ProjectDependencies) = postProject
		{8F066755-2D70-4753-A429-37C6D20A8717} = {8F066755-2D70-4753-A429-37C6D20A8717}
		{6933574F-9248-4CD5-A5A4-D36623EF9198} = {6933574F-9248-4CD5-A5A4-D36623EF9198}
	EndProjectSection
EndProject
Project("{8BC9CEB8-8B4A-11D0-8D11-00A0C91BC942}") = "face_landmark_detection_ex", "face_landmark_detection_ex.vcxproj", "{8ED36684-F4AC-49B0-BBF1-CE81266185C7}"
	ProjectSection(ProjectDependencies) = postProject
		{8F066755-2D70-4753-A429-37C6D20A8717} = {8F066755-2D70-4753-A429-37C6D20A8717}
		{6933574F-9248-4CD5-A5A4-D36623EF9198} = {6933574F-9248-4CD5-A5A4-D36623EF9198}
	EndProjectSection
EndProject
Project("{8BC9CEB8-8B4A-11D0-8D11-00A0C91BC942}") = "fhog_ex", "fhog_ex.vcxproj", "{7AD0BEEA-AF08-4397-87A1-18F786292C2C}"
	ProjectSection(ProjectDependencies) = postProject
		{8F066755-2D70-4753-A429-37C6D20A8717} = {8F066755-2D70-4753-A429-37C6D20A8717}
		{6933574F-9248-4CD5-A5A4-D36623EF9198} = {6933574F-9248-4CD5-A5A4-D36623EF9198}
	EndProjectSection
EndProject
Project("{8BC9CEB8-8B4A-11D0-8D11-00A0C91BC942}") = "fhog_object_detector_ex", "fhog_object_detector_ex.vcxproj", "{68B5D168-A190-4FBB-8DC5-781835194CAF}"
	ProjectSection(ProjectDependencies) = postProject
		{8F066755-2D70-4753-A429-37C6D20A8717} = {8F066755-2D70-4753-A429-37C6D20A8717}
		{6933574F-9248-4CD5-A5A4-D36623EF9198} = {6933574F-9248-4CD5-A5A4-D36623EF9198}
	EndProjectSection
EndProject
Project("{8BC9CEB8-8B4A-11D0-8D11-00A0C91BC942}") = "file_to_code_ex", "file_to_code_ex.vcxproj", "{3A5534AC-D05C-4093-AEB8-624BA7FCF1C1}"
	ProjectSection(ProjectDependencies) = postProject
		{8F066755-2D70-4753-A429-37C6D20A8717} = {8F066755-2D70-4753-A429-37C6D20A8717}
		{6933574F-9248-4CD5-A5A4-D36623EF9198} = {6933574F-9248-4CD5-A5A4-D36623EF9198}
	EndProjectSection
EndProject
Project("{8BC9CEB8-8B4A-11D0-8D11-00A0C91BC942}") = "graph_labeling_ex", "graph_labeling_ex.vcxproj", "{B7DEA785-3D00-465A-B13F-D54B770FC1C4}"
	ProjectSection(ProjectDependencies) = postProject
		{8F066755-2D70-4753-A429-37C6D20A8717} = {8F066755-2D70-4753-A429-37C6D20A8717}
		{6933574F-9248-4CD5-A5A4-D36623EF9198} = {6933574F-9248-4CD5-A5A4-D36623EF9198}
	EndProjectSection
EndProject
Project("{8BC9CEB8-8B4A-11D0-8D11-00A0C91BC942}") = "gui_api_ex", "gui_api_ex.vcxproj", "{EFC82D15-A0D9-4F0C-B9B2-F359EEAF02F8}"
	ProjectSection(ProjectDependencies) = postProject
		{8F066755-2D70-4753-A429-37C6D20A8717} = {8F066755-2D70-4753-A429-37C6D20A8717}
		{6933574F-9248-4CD5-A5A4-D36623EF9198} = {6933574F-9248-4CD5-A5A4-D36623EF9198}
	EndProjectSection
EndProject
Project("{8BC9CEB8-8B4A-11D0-8D11-00A0C91BC942}") = "hough_transform_ex", "hough_transform_ex.vcxproj", "{EC1764E9-2139-44D5-94C2-E9E2BEC15EBD}"
	ProjectSection(ProjectDependencies) = postProject
		{8F066755-2D70-4753-A429-37C6D20A8717} = {8F066755-2D70-4753-A429-37C6D20A8717}
		{6933574F-9248-4CD5-A5A4-D36623EF9198} = {6933574F-9248-4CD5-A5A4-D36623EF9198}
	EndProjectSection
EndProject
Project("{8BC9CEB8-8B4A-11D0-8D11-00A0C91BC942}") = "image_ex", "image_ex.vcxproj", "{6853901F-BFB5-41CE-99CE-8D0D6F63F522}"
	ProjectSection(ProjectDependencies) = postProject
		{8F066755-2D70-4753-A429-37C6D20A8717} = {8F066755-2D70-4753-A429-37C6D20A8717}
		{6933574F-9248-4CD5-A5A4-D36623EF9198} = {6933574F-9248-4CD5-A5A4-D36623EF9198}
	EndProjectSection
EndProject
Project("{8BC9CEB8-8B4A-11D0-8D11-00A0C91BC942}") = "integrate_function_adapt_simp_ex", "integrate_function_adapt_simp_ex.vcxproj", "{CDF4CEAB-F8C1-484B-A683-6E2B01C88465}"
	ProjectSection(ProjectDependencies) = postProject
		{8F066755-2D70-4753-A429-37C6D20A8717} = {8F066755-2D70-4753-A429-37C6D20A8717}
		{6933574F-9248-4CD5-A5A4-D36623EF9198} = {6933574F-9248-4CD5-A5A4-D36623EF9198}
	EndProjectSection
EndProject
Project("{8BC9CEB8-8B4A-11D0-8D11-00A0C91BC942}") = "iosockstream_ex", "iosockstream_ex.vcxproj", "{572713EE-C648-4A60-B902-2A84A0681C16}"
	ProjectSection(ProjectDependencies) = postProject
		{8F066755-2D70-4753-A429-37C6D20A8717} = {8F066755-2D70-4753-A429-37C6D20A8717}
		{6933574F-9248-4CD5-A5A4-D36623EF9198} = {6933574F-9248-4CD5-A5A4-D36623EF9198}
	EndProjectSection
EndProject
Project("{8BC9CEB8-8B4A-11D0-8D11-00A0C91BC942}") = "kcentroid_ex", "kcentroid_ex.vcxproj", "{B8729D62-0C90-4D8C-9610-E856262B40F7}"
	ProjectSection(ProjectDependencies) = postProject
		{8F066755-2D70-4753-A429-37C6D20A8717} = {8F066755-2D70-4753-A429-37C6D20A8717}
		{6933574F-9248-4CD5-A5A4-D36623EF9198} = {6933574F-9248-4CD5-A5A4-D36623EF9198}
	EndProjectSection
EndProject
Project("{8BC9CEB8-8B4A-11D0-8D11-00A0C91BC942}") = "kkmeans_ex", "kkmeans_ex.vcxproj", "{4A4EDB1C-4E23-4EC8-8F0B-68D750A4D732}"
	ProjectSection(ProjectDependencies) = postProject
		{8F066755-2D70-4753-A429-37C6D20A8717} = {8F066755-2D70-4753-A429-37C6D20A8717}
		{6933574F-9248-4CD5-A5A4-D36623EF9198} = {6933574F-9248-4CD5-A5A4-D36623EF9198}
	EndProjectSection
EndProject
Project("{8BC9CEB8-8B4A-11D0-8D11-00A0C91BC942}") = "krls_ex", "krls_ex.vcxproj", "{E3BD71D0-A8F3-49FC-89BC-D65CA343C301}"
	ProjectSection(ProjectDependencies) = postProject
		{8F066755-2D70-4753-A429-37C6D20A8717} = {8F066755-2D70-4753-A429-37C6D20A8717}
		{6933574F-9248-4CD5-A5A4-D36623EF9198} = {6933574F-9248-4CD5-A5A4-D36623EF9198}
	EndProjectSection
EndProject
Project("{8BC9CEB8-8B4A-11D0-8D11-00A0C91BC942}") = "krls_filter_ex", "krls_filter_ex.vcxproj", "{716BAEF9-615E-4BCB-BF5F-2428180DFE8E}"
	ProjectSection(ProjectDependencies) = postProject
		{8F066755-2D70-4753-A429-37C6D20A8717} = {8F066755-2D70-4753-A429-37C6D20A8717}
		{6933574F-9248-4CD5-A5A4-D36623EF9198} = {6933574F-9248-4CD5-A5A4-D36623EF9198}
	EndProjectSection
EndProject
Project("{8BC9CEB8-8B4A-11D0-8D11-00A0C91BC942}") = "krr_classification_ex", "krr_classification_ex.vcxproj", "{B5AA1973-D4A6-4D10-9811-60570195A72B}"
	ProjectSection(ProjectDependencies) = postProject
		{8F066755-2D70-4753-A429-37C6D20A8717} = {8F066755-2D70-4753-A429-37C6D20A8717}
		{6933574F-9248-4CD5-A5A4-D36623EF9198} = {6933574F-9248-4CD5-A5A4-D36623EF9198}
	EndProjectSection
EndProject
Project("{8BC9CEB8-8B4A-11D0-8D11-00A0C91BC942}") = "krr_regression_ex", "krr_regression_ex.vcxproj", "{E6C44155-FC17-4C6C-AD15-B91A082FEE0B}"
	ProjectSection(ProjectDependencies) = postProject
		{8F066755-2D70-4753-A429-37C6D20A8717} = {8F066755-2D70-4753-A429-37C6D20A8717}
		{6933574F-9248-4CD5-A5A4-D36623EF9198} = {6933574F-9248-4CD5-A5A4-D36623EF9198}
	EndProjectSection
EndProject
Project("{8BC9CEB8-8B4A-11D0-8D11-00A0C91BC942}") = "learning_to_track_ex", "learning_to_track_ex.vcxproj", "{98C28799-00DC-4EC8-A69A-A6B442852267}"
	ProjectSection(ProjectDependencies) = postProject
		{8F066755-2D70-4753-A429-37C6D20A8717} = {8F066755-2D70-4753-A429-37C6D20A8717}
		{6933574F-9248-4CD5-A5A4-D36623EF9198} = {6933574F-9248-4CD5-A5A4-D36623EF9198}
	EndProjectSection
EndProject
Project("{8BC9CEB8-8B4A-11D0-8D11-00A0C91BC942}") = "least_squares_ex", "least_squares_ex.vcxproj", "{3323F0D3-1D5D-42F8-81C3-F5973A6BC9D7}"
	ProjectSection(ProjectDependencies) = postProject
		{8F066755-2D70-4753-A429-37C6D20A8717} = {8F066755-2D70-4753-A429-37C6D20A8717}
		{6933574F-9248-4CD5-A5A4-D36623EF9198} = {6933574F-9248-4CD5-A5A4-D36623EF9198}
	EndProjectSection
EndProject
Project("{8BC9CEB8-8B4A-11D0-8D11-00A0C91BC942}") = "linear_manifold_regularizer_ex", "linear_manifold_regularizer_ex.vcxproj", "{09F98E3C-30A8-4FED-B3BE-336DD28FEE82}"
	ProjectSection(ProjectDependencies) = postProject
		{8F066755-2D70-4753-A429-37C6D20A8717} = {8F066755-2D70-4753-A429-37C6D20A8717}
		{6933574F-9248-4CD5-A5A4-D36623EF9198} = {6933574F-9248-4CD5-A5A4-D36623EF9198}
	EndProjectSection
EndProject
Project("{8BC9CEB8-8B4A-11D0-8D11-00A0C91BC942}") = "logger_custom_output_ex", "logger_custom_output_ex.vcxproj", "{30250D6E-A99D-4330-B361-26D8C7505EA8}"
	ProjectSection(ProjectDependencies) = postProject
		{8F066755-2D70-4753-A429-37C6D20A8717} = {8F066755-2D70-4753-A429-37C6D20A8717}
		{6933574F-9248-4CD5-A5A4-D36623EF9198} = {6933574F-9248-4CD5-A5A4-D36623EF9198}
	EndProjectSection
EndProject
Project("{8BC9CEB8-8B4A-11D0-8D11-00A0C91BC942}") = "logger_ex", "logger_ex.vcxproj", "{5DB3D5FD-D889-402B-AB88-16FCC88C3977}"
	ProjectSection(ProjectDependencies) = postProject
		{8F066755-2D70-4753-A429-37C6D20A8717} = {8F066755-2D70-4753-A429-37C6D20A8717}
		{6933574F-9248-4CD5-A5A4-D36623EF9198} = {6933574F-9248-4CD5-A5A4-D36623EF9198}
	EndProjectSection
EndProject
Project("{8BC9CEB8-8B4A-11D0-8D11-00A0C91BC942}") = "logger_ex_2", "logger_ex_2.vcxproj", "{80CE034C-1D2D-42CD-80D8-274E2FCCEEA2}"
	ProjectSection(ProjectDependencies) = postProject
		{8F066755-2D70-4753-A429-37C6D20A8717} = {8F066755-2D70-4753-A429-37C6D20A8717}
		{6933574F-9248-4CD5-A5A4-D36623EF9198} = {6933574F-9248-4CD5-A5A4-D36623EF9198}
	EndProjectSection
EndProject
Project("{8BC9CEB8-8B4A-11D0-8D11-00A0C91BC942}") = "matrix_ex", "matrix_ex.vcxproj", "{7CF54D24-045F-47F7-B49B-72D5F818A48B}"
	ProjectSection(ProjectDependencies) = postProject
		{8F066755-2D70-4753-A429-37C6D20A8717} = {8F066755-2D70-4753-A429-37C6D20A8717}
		{6933574F-9248-4CD5-A5A4-D36623EF9198} = {6933574F-9248-4CD5-A5A4-D36623EF9198}
	EndProjectSection
EndProject
Project("{8BC9CEB8-8B4A-11D0-8D11-00A0C91BC942}") = "matrix_expressions_ex", "matrix_expressions_ex.vcxproj", "{4FA28298-C8DF-44DE-AB0A-BBA174A479C8}"
	ProjectSection(ProjectDependencies) = postProject
		{8F066755-2D70-4753-A429-37C6D20A8717} = {8F066755-2D70-4753-A429-37C6D20A8717}
		{6933574F-9248-4CD5-A5A4-D36623EF9198} = {6933574F-9248-4CD5-A5A4-D36623EF9198}
	EndProjectSection
EndProject
Project("{8BC9CEB8-8B4A-11D0-8D11-00A0C91BC942}") = "max_cost_assignment_ex", "max_cost_assignment_ex.vcxproj", "{3A8560BD-0D31-499C-BE95-12490A844BC3}"
	ProjectSection(ProjectDependencies) = postProject
		{8F066755-2D70-4753-A429-37C6D20A8717} = {8F066755-2D70-4753-A429-37C6D20A8717}
		{6933574F-9248-4CD5-A5A4-D36623EF9198} = {6933574F-9248-4CD5-A5A4-D36623EF9198}
	EndProjectSection
EndProject
Project("{8BC9CEB8-8B4A-11D0-8D11-00A0C91BC942}") = "member_function_pointer_ex", "member_function_pointer_ex.vcxproj", "{933F32F7-F6D2-4DCC-9219-E40A23F3C9FF}"
	ProjectSection(ProjectDependencies) = postProject
		{8F066755-2D70-4753-A429-37C6D20A8717} = {8F066755-2D70-4753-A429-37C6D20A8717}
		{6933574F-9248-4CD5-A5A4-D36623EF9198} = {6933574F-9248-4CD5-A5A4-D36623EF9198}
	EndProjectSection
EndProject
Project("{8BC9CEB8-8B4A-11D0-8D11-00A0C91BC942}") = "mlp_ex", "mlp_ex.vcxproj", "{2877CCA2-6DD1-42F9-BA50-FEF4B76D05A9}"
	ProjectSection(ProjectDependencies) = postProject
		{8F066755-2D70-4753-A429-37C6D20A8717} = {8F066755-2D70-4753-A429-37C6D20A8717}
		{6933574F-9248-4CD5-A5A4-D36623EF9198} = {6933574F-9248-4CD5-A5A4-D36623EF9198}
	EndProjectSection
EndProject
Project("{8BC9CEB8-8B4A-11D0-8D11-00A0C91BC942}") = "model_selection_ex", "model_selection_ex.vcxproj", "{A79D2EB0-C4DD-4F49-914A-153D3F3DCECC}"
	ProjectSection(ProjectDependencies) = postProject
		{8F066755-2D70-4753-A429-37C6D20A8717} = {8F066755-2D70-4753-A429-37C6D20A8717}
		{6933574F-9248-4CD5-A5A4-D36623EF9198} = {6933574F-9248-4CD5-A5A4-D36623EF9198}
	EndProjectSection
EndProject
Project("{8BC9CEB8-8B4A-11D0-8D11-00A0C91BC942}") = "mpc_ex", "mpc_ex.vcxproj", "{1D7A50D7-F4C3-4B46-9382-04452D16E849}"
	ProjectSection(ProjectDependencies) = postProject
		{8F066755-2D70-4753-A429-37C6D20A8717} = {8F066755-2D70-4753-A429-37C6D20A8717}
		{6933574F-9248-4CD5-A5A4-D36623EF9198} = {6933574F-9248-4CD5-A5A4-D36623EF9198}
	EndProjectSection
EndProject
Project("{8BC9CEB8-8B4A-11D0-8D11-00A0C91BC942}") = "multiclass_classification_ex", "multiclass_classification_ex.vcxproj", "{E4A199F2-0A8C-4CB7-BFD4-B2DB6F7A70E9}"
	ProjectSection(ProjectDependencies) = postProject
		{8F066755-2D70-4753-A429-37C6D20A8717} = {8F066755-2D70-4753-A429-37C6D20A8717}
		{6933574F-9248-4CD5-A5A4-D36623EF9198} = {6933574F-9248-4CD5-A5A4-D36623EF9198}
	EndProjectSection
EndProject
Project("{8BC9CEB8-8B4A-11D0-8D11-00A0C91BC942}") = "multithreaded_object_ex", "multithreaded_object_ex.vcxproj", "{B4F7FBFE-6361-4309-9CF1-3E1D42491B90}"
	ProjectSection(ProjectDependencies) = postProject
		{8F066755-2D70-4753-A429-37C6D20A8717} = {8F066755-2D70-4753-A429-37C6D20A8717}
		{6933574F-9248-4CD5-A5A4-D36623EF9198} = {6933574F-9248-4CD5-A5A4-D36623EF9198}
	EndProjectSection
EndProject
Project("{8BC9CEB8-8B4A-11D0-8D11-00A0C91BC942}") = "object_detector_advanced_ex", "object_detector_advanced_ex.vcxproj", "{913EE715-3C8D-4E37-9F03-BACC2971A078}"
	ProjectSection(ProjectDependencies) = postProject
		{8F066755-2D70-4753-A429-37C6D20A8717} = {8F066755-2D70-4753-A429-37C6D20A8717}
		{6933574F-9248-4CD5-A5A4-D36623EF9198} = {6933574F-9248-4CD5-A5A4-D36623EF9198}
	EndProjectSection
EndProject
Project("{8BC9CEB8-8B4A-11D0-8D11-00A0C91BC942}") = "object_detector_ex", "object_detector_ex.vcxproj", "{5F99AEBD-B296-4ED7-94FA-F7A562ACF5B8}"
	ProjectSection(ProjectDependencies) = postProject
		{8F066755-2D70-4753-A429-37C6D20A8717} = {8F066755-2D70-4753-A429-37C6D20A8717}
		{6933574F-9248-4CD5-A5A4-D36623EF9198} = {6933574F-9248-4CD5-A5A4-D36623EF9198}
	EndProjectSection
EndProject
Project("{8BC9CEB8-8B4A-11D0-8D11-00A0C91BC942}") = "one_class_classifiers_ex", "one_class_classifiers_ex.vcxproj", "{6614EF0D-859F-41CF-B320-748A66F1EE58}"
	ProjectSection(ProjectDependencies) = postProject
		{8F066755-2D70-4753-A429-37C6D20A8717} = {8F066755-2D70-4753-A429-37C6D20A8717}
		{6933574F-9248-4CD5-A5A4-D36623EF9198} = {6933574F-9248-4CD5-A5A4-D36623EF9198}
	EndProjectSection
EndProject
Project("{8BC9CEB8-8B4A-11D0-8D11-00A0C91BC942}") = "optimization_ex", "optimization_ex.vcxproj", "{5DE29873-C947-4A79-BFBB-6903D1B9DE0B}"
	ProjectSection(ProjectDependencies) = postProject
		{8F066755-2D70-4753-A429-37C6D20A8717} = {8F066755-2D70-4753-A429-37C6D20A8717}
		{6933574F-9248-4CD5-A5A4-D36623EF9198} = {6933574F-9248-4CD5-A5A4-D36623EF9198}
	EndProjectSection
EndProject
Project("{8BC9CEB8-8B4A-11D0-8D11-00A0C91BC942}") = "parallel_for_ex", "parallel_for_ex.vcxproj", "{CC04A272-9E35-4E8C-B220-126AC1718262}"
	ProjectSection(ProjectDependencies) = postProject
		{8F066755-2D70-4753-A429-37C6D20A8717} = {8F066755-2D70-4753-A429-37C6D20A8717}
		{6933574F-9248-4CD5-A5A4-D36623EF9198} = {6933574F-9248-4CD5-A5A4-D36623EF9198}
	EndProjectSection
EndProject
Project("{8BC9CEB8-8B4A-11D0-8D11-00A0C91BC942}") = "pipe_ex", "pipe_ex.vcxproj", "{274080C4-0665-4052-843D-A55B501C645B}"
	ProjectSection(ProjectDependencies) = postProject
		{8F066755-2D70-4753-A429-37C6D20A8717} = {8F066755-2D70-4753-A429-37C6D20A8717}
		{6933574F-9248-4CD5-A5A4-D36623EF9198} = {6933574F-9248-4CD5-A5A4-D36623EF9198}
	EndProjectSection
EndProject
Project("{8BC9CEB8-8B4A-11D0-8D11-00A0C91BC942}") = "pipe_ex_2", "pipe_ex_2.vcxproj", "{2647580C-C451-4E4D-B5E1-6DD070BEFA1F}"
	ProjectSection(ProjectDependencies) = postProject
		{8F066755-2D70-4753-A429-37C6D20A8717} = {8F066755-2D70-4753-A429-37C6D20A8717}
		{6933574F-9248-4CD5-A5A4-D36623EF9198} = {6933574F-9248-4CD5-A5A4-D36623EF9198}
	EndProjectSection
EndProject
Project("{8BC9CEB8-8B4A-11D0-8D11-00A0C91BC942}") = "quantum_computing_ex", "quantum_computing_ex.vcxproj", "{CB9FBE2E-6206-466E-8CE3-220FD5CC8835}"
	ProjectSection(ProjectDependencies) = postProject
		{8F066755-2D70-4753-A429-37C6D20A8717} = {8F066755-2D70-4753-A429-37C6D20A8717}
		{6933574F-9248-4CD5-A5A4-D36623EF9198} = {6933574F-9248-4CD5-A5A4-D36623EF9198}
	EndProjectSection
EndProject
Project("{8BC9CEB8-8B4A-11D0-8D11-00A0C91BC942}") = "queue_ex", "queue_ex.vcxproj", "{19DB1868-76CA-4C05-98EA-8A53159F76C6}"
	ProjectSection(ProjectDependencies) = postProject
		{8F066755-2D70-4753-A429-37C6D20A8717} = {8F066755-2D70-4753-A429-37C6D20A8717}
		{6933574F-9248-4CD5-A5A4-D36623EF9198} = {6933574F-9248-4CD5-A5A4-D36623EF9198}
	EndProjectSection
EndProject
Project("{8BC9CEB8-8B4A-11D0-8D11-00A0C91BC942}") = "rank_features_ex", "rank_features_ex.vcxproj", "{09197C22-D2F5-4551-8D1F-796939D5CAFB}"
	ProjectSection(ProjectDependencies) = postProject
		{8F066755-2D70-4753-A429-37C6D20A8717} = {8F066755-2D70-4753-A429-37C6D20A8717}
		{6933574F-9248-4CD5-A5A4-D36623EF9198} = {6933574F-9248-4CD5-A5A4-D36623EF9198}
	EndProjectSection
EndProject
Project("{8BC9CEB8-8B4A-11D0-8D11-00A0C91BC942}") = "running_stats_ex", "running_stats_ex.vcxproj", "{C34B677D-BE00-45CC-947B-6E40F2C9E3FF}"
	ProjectSection(ProjectDependencies) = postProject
		{8F066755-2D70-4753-A429-37C6D20A8717} = {8F066755-2D70-4753-A429-37C6D20A8717}
		{6933574F-9248-4CD5-A5A4-D36623EF9198} = {6933574F-9248-4CD5-A5A4-D36623EF9198}
	EndProjectSection
EndProject
Project("{8BC9CEB8-8B4A-11D0-8D11-00A0C91BC942}") = "rvm_ex", "rvm_ex.vcxproj", "{DF67931A-B74D-4ECC-B110-3E598272E9E9}"
	ProjectSection(ProjectDependencies) = postProject
		{8F066755-2D70-4753-A429-37C6D20A8717} = {8F066755-2D70-4753-A429-37C6D20A8717}
		{6933574F-9248-4CD5-A5A4-D36623EF9198} = {6933574F-9248-4CD5-A5A4-D36623EF9198}
	EndProjectSection
EndProject
Project("{8BC9CEB8-8B4A-11D0-8D11-00A0C91BC942}") = "rvm_regression_ex", "rvm_regression_ex.vcxproj", "{7DDD3EFE-6855-4EE7-BBB0-3E202363A937}"
	ProjectSection(ProjectDependencies) = postProject
		{8F066755-2D70-4753-A429-37C6D20A8717} = {8F066755-2D70-4753-A429-37C6D20A8717}
		{6933574F-9248-4CD5-A5A4-D36623EF9198} = {6933574F-9248-4CD5-A5A4-D36623EF9198}
	EndProjectSection
EndProject
Project("{8BC9CEB8-8B4A-11D0-8D11-00A0C91BC942}") = "sequence_labeler_ex", "sequence_labeler_ex.vcxproj", "{F9E74447-3D7F-4E19-902D-513DCC337BEC}"
	ProjectSection(ProjectDependencies) = postProject
		{8F066755-2D70-4753-A429-37C6D20A8717} = {8F066755-2D70-4753-A429-37C6D20A8717}
		{6933574F-9248-4CD5-A5A4-D36623EF9198} = {6933574F-9248-4CD5-A5A4-D36623EF9198}
	EndProjectSection
EndProject
Project("{8BC9CEB8-8B4A-11D0-8D11-00A0C91BC942}") = "sequence_segmenter_ex", "sequence_segmenter_ex.vcxproj", "{2A97EDD0-7A8A-4496-89BB-8AE098BC34FE}"
	ProjectSection(ProjectDependencies) = postProject
		{8F066755-2D70-4753-A429-37C6D20A8717} = {8F066755-2D70-4753-A429-37C6D20A8717}
		{6933574F-9248-4CD5-A5A4-D36623EF9198} = {6933574F-9248-4CD5-A5A4-D36623EF9198}
	EndProjectSection
EndProject
Project("{8BC9CEB8-8B4A-11D0-8D11-00A0C91BC942}") = "server_http_ex", "server_http_ex.vcxproj", "{2EDB73D5-286F-4C2D-B7B0-C36299EE08D4}"
	ProjectSection(ProjectDependencies) = postProject
		{8F066755-2D70-4753-A429-37C6D20A8717} = {8F066755-2D70-4753-A429-37C6D20A8717}
		{6933574F-9248-4CD5-A5A4-D36623EF9198} = {6933574F-9248-4CD5-A5A4-D36623EF9198}
	EndProjectSection
EndProject
Project("{8BC9CEB8-8B4A-11D0-8D11-00A0C91BC942}") = "server_iostream_ex", "server_iostream_ex.vcxproj", "{4C9E535F-5B6B-4967-A63A-4BA4C77EE54C}"
	ProjectSection(ProjectDependencies) = postProject
		{8F066755-2D70-4753-A429-37C6D20A8717} = {8F066755-2D70-4753-A429-37C6D20A8717}
		{6933574F-9248-4CD5-A5A4-D36623EF9198} = {6933574F-9248-4CD5-A5A4-D36623EF9198}
	EndProjectSection
EndProject
Project("{8BC9CEB8-8B4A-11D0-8D11-00A0C91BC942}") = "sockets_ex", "sockets_ex.vcxproj", "{E64FF764-41D2-4365-8A65-6A86EB319A6D}"
	ProjectSection(ProjectDependencies) = postProject
		{8F066755-2D70-4753-A429-37C6D20A8717} = {8F066755-2D70-4753-A429-37C6D20A8717}
		{6933574F-9248-4CD5-A5A4-D36623EF9198} = {6933574F-9248-4CD5-A5A4-D36623EF9198}
	EndProjectSection
EndProject
Project("{8BC9CEB8-8B4A-11D0-8D11-00A0C91BC942}") = "sockstreambuf_ex", "sockstreambuf_ex.vcxproj", "{32117B0F-B2CD-4D0F-864B-AD5EC38B6CD5}"
	ProjectSection(ProjectDependencies) = postProject
		{8F066755-2D70-4753-A429-37C6D20A8717} = {8F066755-2D70-4753-A429-37C6D20A8717}
		{6933574F-9248-4CD5-A5A4-D36623EF9198} = {6933574F-9248-4CD5-A5A4-D36623EF9198}
	EndProjectSection
EndProject
Project("{8BC9CEB8-8B4A-11D0-8D11-00A0C91BC942}") = "std_allocator_ex", "std_allocator_ex.vcxproj", "{E9DF41C4-8AF1-4605-B442-8320D52C113F}"
	ProjectSection(ProjectDependencies) = postProject
		{8F066755-2D70-4753-A429-37C6D20A8717} = {8F066755-2D70-4753-A429-37C6D20A8717}
		{6933574F-9248-4CD5-A5A4-D36623EF9198} = {6933574F-9248-4CD5-A5A4-D36623EF9198}
	EndProjectSection
EndProject
Project("{8BC9CEB8-8B4A-11D0-8D11-00A0C91BC942}") = "surf_ex", "surf_ex.vcxproj", "{BB076FB1-BB42-4957-BAA5-9536FD22D2DA}"
	ProjectSection(ProjectDependencies) = postProject
		{8F066755-2D70-4753-A429-37C6D20A8717} = {8F066755-2D70-4753-A429-37C6D20A8717}
		{6933574F-9248-4CD5-A5A4-D36623EF9198} = {6933574F-9248-4CD5-A5A4-D36623EF9198}
	EndProjectSection
EndProject
Project("{8BC9CEB8-8B4A-11D0-8D11-00A0C91BC942}") = "svm_c_ex", "svm_c_ex.vcxproj", "{2B0FF36C-43F5-49E6-9CA9-AD63C8E26C48}"
	ProjectSection(ProjectDependencies) = postProject
		{8F066755-2D70-4753-A429-37C6D20A8717} = {8F066755-2D70-4753-A429-37C6D20A8717}
		{6933574F-9248-4CD5-A5A4-D36623EF9198} = {6933574F-9248-4CD5-A5A4-D36623EF9198}
	EndProjectSection
EndProject
Project("{8BC9CEB8-8B4A-11D0-8D11-00A0C91BC942}") = "svm_ex", "svm_ex.vcxproj", "{B1AB36C8-657A-425E-B2EE-CA92B7460750}"
	ProjectSection(ProjectDependencies) = postProject
		{8F066755-2D70-4753-A429-37C6D20A8717} = {8F066755-2D70-4753-A429-37C6D20A8717}
		{6933574F-9248-4CD5-A5A4-D36623EF9198} = {6933574F-9248-4CD5-A5A4-D36623EF9198}
	EndProjectSection
EndProject
Project("{8BC9CEB8-8B4A-11D0-8D11-00A0C91BC942}") = "svm_pegasos_ex", "svm_pegasos_ex.vcxproj", "{006C0B21-3889-4E90-A497-7844B3D2AE96}"
	ProjectSection(ProjectDependencies) = postProject
		{8F066755-2D70-4753-A429-37C6D20A8717} = {8F066755-2D70-4753-A429-37C6D20A8717}
		{6933574F-9248-4CD5-A5A4-D36623EF9198} = {6933574F-9248-4CD5-A5A4-D36623EF9198}
	EndProjectSection
EndProject
Project("{8BC9CEB8-8B4A-11D0-8D11-00A0C91BC942}") = "svm_rank_ex", "svm_rank_ex.vcxproj", "{D503EFC6-D71E-4FEF-A268-3743CF759C12}"
	ProjectSection(ProjectDependencies) = postProject
		{8F066755-2D70-4753-A429-37C6D20A8717} = {8F066755-2D70-4753-A429-37C6D20A8717}
		{6933574F-9248-4CD5-A5A4-D36623EF9198} = {6933574F-9248-4CD5-A5A4-D36623EF9198}
	EndProjectSection
EndProject
Project("{8BC9CEB8-8B4A-11D0-8D11-00A0C91BC942}") = "svm_sparse_ex", "svm_sparse_ex.vcxproj", "{D4895986-6E57-480E-960B-4E94E677A33C}"
	ProjectSection(ProjectDependencies) = postProject
		{8F066755-2D70-4753-A429-37C6D20A8717} = {8F066755-2D70-4753-A429-37C6D20A8717}
		{6933574F-9248-4CD5-A5A4-D36623EF9198} = {6933574F-9248-4CD5-A5A4-D36623EF9198}
	EndProjectSection
EndProject
Project("{8BC9CEB8-8B4A-11D0-8D11-00A0C91BC942}") = "svm_struct_ex", "svm_struct_ex.vcxproj", "{FC1A3162-183A-4918-97C8-AF7A0BDC93DB}"
	ProjectSection(ProjectDependencies) = postProject
		{8F066755-2D70-4753-A429-37C6D20A8717} = {8F066755-2D70-4753-A429-37C6D20A8717}
		{6933574F-9248-4CD5-A5A4-D36623EF9198} = {6933574F-9248-4CD5-A5A4-D36623EF9198}
	EndProjectSection
EndProject
Project("{8BC9CEB8-8B4A-11D0-8D11-00A0C91BC942}") = "svr_ex", "svr_ex.vcxproj", "{A429A84D-1621-43F2-8D25-2E848B249A70}"
	ProjectSection(ProjectDependencies) = postProject
		{8F066755-2D70-4753-A429-37C6D20A8717} = {8F066755-2D70-4753-A429-37C6D20A8717}
		{6933574F-9248-4CD5-A5A4-D36623EF9198} = {6933574F-9248-4CD5-A5A4-D36623EF9198}
	EndProjectSection
EndProject
Project("{8BC9CEB8-8B4A-11D0-8D11-00A0C91BC942}") = "thread_function_ex", "thread_function_ex.vcxproj", "{95F8BCD4-B8B5-45FE-A026-ED6C406429F7}"
	ProjectSection(ProjectDependencies) = postProject
		{8F066755-2D70-4753-A429-37C6D20A8717} = {8F066755-2D70-4753-A429-37C6D20A8717}
		{6933574F-9248-4CD5-A5A4-D36623EF9198} = {6933574F-9248-4CD5-A5A4-D36623EF9198}
	EndProjectSection
EndProject
Project("{8BC9CEB8-8B4A-11D0-8D11-00A0C91BC942}") = "thread_pool_ex", "thread_pool_ex.vcxproj", "{8D517761-C8DC-44B5-85DE-F945DCF087BA}"
	ProjectSection(ProjectDependencies) = postProject
		{8F066755-2D70-4753-A429-37C6D20A8717} = {8F066755-2D70-4753-A429-37C6D20A8717}
		{6933574F-9248-4CD5-A5A4-D36623EF9198} = {6933574F-9248-4CD5-A5A4-D36623EF9198}
	EndProjectSection
EndProject
Project("{8BC9CEB8-8B4A-11D0-8D11-00A0C91BC942}") = "threaded_object_ex", "threaded_object_ex.vcxproj", "{7822A88F-CF3A-435B-86EB-B2E53507CB6F}"
	ProjectSection(ProjectDependencies) = postProject
		{8F066755-2D70-4753-A429-37C6D20A8717} = {8F066755-2D70-4753-A429-37C6D20A8717}
		{6933574F-9248-4CD5-A5A4-D36623EF9198} = {6933574F-9248-4CD5-A5A4-D36623EF9198}
	EndProjectSection
EndProject
Project("{8BC9CEB8-8B4A-11D0-8D11-00A0C91BC942}") = "threads_ex", "threads_ex.vcxproj", "{DBCFAB8C-21C1-4428-B558-4603CBCDF60A}"
	ProjectSection(ProjectDependencies) = postProject
		{8F066755-2D70-4753-A429-37C6D20A8717} = {8F066755-2D70-4753-A429-37C6D20A8717}
		{6933574F-9248-4CD5-A5A4-D36623EF9198} = {6933574F-9248-4CD5-A5A4-D36623EF9198}
	EndProjectSection
EndProject
Project("{8BC9CEB8-8B4A-11D0-8D11-00A0C91BC942}") = "timer_ex", "timer_ex.vcxproj", "{D98D7F37-9399-4F65-BB6F-439CF68A557E}"
	ProjectSection(ProjectDependencies) = postProject
		{8F066755-2D70-4753-A429-37C6D20A8717} = {8F066755-2D70-4753-A429-37C6D20A8717}
		{6933574F-9248-4CD5-A5A4-D36623EF9198} = {6933574F-9248-4CD5-A5A4-D36623EF9198}
	EndProjectSection
EndProject
Project("{8BC9CEB8-8B4A-11D0-8D11-00A0C91BC942}") = "train_object_detector", "train_object_detector.vcxproj", "{8F03CE3C-B083-4A59-9E0C-25A6F7F50D85}"
	ProjectSection(ProjectDependencies) = postProject
		{8F066755-2D70-4753-A429-37C6D20A8717} = {8F066755-2D70-4753-A429-37C6D20A8717}
		{6933574F-9248-4CD5-A5A4-D36623EF9198} = {6933574F-9248-4CD5-A5A4-D36623EF9198}
	EndProjectSection
EndProject
Project("{8BC9CEB8-8B4A-11D0-8D11-00A0C91BC942}") = "train_shape_predictor_ex", "train_shape_predictor_ex.vcxproj", "{172BB1C0-0B23-40C8-AB16-707A190A92DB}"
	ProjectSection(ProjectDependencies) = postProject
		{8F066755-2D70-4753-A429-37C6D20A8717} = {8F066755-2D70-4753-A429-37C6D20A8717}
		{6933574F-9248-4CD5-A5A4-D36623EF9198} = {6933574F-9248-4CD5-A5A4-D36623EF9198}
	EndProjectSection
EndProject
Project("{8BC9CEB8-8B4A-11D0-8D11-00A0C91BC942}") = "using_custom_kernels_ex", "using_custom_kernels_ex.vcxproj", "{69B55A35-ECFE-47D8-A5DA-7D7D2077F59A}"
	ProjectSection(ProjectDependencies) = postProject
		{8F066755-2D70-4753-A429-37C6D20A8717} = {8F066755-2D70-4753-A429-37C6D20A8717}
		{6933574F-9248-4CD5-A5A4-D36623EF9198} = {6933574F-9248-4CD5-A5A4-D36623EF9198}
	EndProjectSection
EndProject
Project("{8BC9CEB8-8B4A-11D0-8D11-00A0C91BC942}") = "video_tracking_ex", "video_tracking_ex.vcxproj", "{7D4EC659-F472-4E2B-9F20-B87757EC7069}"
	ProjectSection(ProjectDependencies) = postProject
		{8F066755-2D70-4753-A429-37C6D20A8717} = {8F066755-2D70-4753-A429-37C6D20A8717}
		{6933574F-9248-4CD5-A5A4-D36623EF9198} = {6933574F-9248-4CD5-A5A4-D36623EF9198}
	EndProjectSection
EndProject
Project("{8BC9CEB8-8B4A-11D0-8D11-00A0C91BC942}") = "webcam_face_pose_ex", "webcam_face_pose_ex.vcxproj", "{58AF4DE8-8012-47FB-8AD4-4CFD0EA20222}"
	ProjectSection(ProjectDependencies) = postProject
		{8F066755-2D70-4753-A429-37C6D20A8717} = {8F066755-2D70-4753-A429-37C6D20A8717}
		{6933574F-9248-4CD5-A5A4-D36623EF9198} = {6933574F-9248-4CD5-A5A4-D36623EF9198}
	EndProjectSection
EndProject
Project("{8BC9CEB8-8B4A-11D0-8D11-00A0C91BC942}") = "xml_parser_ex", "xml_parser_ex.vcxproj", "{A289D88A-F0B5-4A21-808B-3B4E3FD6E66D}"
	ProjectSection(ProjectDependencies) = postProject
		{8F066755-2D70-4753-A429-37C6D20A8717} = {8F066755-2D70-4753-A429-37C6D20A8717}
		{6933574F-9248-4CD5-A5A4-D36623EF9198} = {6933574F-9248-4CD5-A5A4-D36623EF9198}
	EndProjectSection
EndProject
Global
	GlobalSection(SolutionConfigurationPlatforms) = preSolution
		Debug|Win32 = Debug|Win32
		Release|Win32 = Release|Win32
		MinSizeRel|Win32 = MinSizeRel|Win32
		RelWithDebInfo|Win32 = RelWithDebInfo|Win32
	EndGlobalSection
	GlobalSection(ProjectConfigurationPlatforms) = postSolution
		{83ADD34A-44E7-4F55-9902-0A485BD8CFB3}.Debug|Win32.ActiveCfg = Debug|Win32
		{83ADD34A-44E7-4F55-9902-0A485BD8CFB3}.Release|Win32.ActiveCfg = Release|Win32
		{83ADD34A-44E7-4F55-9902-0A485BD8CFB3}.MinSizeRel|Win32.ActiveCfg = MinSizeRel|Win32
		{83ADD34A-44E7-4F55-9902-0A485BD8CFB3}.RelWithDebInfo|Win32.ActiveCfg = RelWithDebInfo|Win32
		{EB18BCF6-DAAC-4FE3-A1FA-19E1DFC49F15}.Debug|Win32.ActiveCfg = Debug|Win32
		{EB18BCF6-DAAC-4FE3-A1FA-19E1DFC49F15}.Debug|Win32.Build.0 = Debug|Win32
		{EB18BCF6-DAAC-4FE3-A1FA-19E1DFC49F15}.Release|Win32.ActiveCfg = Release|Win32
		{EB18BCF6-DAAC-4FE3-A1FA-19E1DFC49F15}.Release|Win32.Build.0 = Release|Win32
		{EB18BCF6-DAAC-4FE3-A1FA-19E1DFC49F15}.MinSizeRel|Win32.ActiveCfg = MinSizeRel|Win32
		{EB18BCF6-DAAC-4FE3-A1FA-19E1DFC49F15}.MinSizeRel|Win32.Build.0 = MinSizeRel|Win32
		{EB18BCF6-DAAC-4FE3-A1FA-19E1DFC49F15}.RelWithDebInfo|Win32.ActiveCfg = RelWithDebInfo|Win32
		{EB18BCF6-DAAC-4FE3-A1FA-19E1DFC49F15}.RelWithDebInfo|Win32.Build.0 = RelWithDebInfo|Win32
		{8F066755-2D70-4753-A429-37C6D20A8717}.Debug|Win32.ActiveCfg = Debug|Win32
		{8F066755-2D70-4753-A429-37C6D20A8717}.Debug|Win32.Build.0 = Debug|Win32
		{8F066755-2D70-4753-A429-37C6D20A8717}.Release|Win32.ActiveCfg = Release|Win32
		{8F066755-2D70-4753-A429-37C6D20A8717}.Release|Win32.Build.0 = Release|Win32
		{8F066755-2D70-4753-A429-37C6D20A8717}.MinSizeRel|Win32.ActiveCfg = MinSizeRel|Win32
		{8F066755-2D70-4753-A429-37C6D20A8717}.MinSizeRel|Win32.Build.0 = MinSizeRel|Win32
		{8F066755-2D70-4753-A429-37C6D20A8717}.RelWithDebInfo|Win32.ActiveCfg = RelWithDebInfo|Win32
		{8F066755-2D70-4753-A429-37C6D20A8717}.RelWithDebInfo|Win32.Build.0 = RelWithDebInfo|Win32
		{40B70ABE-3B57-4DF6-968F-AFDB4938E626}.Debug|Win32.ActiveCfg = Debug|Win32
		{40B70ABE-3B57-4DF6-968F-AFDB4938E626}.Debug|Win32.Build.0 = Debug|Win32
		{40B70ABE-3B57-4DF6-968F-AFDB4938E626}.Release|Win32.ActiveCfg = Release|Win32
		{40B70ABE-3B57-4DF6-968F-AFDB4938E626}.Release|Win32.Build.0 = Release|Win32
		{40B70ABE-3B57-4DF6-968F-AFDB4938E626}.MinSizeRel|Win32.ActiveCfg = MinSizeRel|Win32
		{40B70ABE-3B57-4DF6-968F-AFDB4938E626}.MinSizeRel|Win32.Build.0 = MinSizeRel|Win32
		{40B70ABE-3B57-4DF6-968F-AFDB4938E626}.RelWithDebInfo|Win32.ActiveCfg = RelWithDebInfo|Win32
		{40B70ABE-3B57-4DF6-968F-AFDB4938E626}.RelWithDebInfo|Win32.Build.0 = RelWithDebInfo|Win32
		{714317A3-D2A5-4858-826E-09F6D53CC1FA}.Debug|Win32.ActiveCfg = Debug|Win32
		{714317A3-D2A5-4858-826E-09F6D53CC1FA}.Debug|Win32.Build.0 = Debug|Win32
		{714317A3-D2A5-4858-826E-09F6D53CC1FA}.Release|Win32.ActiveCfg = Release|Win32
		{714317A3-D2A5-4858-826E-09F6D53CC1FA}.Release|Win32.Build.0 = Release|Win32
		{714317A3-D2A5-4858-826E-09F6D53CC1FA}.MinSizeRel|Win32.ActiveCfg = MinSizeRel|Win32
		{714317A3-D2A5-4858-826E-09F6D53CC1FA}.MinSizeRel|Win32.Build.0 = MinSizeRel|Win32
		{714317A3-D2A5-4858-826E-09F6D53CC1FA}.RelWithDebInfo|Win32.ActiveCfg = RelWithDebInfo|Win32
		{714317A3-D2A5-4858-826E-09F6D53CC1FA}.RelWithDebInfo|Win32.Build.0 = RelWithDebInfo|Win32
		{7BBBC9E2-76B2-4F52-8F0C-6A019FF5CB70}.Debug|Win32.ActiveCfg = Debug|Win32
		{7BBBC9E2-76B2-4F52-8F0C-6A019FF5CB70}.Debug|Win32.Build.0 = Debug|Win32
		{7BBBC9E2-76B2-4F52-8F0C-6A019FF5CB70}.Release|Win32.ActiveCfg = Release|Win32
		{7BBBC9E2-76B2-4F52-8F0C-6A019FF5CB70}.Release|Win32.Build.0 = Release|Win32
		{7BBBC9E2-76B2-4F52-8F0C-6A019FF5CB70}.MinSizeRel|Win32.ActiveCfg = MinSizeRel|Win32
		{7BBBC9E2-76B2-4F52-8F0C-6A019FF5CB70}.MinSizeRel|Win32.Build.0 = MinSizeRel|Win32
		{7BBBC9E2-76B2-4F52-8F0C-6A019FF5CB70}.RelWithDebInfo|Win32.ActiveCfg = RelWithDebInfo|Win32
		{7BBBC9E2-76B2-4F52-8F0C-6A019FF5CB70}.RelWithDebInfo|Win32.Build.0 = RelWithDebInfo|Win32
		{0276D683-7FDE-4A68-9BBC-90FB7995166B}.Debug|Win32.ActiveCfg = Debug|Win32
		{0276D683-7FDE-4A68-9BBC-90FB7995166B}.Debug|Win32.Build.0 = Debug|Win32
		{0276D683-7FDE-4A68-9BBC-90FB7995166B}.Release|Win32.ActiveCfg = Release|Win32
		{0276D683-7FDE-4A68-9BBC-90FB7995166B}.Release|Win32.Build.0 = Release|Win32
		{0276D683-7FDE-4A68-9BBC-90FB7995166B}.MinSizeRel|Win32.ActiveCfg = MinSizeRel|Win32
		{0276D683-7FDE-4A68-9BBC-90FB7995166B}.MinSizeRel|Win32.Build.0 = MinSizeRel|Win32
		{0276D683-7FDE-4A68-9BBC-90FB7995166B}.RelWithDebInfo|Win32.ActiveCfg = RelWithDebInfo|Win32
		{0276D683-7FDE-4A68-9BBC-90FB7995166B}.RelWithDebInfo|Win32.Build.0 = RelWithDebInfo|Win32
		{E8C885C5-4213-4A73-9AD2-04C57B2549BC}.Debug|Win32.ActiveCfg = Debug|Win32
		{E8C885C5-4213-4A73-9AD2-04C57B2549BC}.Debug|Win32.Build.0 = Debug|Win32
		{E8C885C5-4213-4A73-9AD2-04C57B2549BC}.Release|Win32.ActiveCfg = Release|Win32
		{E8C885C5-4213-4A73-9AD2-04C57B2549BC}.Release|Win32.Build.0 = Release|Win32
		{E8C885C5-4213-4A73-9AD2-04C57B2549BC}.MinSizeRel|Win32.ActiveCfg = MinSizeRel|Win32
		{E8C885C5-4213-4A73-9AD2-04C57B2549BC}.MinSizeRel|Win32.Build.0 = MinSizeRel|Win32
		{E8C885C5-4213-4A73-9AD2-04C57B2549BC}.RelWithDebInfo|Win32.ActiveCfg = RelWithDebInfo|Win32
		{E8C885C5-4213-4A73-9AD2-04C57B2549BC}.RelWithDebInfo|Win32.Build.0 = RelWithDebInfo|Win32
		{96EE75B5-C5A2-4BF1-B21E-A09BDFC03B59}.Debug|Win32.ActiveCfg = Debug|Win32
		{96EE75B5-C5A2-4BF1-B21E-A09BDFC03B59}.Debug|Win32.Build.0 = Debug|Win32
		{96EE75B5-C5A2-4BF1-B21E-A09BDFC03B59}.Release|Win32.ActiveCfg = Release|Win32
		{96EE75B5-C5A2-4BF1-B21E-A09BDFC03B59}.Release|Win32.Build.0 = Release|Win32
		{96EE75B5-C5A2-4BF1-B21E-A09BDFC03B59}.MinSizeRel|Win32.ActiveCfg = MinSizeRel|Win32
		{96EE75B5-C5A2-4BF1-B21E-A09BDFC03B59}.MinSizeRel|Win32.Build.0 = MinSizeRel|Win32
		{96EE75B5-C5A2-4BF1-B21E-A09BDFC03B59}.RelWithDebInfo|Win32.ActiveCfg = RelWithDebInfo|Win32
		{96EE75B5-C5A2-4BF1-B21E-A09BDFC03B59}.RelWithDebInfo|Win32.Build.0 = RelWithDebInfo|Win32
		{69B21AF2-CBD0-4F84-B5D1-BD1C859FEE01}.Debug|Win32.ActiveCfg = Debug|Win32
		{69B21AF2-CBD0-4F84-B5D1-BD1C859FEE01}.Debug|Win32.Build.0 = Debug|Win32
		{69B21AF2-CBD0-4F84-B5D1-BD1C859FEE01}.Release|Win32.ActiveCfg = Release|Win32
		{69B21AF2-CBD0-4F84-B5D1-BD1C859FEE01}.Release|Win32.Build.0 = Release|Win32
		{69B21AF2-CBD0-4F84-B5D1-BD1C859FEE01}.MinSizeRel|Win32.ActiveCfg = MinSizeRel|Win32
		{69B21AF2-CBD0-4F84-B5D1-BD1C859FEE01}.MinSizeRel|Win32.Build.0 = MinSizeRel|Win32
		{69B21AF2-CBD0-4F84-B5D1-BD1C859FEE01}.RelWithDebInfo|Win32.ActiveCfg = RelWithDebInfo|Win32
		{69B21AF2-CBD0-4F84-B5D1-BD1C859FEE01}.RelWithDebInfo|Win32.Build.0 = RelWithDebInfo|Win32
		{30E91130-7A77-4FB6-85AC-6952FC47146F}.Debug|Win32.ActiveCfg = Debug|Win32
		{30E91130-7A77-4FB6-85AC-6952FC47146F}.Debug|Win32.Build.0 = Debug|Win32
		{30E91130-7A77-4FB6-85AC-6952FC47146F}.Release|Win32.ActiveCfg = Release|Win32
		{30E91130-7A77-4FB6-85AC-6952FC47146F}.Release|Win32.Build.0 = Release|Win32
		{30E91130-7A77-4FB6-85AC-6952FC47146F}.MinSizeRel|Win32.ActiveCfg = MinSizeRel|Win32
		{30E91130-7A77-4FB6-85AC-6952FC47146F}.MinSizeRel|Win32.Build.0 = MinSizeRel|Win32
		{30E91130-7A77-4FB6-85AC-6952FC47146F}.RelWithDebInfo|Win32.ActiveCfg = RelWithDebInfo|Win32
		{30E91130-7A77-4FB6-85AC-6952FC47146F}.RelWithDebInfo|Win32.Build.0 = RelWithDebInfo|Win32
		{45590790-D161-4BEF-9CA7-0347EEB64E58}.Debug|Win32.ActiveCfg = Debug|Win32
		{45590790-D161-4BEF-9CA7-0347EEB64E58}.Debug|Win32.Build.0 = Debug|Win32
		{45590790-D161-4BEF-9CA7-0347EEB64E58}.Release|Win32.ActiveCfg = Release|Win32
		{45590790-D161-4BEF-9CA7-0347EEB64E58}.Release|Win32.Build.0 = Release|Win32
		{45590790-D161-4BEF-9CA7-0347EEB64E58}.MinSizeRel|Win32.ActiveCfg = MinSizeRel|Win32
		{45590790-D161-4BEF-9CA7-0347EEB64E58}.MinSizeRel|Win32.Build.0 = MinSizeRel|Win32
		{45590790-D161-4BEF-9CA7-0347EEB64E58}.RelWithDebInfo|Win32.ActiveCfg = RelWithDebInfo|Win32
		{45590790-D161-4BEF-9CA7-0347EEB64E58}.RelWithDebInfo|Win32.Build.0 = RelWithDebInfo|Win32
		{38DF53ED-F6E7-4588-9CF7-4167A3FB6BE7}.Debug|Win32.ActiveCfg = Debug|Win32
		{38DF53ED-F6E7-4588-9CF7-4167A3FB6BE7}.Debug|Win32.Build.0 = Debug|Win32
		{38DF53ED-F6E7-4588-9CF7-4167A3FB6BE7}.Release|Win32.ActiveCfg = Release|Win32
		{38DF53ED-F6E7-4588-9CF7-4167A3FB6BE7}.Release|Win32.Build.0 = Release|Win32
		{38DF53ED-F6E7-4588-9CF7-4167A3FB6BE7}.MinSizeRel|Win32.ActiveCfg = MinSizeRel|Win32
		{38DF53ED-F6E7-4588-9CF7-4167A3FB6BE7}.MinSizeRel|Win32.Build.0 = MinSizeRel|Win32
		{38DF53ED-F6E7-4588-9CF7-4167A3FB6BE7}.RelWithDebInfo|Win32.ActiveCfg = RelWithDebInfo|Win32
		{38DF53ED-F6E7-4588-9CF7-4167A3FB6BE7}.RelWithDebInfo|Win32.Build.0 = RelWithDebInfo|Win32
		{6933574F-9248-4CD5-A5A4-D36623EF9198}.Debug|Win32.ActiveCfg = Debug|Win32
		{6933574F-9248-4CD5-A5A4-D36623EF9198}.Debug|Win32.Build.0 = Debug|Win32
		{6933574F-9248-4CD5-A5A4-D36623EF9198}.Release|Win32.ActiveCfg = Release|Win32
		{6933574F-9248-4CD5-A5A4-D36623EF9198}.Release|Win32.Build.0 = Release|Win32
		{6933574F-9248-4CD5-A5A4-D36623EF9198}.MinSizeRel|Win32.ActiveCfg = MinSizeRel|Win32
		{6933574F-9248-4CD5-A5A4-D36623EF9198}.MinSizeRel|Win32.Build.0 = MinSizeRel|Win32
		{6933574F-9248-4CD5-A5A4-D36623EF9198}.RelWithDebInfo|Win32.ActiveCfg = RelWithDebInfo|Win32
		{6933574F-9248-4CD5-A5A4-D36623EF9198}.RelWithDebInfo|Win32.Build.0 = RelWithDebInfo|Win32
		{F0A58D05-4A8F-47B6-BB85-3BF29F954073}.Debug|Win32.ActiveCfg = Debug|Win32
		{F0A58D05-4A8F-47B6-BB85-3BF29F954073}.Debug|Win32.Build.0 = Debug|Win32
		{F0A58D05-4A8F-47B6-BB85-3BF29F954073}.Release|Win32.ActiveCfg = Release|Win32
		{F0A58D05-4A8F-47B6-BB85-3BF29F954073}.Release|Win32.Build.0 = Release|Win32
		{F0A58D05-4A8F-47B6-BB85-3BF29F954073}.MinSizeRel|Win32.ActiveCfg = MinSizeRel|Win32
		{F0A58D05-4A8F-47B6-BB85-3BF29F954073}.MinSizeRel|Win32.Build.0 = MinSizeRel|Win32
		{F0A58D05-4A8F-47B6-BB85-3BF29F954073}.RelWithDebInfo|Win32.ActiveCfg = RelWithDebInfo|Win32
		{F0A58D05-4A8F-47B6-BB85-3BF29F954073}.RelWithDebInfo|Win32.Build.0 = RelWithDebInfo|Win32
		{6027C02D-BC0D-4C47-ABDA-6DE325D7408B}.Debug|Win32.ActiveCfg = Debug|Win32
		{6027C02D-BC0D-4C47-ABDA-6DE325D7408B}.Debug|Win32.Build.0 = Debug|Win32
		{6027C02D-BC0D-4C47-ABDA-6DE325D7408B}.Release|Win32.ActiveCfg = Release|Win32
		{6027C02D-BC0D-4C47-ABDA-6DE325D7408B}.Release|Win32.Build.0 = Release|Win32
		{6027C02D-BC0D-4C47-ABDA-6DE325D7408B}.MinSizeRel|Win32.ActiveCfg = MinSizeRel|Win32
		{6027C02D-BC0D-4C47-ABDA-6DE325D7408B}.MinSizeRel|Win32.Build.0 = MinSizeRel|Win32
		{6027C02D-BC0D-4C47-ABDA-6DE325D7408B}.RelWithDebInfo|Win32.ActiveCfg = RelWithDebInfo|Win32
		{6027C02D-BC0D-4C47-ABDA-6DE325D7408B}.RelWithDebInfo|Win32.Build.0 = RelWithDebInfo|Win32
		{8ED36684-F4AC-49B0-BBF1-CE81266185C7}.Debug|Win32.ActiveCfg = Debug|Win32
		{8ED36684-F4AC-49B0-BBF1-CE81266185C7}.Debug|Win32.Build.0 = Debug|Win32
		{8ED36684-F4AC-49B0-BBF1-CE81266185C7}.Release|Win32.ActiveCfg = Release|Win32
		{8ED36684-F4AC-49B0-BBF1-CE81266185C7}.Release|Win32.Build.0 = Release|Win32
		{8ED36684-F4AC-49B0-BBF1-CE81266185C7}.MinSizeRel|Win32.ActiveCfg = MinSizeRel|Win32
		{8ED36684-F4AC-49B0-BBF1-CE81266185C7}.MinSizeRel|Win32.Build.0 = MinSizeRel|Win32
		{8ED36684-F4AC-49B0-BBF1-CE81266185C7}.RelWithDebInfo|Win32.ActiveCfg = RelWithDebInfo|Win32
		{8ED36684-F4AC-49B0-BBF1-CE81266185C7}.RelWithDebInfo|Win32.Build.0 = RelWithDebInfo|Win32
		{7AD0BEEA-AF08-4397-87A1-18F786292C2C}.Debug|Win32.ActiveCfg = Debug|Win32
		{7AD0BEEA-AF08-4397-87A1-18F786292C2C}.Debug|Win32.Build.0 = Debug|Win32
		{7AD0BEEA-AF08-4397-87A1-18F786292C2C}.Release|Win32.ActiveCfg = Release|Win32
		{7AD0BEEA-AF08-4397-87A1-18F786292C2C}.Release|Win32.Build.0 = Release|Win32
		{7AD0BEEA-AF08-4397-87A1-18F786292C2C}.MinSizeRel|Win32.ActiveCfg = MinSizeRel|Win32
		{7AD0BEEA-AF08-4397-87A1-18F786292C2C}.MinSizeRel|Win32.Build.0 = MinSizeRel|Win32
		{7AD0BEEA-AF08-4397-87A1-18F786292C2C}.RelWithDebInfo|Win32.ActiveCfg = RelWithDebInfo|Win32
		{7AD0BEEA-AF08-4397-87A1-18F786292C2C}.RelWithDebInfo|Win32.Build.0 = RelWithDebInfo|Win32
		{68B5D168-A190-4FBB-8DC5-781835194CAF}.Debug|Win32.ActiveCfg = Debug|Win32
		{68B5D168-A190-4FBB-8DC5-781835194CAF}.Debug|Win32.Build.0 = Debug|Win32
		{68B5D168-A190-4FBB-8DC5-781835194CAF}.Release|Win32.ActiveCfg = Release|Win32
		{68B5D168-A190-4FBB-8DC5-781835194CAF}.Release|Win32.Build.0 = Release|Win32
		{68B5D168-A190-4FBB-8DC5-781835194CAF}.MinSizeRel|Win32.ActiveCfg = MinSizeRel|Win32
		{68B5D168-A190-4FBB-8DC5-781835194CAF}.MinSizeRel|Win32.Build.0 = MinSizeRel|Win32
		{68B5D168-A190-4FBB-8DC5-781835194CAF}.RelWithDebInfo|Win32.ActiveCfg = RelWithDebInfo|Win32
		{68B5D168-A190-4FBB-8DC5-781835194CAF}.RelWithDebInfo|Win32.Build.0 = RelWithDebInfo|Win32
		{3A5534AC-D05C-4093-AEB8-624BA7FCF1C1}.Debug|Win32.ActiveCfg = Debug|Win32
		{3A5534AC-D05C-4093-AEB8-624BA7FCF1C1}.Debug|Win32.Build.0 = Debug|Win32
		{3A5534AC-D05C-4093-AEB8-624BA7FCF1C1}.Release|Win32.ActiveCfg = Release|Win32
		{3A5534AC-D05C-4093-AEB8-624BA7FCF1C1}.Release|Win32.Build.0 = Release|Win32
		{3A5534AC-D05C-4093-AEB8-624BA7FCF1C1}.MinSizeRel|Win32.ActiveCfg = MinSizeRel|Win32
		{3A5534AC-D05C-4093-AEB8-624BA7FCF1C1}.MinSizeRel|Win32.Build.0 = MinSizeRel|Win32
		{3A5534AC-D05C-4093-AEB8-624BA7FCF1C1}.RelWithDebInfo|Win32.ActiveCfg = RelWithDebInfo|Win32
		{3A5534AC-D05C-4093-AEB8-624BA7FCF1C1}.RelWithDebInfo|Win32.Build.0 = RelWithDebInfo|Win32
		{B7DEA785-3D00-465A-B13F-D54B770FC1C4}.Debug|Win32.ActiveCfg = Debug|Win32
		{B7DEA785-3D00-465A-B13F-D54B770FC1C4}.Debug|Win32.Build.0 = Debug|Win32
		{B7DEA785-3D00-465A-B13F-D54B770FC1C4}.Release|Win32.ActiveCfg = Release|Win32
		{B7DEA785-3D00-465A-B13F-D54B770FC1C4}.Release|Win32.Build.0 = Release|Win32
		{B7DEA785-3D00-465A-B13F-D54B770FC1C4}.MinSizeRel|Win32.ActiveCfg = MinSizeRel|Win32
		{B7DEA785-3D00-465A-B13F-D54B770FC1C4}.MinSizeRel|Win32.Build.0 = MinSizeRel|Win32
		{B7DEA785-3D00-465A-B13F-D54B770FC1C4}.RelWithDebInfo|Win32.ActiveCfg = RelWithDebInfo|Win32
		{B7DEA785-3D00-465A-B13F-D54B770FC1C4}.RelWithDebInfo|Win32.Build.0 = RelWithDebInfo|Win32
		{EFC82D15-A0D9-4F0C-B9B2-F359EEAF02F8}.Debug|Win32.ActiveCfg = Debug|Win32
		{EFC82D15-A0D9-4F0C-B9B2-F359EEAF02F8}.Debug|Win32.Build.0 = Debug|Win32
		{EFC82D15-A0D9-4F0C-B9B2-F359EEAF02F8}.Release|Win32.ActiveCfg = Release|Win32
		{EFC82D15-A0D9-4F0C-B9B2-F359EEAF02F8}.Release|Win32.Build.0 = Release|Win32
		{EFC82D15-A0D9-4F0C-B9B2-F359EEAF02F8}.MinSizeRel|Win32.ActiveCfg = MinSizeRel|Win32
		{EFC82D15-A0D9-4F0C-B9B2-F359EEAF02F8}.MinSizeRel|Win32.Build.0 = MinSizeRel|Win32
		{EFC82D15-A0D9-4F0C-B9B2-F359EEAF02F8}.RelWithDebInfo|Win32.ActiveCfg = RelWithDebInfo|Win32
		{EFC82D15-A0D9-4F0C-B9B2-F359EEAF02F8}.RelWithDebInfo|Win32.Build.0 = RelWithDebInfo|Win32
		{EC1764E9-2139-44D5-94C2-E9E2BEC15EBD}.Debug|Win32.ActiveCfg = Debug|Win32
		{EC1764E9-2139-44D5-94C2-E9E2BEC15EBD}.Debug|Win32.Build.0 = Debug|Win32
		{EC1764E9-2139-44D5-94C2-E9E2BEC15EBD}.Release|Win32.ActiveCfg = Release|Win32
		{EC1764E9-2139-44D5-94C2-E9E2BEC15EBD}.Release|Win32.Build.0 = Release|Win32
		{EC1764E9-2139-44D5-94C2-E9E2BEC15EBD}.MinSizeRel|Win32.ActiveCfg = MinSizeRel|Win32
		{EC1764E9-2139-44D5-94C2-E9E2BEC15EBD}.MinSizeRel|Win32.Build.0 = MinSizeRel|Win32
		{EC1764E9-2139-44D5-94C2-E9E2BEC15EBD}.RelWithDebInfo|Win32.ActiveCfg = RelWithDebInfo|Win32
		{EC1764E9-2139-44D5-94C2-E9E2BEC15EBD}.RelWithDebInfo|Win32.Build.0 = RelWithDebInfo|Win32
		{6853901F-BFB5-41CE-99CE-8D0D6F63F522}.Debug|Win32.ActiveCfg = Debug|Win32
		{6853901F-BFB5-41CE-99CE-8D0D6F63F522}.Debug|Win32.Build.0 = Debug|Win32
		{6853901F-BFB5-41CE-99CE-8D0D6F63F522}.Release|Win32.ActiveCfg = Release|Win32
		{6853901F-BFB5-41CE-99CE-8D0D6F63F522}.Release|Win32.Build.0 = Release|Win32
		{6853901F-BFB5-41CE-99CE-8D0D6F63F522}.MinSizeRel|Win32.ActiveCfg = MinSizeRel|Win32
		{6853901F-BFB5-41CE-99CE-8D0D6F63F522}.MinSizeRel|Win32.Build.0 = MinSizeRel|Win32
		{6853901F-BFB5-41CE-99CE-8D0D6F63F522}.RelWithDebInfo|Win32.ActiveCfg = RelWithDebInfo|Win32
		{6853901F-BFB5-41CE-99CE-8D0D6F63F522}.RelWithDebInfo|Win32.Build.0 = RelWithDebInfo|Win32
		{CDF4CEAB-F8C1-484B-A683-6E2B01C88465}.Debug|Win32.ActiveCfg = Debug|Win32
		{CDF4CEAB-F8C1-484B-A683-6E2B01C88465}.Debug|Win32.Build.0 = Debug|Win32
		{CDF4CEAB-F8C1-484B-A683-6E2B01C88465}.Release|Win32.ActiveCfg = Release|Win32
		{CDF4CEAB-F8C1-484B-A683-6E2B01C88465}.Release|Win32.Build.0 = Release|Win32
		{CDF4CEAB-F8C1-484B-A683-6E2B01C88465}.MinSizeRel|Win32.ActiveCfg = MinSizeRel|Win32
		{CDF4CEAB-F8C1-484B-A683-6E2B01C88465}.MinSizeRel|Win32.Build.0 = MinSizeRel|Win32
		{CDF4CEAB-F8C1-484B-A683-6E2B01C88465}.RelWithDebInfo|Win32.ActiveCfg = RelWithDebInfo|Win32
		{CDF4CEAB-F8C1-484B-A683-6E2B01C88465}.RelWithDebInfo|Win32.Build.0 = RelWithDebInfo|Win32
		{572713EE-C648-4A60-B902-2A84A0681C16}.Debug|Win32.ActiveCfg = Debug|Win32
		{572713EE-C648-4A60-B902-2A84A0681C16}.Debug|Win32.Build.0 = Debug|Win32
		{572713EE-C648-4A60-B902-2A84A0681C16}.Release|Win32.ActiveCfg = Release|Win32
		{572713EE-C648-4A60-B902-2A84A0681C16}.Release|Win32.Build.0 = Release|Win32
		{572713EE-C648-4A60-B902-2A84A0681C16}.MinSizeRel|Win32.ActiveCfg = MinSizeRel|Win32
		{572713EE-C648-4A60-B902-2A84A0681C16}.MinSizeRel|Win32.Build.0 = MinSizeRel|Win32
		{572713EE-C648-4A60-B902-2A84A0681C16}.RelWithDebInfo|Win32.ActiveCfg = RelWithDebInfo|Win32
		{572713EE-C648-4A60-B902-2A84A0681C16}.RelWithDebInfo|Win32.Build.0 = RelWithDebInfo|Win32
		{B8729D62-0C90-4D8C-9610-E856262B40F7}.Debug|Win32.ActiveCfg = Debug|Win32
		{B8729D62-0C90-4D8C-9610-E856262B40F7}.Debug|Win32.Build.0 = Debug|Win32
		{B8729D62-0C90-4D8C-9610-E856262B40F7}.Release|Win32.ActiveCfg = Release|Win32
		{B8729D62-0C90-4D8C-9610-E856262B40F7}.Release|Win32.Build.0 = Release|Win32
		{B8729D62-0C90-4D8C-9610-E856262B40F7}.MinSizeRel|Win32.ActiveCfg = MinSizeRel|Win32
		{B8729D62-0C90-4D8C-9610-E856262B40F7}.MinSizeRel|Win32.Build.0 = MinSizeRel|Win32
		{B8729D62-0C90-4D8C-9610-E856262B40F7}.RelWithDebInfo|Win32.ActiveCfg = RelWithDebInfo|Win32
		{B8729D62-0C90-4D8C-9610-E856262B40F7}.RelWithDebInfo|Win32.Build.0 = RelWithDebInfo|Win32
		{4A4EDB1C-4E23-4EC8-8F0B-68D750A4D732}.Debug|Win32.ActiveCfg = Debug|Win32
		{4A4EDB1C-4E23-4EC8-8F0B-68D750A4D732}.Debug|Win32.Build.0 = Debug|Win32
		{4A4EDB1C-4E23-4EC8-8F0B-68D750A4D732}.Release|Win32.ActiveCfg = Release|Win32
		{4A4EDB1C-4E23-4EC8-8F0B-68D750A4D732}.Release|Win32.Build.0 = Release|Win32
		{4A4EDB1C-4E23-4EC8-8F0B-68D750A4D732}.MinSizeRel|Win32.ActiveCfg = MinSizeRel|Win32
		{4A4EDB1C-4E23-4EC8-8F0B-68D750A4D732}.MinSizeRel|Win32.Build.0 = MinSizeRel|Win32
		{4A4EDB1C-4E23-4EC8-8F0B-68D750A4D732}.RelWithDebInfo|Win32.ActiveCfg = RelWithDebInfo|Win32
		{4A4EDB1C-4E23-4EC8-8F0B-68D750A4D732}.RelWithDebInfo|Win32.Build.0 = RelWithDebInfo|Win32
		{E3BD71D0-A8F3-49FC-89BC-D65CA343C301}.Debug|Win32.ActiveCfg = Debug|Win32
		{E3BD71D0-A8F3-49FC-89BC-D65CA343C301}.Debug|Win32.Build.0 = Debug|Win32
		{E3BD71D0-A8F3-49FC-89BC-D65CA343C301}.Release|Win32.ActiveCfg = Release|Win32
		{E3BD71D0-A8F3-49FC-89BC-D65CA343C301}.Release|Win32.Build.0 = Release|Win32
		{E3BD71D0-A8F3-49FC-89BC-D65CA343C301}.MinSizeRel|Win32.ActiveCfg = MinSizeRel|Win32
		{E3BD71D0-A8F3-49FC-89BC-D65CA343C301}.MinSizeRel|Win32.Build.0 = MinSizeRel|Win32
		{E3BD71D0-A8F3-49FC-89BC-D65CA343C301}.RelWithDebInfo|Win32.ActiveCfg = RelWithDebInfo|Win32
		{E3BD71D0-A8F3-49FC-89BC-D65CA343C301}.RelWithDebInfo|Win32.Build.0 = RelWithDebInfo|Win32
		{716BAEF9-615E-4BCB-BF5F-2428180DFE8E}.Debug|Win32.ActiveCfg = Debug|Win32
		{716BAEF9-615E-4BCB-BF5F-2428180DFE8E}.Debug|Win32.Build.0 = Debug|Win32
		{716BAEF9-615E-4BCB-BF5F-2428180DFE8E}.Release|Win32.ActiveCfg = Release|Win32
		{716BAEF9-615E-4BCB-BF5F-2428180DFE8E}.Release|Win32.Build.0 = Release|Win32
		{716BAEF9-615E-4BCB-BF5F-2428180DFE8E}.MinSizeRel|Win32.ActiveCfg = MinSizeRel|Win32
		{716BAEF9-615E-4BCB-BF5F-2428180DFE8E}.MinSizeRel|Win32.Build.0 = MinSizeRel|Win32
		{716BAEF9-615E-4BCB-BF5F-2428180DFE8E}.RelWithDebInfo|Win32.ActiveCfg = RelWithDebInfo|Win32
		{716BAEF9-615E-4BCB-BF5F-2428180DFE8E}.RelWithDebInfo|Win32.Build.0 = RelWithDebInfo|Win32
		{B5AA1973-D4A6-4D10-9811-60570195A72B}.Debug|Win32.ActiveCfg = Debug|Win32
		{B5AA1973-D4A6-4D10-9811-60570195A72B}.Debug|Win32.Build.0 = Debug|Win32
		{B5AA1973-D4A6-4D10-9811-60570195A72B}.Release|Win32.ActiveCfg = Release|Win32
		{B5AA1973-D4A6-4D10-9811-60570195A72B}.Release|Win32.Build.0 = Release|Win32
		{B5AA1973-D4A6-4D10-9811-60570195A72B}.MinSizeRel|Win32.ActiveCfg = MinSizeRel|Win32
		{B5AA1973-D4A6-4D10-9811-60570195A72B}.MinSizeRel|Win32.Build.0 = MinSizeRel|Win32
		{B5AA1973-D4A6-4D10-9811-60570195A72B}.RelWithDebInfo|Win32.ActiveCfg = RelWithDebInfo|Win32
		{B5AA1973-D4A6-4D10-9811-60570195A72B}.RelWithDebInfo|Win32.Build.0 = RelWithDebInfo|Win32
		{E6C44155-FC17-4C6C-AD15-B91A082FEE0B}.Debug|Win32.ActiveCfg = Debug|Win32
		{E6C44155-FC17-4C6C-AD15-B91A082FEE0B}.Debug|Win32.Build.0 = Debug|Win32
		{E6C44155-FC17-4C6C-AD15-B91A082FEE0B}.Release|Win32.ActiveCfg = Release|Win32
		{E6C44155-FC17-4C6C-AD15-B91A082FEE0B}.Release|Win32.Build.0 = Release|Win32
		{E6C44155-FC17-4C6C-AD15-B91A082FEE0B}.MinSizeRel|Win32.ActiveCfg = MinSizeRel|Win32
		{E6C44155-FC17-4C6C-AD15-B91A082FEE0B}.MinSizeRel|Win32.Build.0 = MinSizeRel|Win32
		{E6C44155-FC17-4C6C-AD15-B91A082FEE0B}.RelWithDebInfo|Win32.ActiveCfg = RelWithDebInfo|Win32
		{E6C44155-FC17-4C6C-AD15-B91A082FEE0B}.RelWithDebInfo|Win32.Build.0 = RelWithDebInfo|Win32
		{98C28799-00DC-4EC8-A69A-A6B442852267}.Debug|Win32.ActiveCfg = Debug|Win32
		{98C28799-00DC-4EC8-A69A-A6B442852267}.Debug|Win32.Build.0 = Debug|Win32
		{98C28799-00DC-4EC8-A69A-A6B442852267}.Release|Win32.ActiveCfg = Release|Win32
		{98C28799-00DC-4EC8-A69A-A6B442852267}.Release|Win32.Build.0 = Release|Win32
		{98C28799-00DC-4EC8-A69A-A6B442852267}.MinSizeRel|Win32.ActiveCfg = MinSizeRel|Win32
		{98C28799-00DC-4EC8-A69A-A6B442852267}.MinSizeRel|Win32.Build.0 = MinSizeRel|Win32
		{98C28799-00DC-4EC8-A69A-A6B442852267}.RelWithDebInfo|Win32.ActiveCfg = RelWithDebInfo|Win32
		{98C28799-00DC-4EC8-A69A-A6B442852267}.RelWithDebInfo|Win32.Build.0 = RelWithDebInfo|Win32
		{3323F0D3-1D5D-42F8-81C3-F5973A6BC9D7}.Debug|Win32.ActiveCfg = Debug|Win32
		{3323F0D3-1D5D-42F8-81C3-F5973A6BC9D7}.Debug|Win32.Build.0 = Debug|Win32
		{3323F0D3-1D5D-42F8-81C3-F5973A6BC9D7}.Release|Win32.ActiveCfg = Release|Win32
		{3323F0D3-1D5D-42F8-81C3-F5973A6BC9D7}.Release|Win32.Build.0 = Release|Win32
		{3323F0D3-1D5D-42F8-81C3-F5973A6BC9D7}.MinSizeRel|Win32.ActiveCfg = MinSizeRel|Win32
		{3323F0D3-1D5D-42F8-81C3-F5973A6BC9D7}.MinSizeRel|Win32.Build.0 = MinSizeRel|Win32
		{3323F0D3-1D5D-42F8-81C3-F5973A6BC9D7}.RelWithDebInfo|Win32.ActiveCfg = RelWithDebInfo|Win32
		{3323F0D3-1D5D-42F8-81C3-F5973A6BC9D7}.RelWithDebInfo|Win32.Build.0 = RelWithDebInfo|Win32
		{09F98E3C-30A8-4FED-B3BE-336DD28FEE82}.Debug|Win32.ActiveCfg = Debug|Win32
		{09F98E3C-30A8-4FED-B3BE-336DD28FEE82}.Debug|Win32.Build.0 = Debug|Win32
		{09F98E3C-30A8-4FED-B3BE-336DD28FEE82}.Release|Win32.ActiveCfg = Release|Win32
		{09F98E3C-30A8-4FED-B3BE-336DD28FEE82}.Release|Win32.Build.0 = Release|Win32
		{09F98E3C-30A8-4FED-B3BE-336DD28FEE82}.MinSizeRel|Win32.ActiveCfg = MinSizeRel|Win32
		{09F98E3C-30A8-4FED-B3BE-336DD28FEE82}.MinSizeRel|Win32.Build.0 = MinSizeRel|Win32
		{09F98E3C-30A8-4FED-B3BE-336DD28FEE82}.RelWithDebInfo|Win32.ActiveCfg = RelWithDebInfo|Win32
		{09F98E3C-30A8-4FED-B3BE-336DD28FEE82}.RelWithDebInfo|Win32.Build.0 = RelWithDebInfo|Win32
		{30250D6E-A99D-4330-B361-26D8C7505EA8}.Debug|Win32.ActiveCfg = Debug|Win32
		{30250D6E-A99D-4330-B361-26D8C7505EA8}.Debug|Win32.Build.0 = Debug|Win32
		{30250D6E-A99D-4330-B361-26D8C7505EA8}.Release|Win32.ActiveCfg = Release|Win32
		{30250D6E-A99D-4330-B361-26D8C7505EA8}.Release|Win32.Build.0 = Release|Win32
		{30250D6E-A99D-4330-B361-26D8C7505EA8}.MinSizeRel|Win32.ActiveCfg = MinSizeRel|Win32
		{30250D6E-A99D-4330-B361-26D8C7505EA8}.MinSizeRel|Win32.Build.0 = MinSizeRel|Win32
		{30250D6E-A99D-4330-B361-26D8C7505EA8}.RelWithDebInfo|Win32.ActiveCfg = RelWithDebInfo|Win32
		{30250D6E-A99D-4330-B361-26D8C7505EA8}.RelWithDebInfo|Win32.Build.0 = RelWithDebInfo|Win32
		{5DB3D5FD-D889-402B-AB88-16FCC88C3977}.Debug|Win32.ActiveCfg = Debug|Win32
		{5DB3D5FD-D889-402B-AB88-16FCC88C3977}.Debug|Win32.Build.0 = Debug|Win32
		{5DB3D5FD-D889-402B-AB88-16FCC88C3977}.Release|Win32.ActiveCfg = Release|Win32
		{5DB3D5FD-D889-402B-AB88-16FCC88C3977}.Release|Win32.Build.0 = Release|Win32
		{5DB3D5FD-D889-402B-AB88-16FCC88C3977}.MinSizeRel|Win32.ActiveCfg = MinSizeRel|Win32
		{5DB3D5FD-D889-402B-AB88-16FCC88C3977}.MinSizeRel|Win32.Build.0 = MinSizeRel|Win32
		{5DB3D5FD-D889-402B-AB88-16FCC88C3977}.RelWithDebInfo|Win32.ActiveCfg = RelWithDebInfo|Win32
		{5DB3D5FD-D889-402B-AB88-16FCC88C3977}.RelWithDebInfo|Win32.Build.0 = RelWithDebInfo|Win32
		{80CE034C-1D2D-42CD-80D8-274E2FCCEEA2}.Debug|Win32.ActiveCfg = Debug|Win32
		{80CE034C-1D2D-42CD-80D8-274E2FCCEEA2}.Debug|Win32.Build.0 = Debug|Win32
		{80CE034C-1D2D-42CD-80D8-274E2FCCEEA2}.Release|Win32.ActiveCfg = Release|Win32
		{80CE034C-1D2D-42CD-80D8-274E2FCCEEA2}.Release|Win32.Build.0 = Release|Win32
		{80CE034C-1D2D-42CD-80D8-274E2FCCEEA2}.MinSizeRel|Win32.ActiveCfg = MinSizeRel|Win32
		{80CE034C-1D2D-42CD-80D8-274E2FCCEEA2}.MinSizeRel|Win32.Build.0 = MinSizeRel|Win32
		{80CE034C-1D2D-42CD-80D8-274E2FCCEEA2}.RelWithDebInfo|Win32.ActiveCfg = RelWithDebInfo|Win32
		{80CE034C-1D2D-42CD-80D8-274E2FCCEEA2}.RelWithDebInfo|Win32.Build.0 = RelWithDebInfo|Win32
		{7CF54D24-045F-47F7-B49B-72D5F818A48B}.Debug|Win32.ActiveCfg = Debug|Win32
		{7CF54D24-045F-47F7-B49B-72D5F818A48B}.Debug|Win32.Build.0 = Debug|Win32
		{7CF54D24-045F-47F7-B49B-72D5F818A48B}.Release|Win32.ActiveCfg = Release|Win32
		{7CF54D24-045F-47F7-B49B-72D5F818A48B}.Release|Win32.Build.0 = Release|Win32
		{7CF54D24-045F-47F7-B49B-72D5F818A48B}.MinSizeRel|Win32.ActiveCfg = MinSizeRel|Win32
		{7CF54D24-045F-47F7-B49B-72D5F818A48B}.MinSizeRel|Win32.Build.0 = MinSizeRel|Win32
		{7CF54D24-045F-47F7-B49B-72D5F818A48B}.RelWithDebInfo|Win32.ActiveCfg = RelWithDebInfo|Win32
		{7CF54D24-045F-47F7-B49B-72D5F818A48B}.RelWithDebInfo|Win32.Build.0 = RelWithDebInfo|Win32
		{4FA28298-C8DF-44DE-AB0A-BBA174A479C8}.Debug|Win32.ActiveCfg = Debug|Win32
		{4FA28298-C8DF-44DE-AB0A-BBA174A479C8}.Debug|Win32.Build.0 = Debug|Win32
		{4FA28298-C8DF-44DE-AB0A-BBA174A479C8}.Release|Win32.ActiveCfg = Release|Win32
		{4FA28298-C8DF-44DE-AB0A-BBA174A479C8}.Release|Win32.Build.0 = Release|Win32
		{4FA28298-C8DF-44DE-AB0A-BBA174A479C8}.MinSizeRel|Win32.ActiveCfg = MinSizeRel|Win32
		{4FA28298-C8DF-44DE-AB0A-BBA174A479C8}.MinSizeRel|Win32.Build.0 = MinSizeRel|Win32
		{4FA28298-C8DF-44DE-AB0A-BBA174A479C8}.RelWithDebInfo|Win32.ActiveCfg = RelWithDebInfo|Win32
		{4FA28298-C8DF-44DE-AB0A-BBA174A479C8}.RelWithDebInfo|Win32.Build.0 = RelWithDebInfo|Win32
		{3A8560BD-0D31-499C-BE95-12490A844BC3}.Debug|Win32.ActiveCfg = Debug|Win32
		{3A8560BD-0D31-499C-BE95-12490A844BC3}.Debug|Win32.Build.0 = Debug|Win32
		{3A8560BD-0D31-499C-BE95-12490A844BC3}.Release|Win32.ActiveCfg = Release|Win32
		{3A8560BD-0D31-499C-BE95-12490A844BC3}.Release|Win32.Build.0 = Release|Win32
		{3A8560BD-0D31-499C-BE95-12490A844BC3}.MinSizeRel|Win32.ActiveCfg = MinSizeRel|Win32
		{3A8560BD-0D31-499C-BE95-12490A844BC3}.MinSizeRel|Win32.Build.0 = MinSizeRel|Win32
		{3A8560BD-0D31-499C-BE95-12490A844BC3}.RelWithDebInfo|Win32.ActiveCfg = RelWithDebInfo|Win32
		{3A8560BD-0D31-499C-BE95-12490A844BC3}.RelWithDebInfo|Win32.Build.0 = RelWithDebInfo|Win32
		{933F32F7-F6D2-4DCC-9219-E40A23F3C9FF}.Debug|Win32.ActiveCfg = Debug|Win32
		{933F32F7-F6D2-4DCC-9219-E40A23F3C9FF}.Debug|Win32.Build.0 = Debug|Win32
		{933F32F7-F6D2-4DCC-9219-E40A23F3C9FF}.Release|Win32.ActiveCfg = Release|Win32
		{933F32F7-F6D2-4DCC-9219-E40A23F3C9FF}.Release|Win32.Build.0 = Release|Win32
		{933F32F7-F6D2-4DCC-9219-E40A23F3C9FF}.MinSizeRel|Win32.ActiveCfg = MinSizeRel|Win32
		{933F32F7-F6D2-4DCC-9219-E40A23F3C9FF}.MinSizeRel|Win32.Build.0 = MinSizeRel|Win32
		{933F32F7-F6D2-4DCC-9219-E40A23F3C9FF}.RelWithDebInfo|Win32.ActiveCfg = RelWithDebInfo|Win32
		{933F32F7-F6D2-4DCC-9219-E40A23F3C9FF}.RelWithDebInfo|Win32.Build.0 = RelWithDebInfo|Win32
		{2877CCA2-6DD1-42F9-BA50-FEF4B76D05A9}.Debug|Win32.ActiveCfg = Debug|Win32
		{2877CCA2-6DD1-42F9-BA50-FEF4B76D05A9}.Debug|Win32.Build.0 = Debug|Win32
		{2877CCA2-6DD1-42F9-BA50-FEF4B76D05A9}.Release|Win32.ActiveCfg = Release|Win32
		{2877CCA2-6DD1-42F9-BA50-FEF4B76D05A9}.Release|Win32.Build.0 = Release|Win32
		{2877CCA2-6DD1-42F9-BA50-FEF4B76D05A9}.MinSizeRel|Win32.ActiveCfg = MinSizeRel|Win32
		{2877CCA2-6DD1-42F9-BA50-FEF4B76D05A9}.MinSizeRel|Win32.Build.0 = MinSizeRel|Win32
		{2877CCA2-6DD1-42F9-BA50-FEF4B76D05A9}.RelWithDebInfo|Win32.ActiveCfg = RelWithDebInfo|Win32
		{2877CCA2-6DD1-42F9-BA50-FEF4B76D05A9}.RelWithDebInfo|Win32.Build.0 = RelWithDebInfo|Win32
		{A79D2EB0-C4DD-4F49-914A-153D3F3DCECC}.Debug|Win32.ActiveCfg = Debug|Win32
		{A79D2EB0-C4DD-4F49-914A-153D3F3DCECC}.Debug|Win32.Build.0 = Debug|Win32
		{A79D2EB0-C4DD-4F49-914A-153D3F3DCECC}.Release|Win32.ActiveCfg = Release|Win32
		{A79D2EB0-C4DD-4F49-914A-153D3F3DCECC}.Release|Win32.Build.0 = Release|Win32
		{A79D2EB0-C4DD-4F49-914A-153D3F3DCECC}.MinSizeRel|Win32.ActiveCfg = MinSizeRel|Win32
		{A79D2EB0-C4DD-4F49-914A-153D3F3DCECC}.MinSizeRel|Win32.Build.0 = MinSizeRel|Win32
		{A79D2EB0-C4DD-4F49-914A-153D3F3DCECC}.RelWithDebInfo|Win32.ActiveCfg = RelWithDebInfo|Win32
		{A79D2EB0-C4DD-4F49-914A-153D3F3DCECC}.RelWithDebInfo|Win32.Build.0 = RelWithDebInfo|Win32
		{1D7A50D7-F4C3-4B46-9382-04452D16E849}.Debug|Win32.ActiveCfg = Debug|Win32
		{1D7A50D7-F4C3-4B46-9382-04452D16E849}.Debug|Win32.Build.0 = Debug|Win32
		{1D7A50D7-F4C3-4B46-9382-04452D16E849}.Release|Win32.ActiveCfg = Release|Win32
		{1D7A50D7-F4C3-4B46-9382-04452D16E849}.Release|Win32.Build.0 = Release|Win32
		{1D7A50D7-F4C3-4B46-9382-04452D16E849}.MinSizeRel|Win32.ActiveCfg = MinSizeRel|Win32
		{1D7A50D7-F4C3-4B46-9382-04452D16E849}.MinSizeRel|Win32.Build.0 = MinSizeRel|Win32
		{1D7A50D7-F4C3-4B46-9382-04452D16E849}.RelWithDebInfo|Win32.ActiveCfg = RelWithDebInfo|Win32
		{1D7A50D7-F4C3-4B46-9382-04452D16E849}.RelWithDebInfo|Win32.Build.0 = RelWithDebInfo|Win32
		{E4A199F2-0A8C-4CB7-BFD4-B2DB6F7A70E9}.Debug|Win32.ActiveCfg = Debug|Win32
		{E4A199F2-0A8C-4CB7-BFD4-B2DB6F7A70E9}.Debug|Win32.Build.0 = Debug|Win32
		{E4A199F2-0A8C-4CB7-BFD4-B2DB6F7A70E9}.Release|Win32.ActiveCfg = Release|Win32
		{E4A199F2-0A8C-4CB7-BFD4-B2DB6F7A70E9}.Release|Win32.Build.0 = Release|Win32
		{E4A199F2-0A8C-4CB7-BFD4-B2DB6F7A70E9}.MinSizeRel|Win32.ActiveCfg = MinSizeRel|Win32
		{E4A199F2-0A8C-4CB7-BFD4-B2DB6F7A70E9}.MinSizeRel|Win32.Build.0 = MinSizeRel|Win32
		{E4A199F2-0A8C-4CB7-BFD4-B2DB6F7A70E9}.RelWithDebInfo|Win32.ActiveCfg = RelWithDebInfo|Win32
		{E4A199F2-0A8C-4CB7-BFD4-B2DB6F7A70E9}.RelWithDebInfo|Win32.Build.0 = RelWithDebInfo|Win32
		{B4F7FBFE-6361-4309-9CF1-3E1D42491B90}.Debug|Win32.ActiveCfg = Debug|Win32
		{B4F7FBFE-6361-4309-9CF1-3E1D42491B90}.Debug|Win32.Build.0 = Debug|Win32
		{B4F7FBFE-6361-4309-9CF1-3E1D42491B90}.Release|Win32.ActiveCfg = Release|Win32
		{B4F7FBFE-6361-4309-9CF1-3E1D42491B90}.Release|Win32.Build.0 = Release|Win32
		{B4F7FBFE-6361-4309-9CF1-3E1D42491B90}.MinSizeRel|Win32.ActiveCfg = MinSizeRel|Win32
		{B4F7FBFE-6361-4309-9CF1-3E1D42491B90}.MinSizeRel|Win32.Build.0 = MinSizeRel|Win32
		{B4F7FBFE-6361-4309-9CF1-3E1D42491B90}.RelWithDebInfo|Win32.ActiveCfg = RelWithDebInfo|Win32
		{B4F7FBFE-6361-4309-9CF1-3E1D42491B90}.RelWithDebInfo|Win32.Build.0 = RelWithDebInfo|Win32
		{913EE715-3C8D-4E37-9F03-BACC2971A078}.Debug|Win32.ActiveCfg = Debug|Win32
		{913EE715-3C8D-4E37-9F03-BACC2971A078}.Debug|Win32.Build.0 = Debug|Win32
		{913EE715-3C8D-4E37-9F03-BACC2971A078}.Release|Win32.ActiveCfg = Release|Win32
		{913EE715-3C8D-4E37-9F03-BACC2971A078}.Release|Win32.Build.0 = Release|Win32
		{913EE715-3C8D-4E37-9F03-BACC2971A078}.MinSizeRel|Win32.ActiveCfg = MinSizeRel|Win32
		{913EE715-3C8D-4E37-9F03-BACC2971A078}.MinSizeRel|Win32.Build.0 = MinSizeRel|Win32
		{913EE715-3C8D-4E37-9F03-BACC2971A078}.RelWithDebInfo|Win32.ActiveCfg = RelWithDebInfo|Win32
		{913EE715-3C8D-4E37-9F03-BACC2971A078}.RelWithDebInfo|Win32.Build.0 = RelWithDebInfo|Win32
		{5F99AEBD-B296-4ED7-94FA-F7A562ACF5B8}.Debug|Win32.ActiveCfg = Debug|Win32
		{5F99AEBD-B296-4ED7-94FA-F7A562ACF5B8}.Debug|Win32.Build.0 = Debug|Win32
		{5F99AEBD-B296-4ED7-94FA-F7A562ACF5B8}.Release|Win32.ActiveCfg = Release|Win32
		{5F99AEBD-B296-4ED7-94FA-F7A562ACF5B8}.Release|Win32.Build.0 = Release|Win32
		{5F99AEBD-B296-4ED7-94FA-F7A562ACF5B8}.MinSizeRel|Win32.ActiveCfg = MinSizeRel|Win32
		{5F99AEBD-B296-4ED7-94FA-F7A562ACF5B8}.MinSizeRel|Win32.Build.0 = MinSizeRel|Win32
		{5F99AEBD-B296-4ED7-94FA-F7A562ACF5B8}.RelWithDebInfo|Win32.ActiveCfg = RelWithDebInfo|Win32
		{5F99AEBD-B296-4ED7-94FA-F7A562ACF5B8}.RelWithDebInfo|Win32.Build.0 = RelWithDebInfo|Win32
		{6614EF0D-859F-41CF-B320-748A66F1EE58}.Debug|Win32.ActiveCfg = Debug|Win32
		{6614EF0D-859F-41CF-B320-748A66F1EE58}.Debug|Win32.Build.0 = Debug|Win32
		{6614EF0D-859F-41CF-B320-748A66F1EE58}.Release|Win32.ActiveCfg = Release|Win32
		{6614EF0D-859F-41CF-B320-748A66F1EE58}.Release|Win32.Build.0 = Release|Win32
		{6614EF0D-859F-41CF-B320-748A66F1EE58}.MinSizeRel|Win32.ActiveCfg = MinSizeRel|Win32
		{6614EF0D-859F-41CF-B320-748A66F1EE58}.MinSizeRel|Win32.Build.0 = MinSizeRel|Win32
		{6614EF0D-859F-41CF-B320-748A66F1EE58}.RelWithDebInfo|Win32.ActiveCfg = RelWithDebInfo|Win32
		{6614EF0D-859F-41CF-B320-748A66F1EE58}.RelWithDebInfo|Win32.Build.0 = RelWithDebInfo|Win32
		{5DE29873-C947-4A79-BFBB-6903D1B9DE0B}.Debug|Win32.ActiveCfg = Debug|Win32
		{5DE29873-C947-4A79-BFBB-6903D1B9DE0B}.Debug|Win32.Build.0 = Debug|Win32
		{5DE29873-C947-4A79-BFBB-6903D1B9DE0B}.Release|Win32.ActiveCfg = Release|Win32
		{5DE29873-C947-4A79-BFBB-6903D1B9DE0B}.Release|Win32.Build.0 = Release|Win32
		{5DE29873-C947-4A79-BFBB-6903D1B9DE0B}.MinSizeRel|Win32.ActiveCfg = MinSizeRel|Win32
		{5DE29873-C947-4A79-BFBB-6903D1B9DE0B}.MinSizeRel|Win32.Build.0 = MinSizeRel|Win32
		{5DE29873-C947-4A79-BFBB-6903D1B9DE0B}.RelWithDebInfo|Win32.ActiveCfg = RelWithDebInfo|Win32
		{5DE29873-C947-4A79-BFBB-6903D1B9DE0B}.RelWithDebInfo|Win32.Build.0 = RelWithDebInfo|Win32
		{CC04A272-9E35-4E8C-B220-126AC1718262}.Debug|Win32.ActiveCfg = Debug|Win32
		{CC04A272-9E35-4E8C-B220-126AC1718262}.Debug|Win32.Build.0 = Debug|Win32
		{CC04A272-9E35-4E8C-B220-126AC1718262}.Release|Win32.ActiveCfg = Release|Win32
		{CC04A272-9E35-4E8C-B220-126AC1718262}.Release|Win32.Build.0 = Release|Win32
		{CC04A272-9E35-4E8C-B220-126AC1718262}.MinSizeRel|Win32.ActiveCfg = MinSizeRel|Win32
		{CC04A272-9E35-4E8C-B220-126AC1718262}.MinSizeRel|Win32.Build.0 = MinSizeRel|Win32
		{CC04A272-9E35-4E8C-B220-126AC1718262}.RelWithDebInfo|Win32.ActiveCfg = RelWithDebInfo|Win32
		{CC04A272-9E35-4E8C-B220-126AC1718262}.RelWithDebInfo|Win32.Build.0 = RelWithDebInfo|Win32
		{274080C4-0665-4052-843D-A55B501C645B}.Debug|Win32.ActiveCfg = Debug|Win32
		{274080C4-0665-4052-843D-A55B501C645B}.Debug|Win32.Build.0 = Debug|Win32
		{274080C4-0665-4052-843D-A55B501C645B}.Release|Win32.ActiveCfg = Release|Win32
		{274080C4-0665-4052-843D-A55B501C645B}.Release|Win32.Build.0 = Release|Win32
		{274080C4-0665-4052-843D-A55B501C645B}.MinSizeRel|Win32.ActiveCfg = MinSizeRel|Win32
		{274080C4-0665-4052-843D-A55B501C645B}.MinSizeRel|Win32.Build.0 = MinSizeRel|Win32
		{274080C4-0665-4052-843D-A55B501C645B}.RelWithDebInfo|Win32.ActiveCfg = RelWithDebInfo|Win32
		{274080C4-0665-4052-843D-A55B501C645B}.RelWithDebInfo|Win32.Build.0 = RelWithDebInfo|Win32
		{2647580C-C451-4E4D-B5E1-6DD070BEFA1F}.Debug|Win32.ActiveCfg = Debug|Win32
		{2647580C-C451-4E4D-B5E1-6DD070BEFA1F}.Debug|Win32.Build.0 = Debug|Win32
		{2647580C-C451-4E4D-B5E1-6DD070BEFA1F}.Release|Win32.ActiveCfg = Release|Win32
		{2647580C-C451-4E4D-B5E1-6DD070BEFA1F}.Release|Win32.Build.0 = Release|Win32
		{2647580C-C451-4E4D-B5E1-6DD070BEFA1F}.MinSizeRel|Win32.ActiveCfg = MinSizeRel|Win32
		{2647580C-C451-4E4D-B5E1-6DD070BEFA1F}.MinSizeRel|Win32.Build.0 = MinSizeRel|Win32
		{2647580C-C451-4E4D-B5E1-6DD070BEFA1F}.RelWithDebInfo|Win32.ActiveCfg = RelWithDebInfo|Win32
		{2647580C-C451-4E4D-B5E1-6DD070BEFA1F}.RelWithDebInfo|Win32.Build.0 = RelWithDebInfo|Win32
		{CB9FBE2E-6206-466E-8CE3-220FD5CC8835}.Debug|Win32.ActiveCfg = Debug|Win32
		{CB9FBE2E-6206-466E-8CE3-220FD5CC8835}.Debug|Win32.Build.0 = Debug|Win32
		{CB9FBE2E-6206-466E-8CE3-220FD5CC8835}.Release|Win32.ActiveCfg = Release|Win32
		{CB9FBE2E-6206-466E-8CE3-220FD5CC8835}.Release|Win32.Build.0 = Release|Win32
		{CB9FBE2E-6206-466E-8CE3-220FD5CC8835}.MinSizeRel|Win32.ActiveCfg = MinSizeRel|Win32
		{CB9FBE2E-6206-466E-8CE3-220FD5CC8835}.MinSizeRel|Win32.Build.0 = MinSizeRel|Win32
		{CB9FBE2E-6206-466E-8CE3-220FD5CC8835}.RelWithDebInfo|Win32.ActiveCfg = RelWithDebInfo|Win32
		{CB9FBE2E-6206-466E-8CE3-220FD5CC8835}.RelWithDebInfo|Win32.Build.0 = RelWithDebInfo|Win32
		{19DB1868-76CA-4C05-98EA-8A53159F76C6}.Debug|Win32.ActiveCfg = Debug|Win32
		{19DB1868-76CA-4C05-98EA-8A53159F76C6}.Debug|Win32.Build.0 = Debug|Win32
		{19DB1868-76CA-4C05-98EA-8A53159F76C6}.Release|Win32.ActiveCfg = Release|Win32
		{19DB1868-76CA-4C05-98EA-8A53159F76C6}.Release|Win32.Build.0 = Release|Win32
		{19DB1868-76CA-4C05-98EA-8A53159F76C6}.MinSizeRel|Win32.ActiveCfg = MinSizeRel|Win32
		{19DB1868-76CA-4C05-98EA-8A53159F76C6}.MinSizeRel|Win32.Build.0 = MinSizeRel|Win32
		{19DB1868-76CA-4C05-98EA-8A53159F76C6}.RelWithDebInfo|Win32.ActiveCfg = RelWithDebInfo|Win32
		{19DB1868-76CA-4C05-98EA-8A53159F76C6}.RelWithDebInfo|Win32.Build.0 = RelWithDebInfo|Win32
		{09197C22-D2F5-4551-8D1F-796939D5CAFB}.Debug|Win32.ActiveCfg = Debug|Win32
		{09197C22-D2F5-4551-8D1F-796939D5CAFB}.Debug|Win32.Build.0 = Debug|Win32
		{09197C22-D2F5-4551-8D1F-796939D5CAFB}.Release|Win32.ActiveCfg = Release|Win32
		{09197C22-D2F5-4551-8D1F-796939D5CAFB}.Release|Win32.Build.0 = Release|Win32
		{09197C22-D2F5-4551-8D1F-796939D5CAFB}.MinSizeRel|Win32.ActiveCfg = MinSizeRel|Win32
		{09197C22-D2F5-4551-8D1F-796939D5CAFB}.MinSizeRel|Win32.Build.0 = MinSizeRel|Win32
		{09197C22-D2F5-4551-8D1F-796939D5CAFB}.RelWithDebInfo|Win32.ActiveCfg = RelWithDebInfo|Win32
		{09197C22-D2F5-4551-8D1F-796939D5CAFB}.RelWithDebInfo|Win32.Build.0 = RelWithDebInfo|Win32
		{C34B677D-BE00-45CC-947B-6E40F2C9E3FF}.Debug|Win32.ActiveCfg = Debug|Win32
		{C34B677D-BE00-45CC-947B-6E40F2C9E3FF}.Debug|Win32.Build.0 = Debug|Win32
		{C34B677D-BE00-45CC-947B-6E40F2C9E3FF}.Release|Win32.ActiveCfg = Release|Win32
		{C34B677D-BE00-45CC-947B-6E40F2C9E3FF}.Release|Win32.Build.0 = Release|Win32
		{C34B677D-BE00-45CC-947B-6E40F2C9E3FF}.MinSizeRel|Win32.ActiveCfg = MinSizeRel|Win32
		{C34B677D-BE00-45CC-947B-6E40F2C9E3FF}.MinSizeRel|Win32.Build.0 = MinSizeRel|Win32
		{C34B677D-BE00-45CC-947B-6E40F2C9E3FF}.RelWithDebInfo|Win32.ActiveCfg = RelWithDebInfo|Win32
		{C34B677D-BE00-45CC-947B-6E40F2C9E3FF}.RelWithDebInfo|Win32.Build.0 = RelWithDebInfo|Win32
		{DF67931A-B74D-4ECC-B110-3E598272E9E9}.Debug|Win32.ActiveCfg = Debug|Win32
		{DF67931A-B74D-4ECC-B110-3E598272E9E9}.Debug|Win32.Build.0 = Debug|Win32
		{DF67931A-B74D-4ECC-B110-3E598272E9E9}.Release|Win32.ActiveCfg = Release|Win32
		{DF67931A-B74D-4ECC-B110-3E598272E9E9}.Release|Win32.Build.0 = Release|Win32
		{DF67931A-B74D-4ECC-B110-3E598272E9E9}.MinSizeRel|Win32.ActiveCfg = MinSizeRel|Win32
		{DF67931A-B74D-4ECC-B110-3E598272E9E9}.MinSizeRel|Win32.Build.0 = MinSizeRel|Win32
		{DF67931A-B74D-4ECC-B110-3E598272E9E9}.RelWithDebInfo|Win32.ActiveCfg = RelWithDebInfo|Win32
		{DF67931A-B74D-4ECC-B110-3E598272E9E9}.RelWithDebInfo|Win32.Build.0 = RelWithDebInfo|Win32
		{7DDD3EFE-6855-4EE7-BBB0-3E202363A937}.Debug|Win32.ActiveCfg = Debug|Win32
		{7DDD3EFE-6855-4EE7-BBB0-3E202363A937}.Debug|Win32.Build.0 = Debug|Win32
		{7DDD3EFE-6855-4EE7-BBB0-3E202363A937}.Release|Win32.ActiveCfg = Release|Win32
		{7DDD3EFE-6855-4EE7-BBB0-3E202363A937}.Release|Win32.Build.0 = Release|Win32
		{7DDD3EFE-6855-4EE7-BBB0-3E202363A937}.MinSizeRel|Win32.ActiveCfg = MinSizeRel|Win32
		{7DDD3EFE-6855-4EE7-BBB0-3E202363A937}.MinSizeRel|Win32.Build.0 = MinSizeRel|Win32
		{7DDD3EFE-6855-4EE7-BBB0-3E202363A937}.RelWithDebInfo|Win32.ActiveCfg = RelWithDebInfo|Win32
		{7DDD3EFE-6855-4EE7-BBB0-3E202363A937}.RelWithDebInfo|Win32.Build.0 = RelWithDebInfo|Win32
		{F9E74447-3D7F-4E19-902D-513DCC337BEC}.Debug|Win32.ActiveCfg = Debug|Win32
		{F9E74447-3D7F-4E19-902D-513DCC337BEC}.Debug|Win32.Build.0 = Debug|Win32
		{F9E74447-3D7F-4E19-902D-513DCC337BEC}.Release|Win32.ActiveCfg = Release|Win32
		{F9E74447-3D7F-4E19-902D-513DCC337BEC}.Release|Win32.Build.0 = Release|Win32
		{F9E74447-3D7F-4E19-902D-513DCC337BEC}.MinSizeRel|Win32.ActiveCfg = MinSizeRel|Win32
		{F9E74447-3D7F-4E19-902D-513DCC337BEC}.MinSizeRel|Win32.Build.0 = MinSizeRel|Win32
		{F9E74447-3D7F-4E19-902D-513DCC337BEC}.RelWithDebInfo|Win32.ActiveCfg = RelWithDebInfo|Win32
		{F9E74447-3D7F-4E19-902D-513DCC337BEC}.RelWithDebInfo|Win32.Build.0 = RelWithDebInfo|Win32
		{2A97EDD0-7A8A-4496-89BB-8AE098BC34FE}.Debug|Win32.ActiveCfg = Debug|Win32
		{2A97EDD0-7A8A-4496-89BB-8AE098BC34FE}.Debug|Win32.Build.0 = Debug|Win32
		{2A97EDD0-7A8A-4496-89BB-8AE098BC34FE}.Release|Win32.ActiveCfg = Release|Win32
		{2A97EDD0-7A8A-4496-89BB-8AE098BC34FE}.Release|Win32.Build.0 = Release|Win32
		{2A97EDD0-7A8A-4496-89BB-8AE098BC34FE}.MinSizeRel|Win32.ActiveCfg = MinSizeRel|Win32
		{2A97EDD0-7A8A-4496-89BB-8AE098BC34FE}.MinSizeRel|Win32.Build.0 = MinSizeRel|Win32
		{2A97EDD0-7A8A-4496-89BB-8AE098BC34FE}.RelWithDebInfo|Win32.ActiveCfg = RelWithDebInfo|Win32
		{2A97EDD0-7A8A-4496-89BB-8AE098BC34FE}.RelWithDebInfo|Win32.Build.0 = RelWithDebInfo|Win32
		{2EDB73D5-286F-4C2D-B7B0-C36299EE08D4}.Debug|Win32.ActiveCfg = Debug|Win32
		{2EDB73D5-286F-4C2D-B7B0-C36299EE08D4}.Debug|Win32.Build.0 = Debug|Win32
		{2EDB73D5-286F-4C2D-B7B0-C36299EE08D4}.Release|Win32.ActiveCfg = Release|Win32
		{2EDB73D5-286F-4C2D-B7B0-C36299EE08D4}.Release|Win32.Build.0 = Release|Win32
		{2EDB73D5-286F-4C2D-B7B0-C36299EE08D4}.MinSizeRel|Win32.ActiveCfg = MinSizeRel|Win32
		{2EDB73D5-286F-4C2D-B7B0-C36299EE08D4}.MinSizeRel|Win32.Build.0 = MinSizeRel|Win32
		{2EDB73D5-286F-4C2D-B7B0-C36299EE08D4}.RelWithDebInfo|Win32.ActiveCfg = RelWithDebInfo|Win32
		{2EDB73D5-286F-4C2D-B7B0-C36299EE08D4}.RelWithDebInfo|Win32.Build.0 = RelWithDebInfo|Win32
		{4C9E535F-5B6B-4967-A63A-4BA4C77EE54C}.Debug|Win32.ActiveCfg = Debug|Win32
		{4C9E535F-5B6B-4967-A63A-4BA4C77EE54C}.Debug|Win32.Build.0 = Debug|Win32
		{4C9E535F-5B6B-4967-A63A-4BA4C77EE54C}.Release|Win32.ActiveCfg = Release|Win32
		{4C9E535F-5B6B-4967-A63A-4BA4C77EE54C}.Release|Win32.Build.0 = Release|Win32
		{4C9E535F-5B6B-4967-A63A-4BA4C77EE54C}.MinSizeRel|Win32.ActiveCfg = MinSizeRel|Win32
		{4C9E535F-5B6B-4967-A63A-4BA4C77EE54C}.MinSizeRel|Win32.Build.0 = MinSizeRel|Win32
		{4C9E535F-5B6B-4967-A63A-4BA4C77EE54C}.RelWithDebInfo|Win32.ActiveCfg = RelWithDebInfo|Win32
		{4C9E535F-5B6B-4967-A63A-4BA4C77EE54C}.RelWithDebInfo|Win32.Build.0 = RelWithDebInfo|Win32
		{E64FF764-41D2-4365-8A65-6A86EB319A6D}.Debug|Win32.ActiveCfg = Debug|Win32
		{E64FF764-41D2-4365-8A65-6A86EB319A6D}.Debug|Win32.Build.0 = Debug|Win32
		{E64FF764-41D2-4365-8A65-6A86EB319A6D}.Release|Win32.ActiveCfg = Release|Win32
		{E64FF764-41D2-4365-8A65-6A86EB319A6D}.Release|Win32.Build.0 = Release|Win32
		{E64FF764-41D2-4365-8A65-6A86EB319A6D}.MinSizeRel|Win32.ActiveCfg = MinSizeRel|Win32
		{E64FF764-41D2-4365-8A65-6A86EB319A6D}.MinSizeRel|Win32.Build.0 = MinSizeRel|Win32
		{E64FF764-41D2-4365-8A65-6A86EB319A6D}.RelWithDebInfo|Win32.ActiveCfg = RelWithDebInfo|Win32
		{E64FF764-41D2-4365-8A65-6A86EB319A6D}.RelWithDebInfo|Win32.Build.0 = RelWithDebInfo|Win32
		{32117B0F-B2CD-4D0F-864B-AD5EC38B6CD5}.Debug|Win32.ActiveCfg = Debug|Win32
		{32117B0F-B2CD-4D0F-864B-AD5EC38B6CD5}.Debug|Win32.Build.0 = Debug|Win32
		{32117B0F-B2CD-4D0F-864B-AD5EC38B6CD5}.Release|Win32.ActiveCfg = Release|Win32
		{32117B0F-B2CD-4D0F-864B-AD5EC38B6CD5}.Release|Win32.Build.0 = Release|Win32
		{32117B0F-B2CD-4D0F-864B-AD5EC38B6CD5}.MinSizeRel|Win32.ActiveCfg = MinSizeRel|Win32
		{32117B0F-B2CD-4D0F-864B-AD5EC38B6CD5}.MinSizeRel|Win32.Build.0 = MinSizeRel|Win32
		{32117B0F-B2CD-4D0F-864B-AD5EC38B6CD5}.RelWithDebInfo|Win32.ActiveCfg = RelWithDebInfo|Win32
		{32117B0F-B2CD-4D0F-864B-AD5EC38B6CD5}.RelWithDebInfo|Win32.Build.0 = RelWithDebInfo|Win32
		{E9DF41C4-8AF1-4605-B442-8320D52C113F}.Debug|Win32.ActiveCfg = Debug|Win32
		{E9DF41C4-8AF1-4605-B442-8320D52C113F}.Debug|Win32.Build.0 = Debug|Win32
		{E9DF41C4-8AF1-4605-B442-8320D52C113F}.Release|Win32.ActiveCfg = Release|Win32
		{E9DF41C4-8AF1-4605-B442-8320D52C113F}.Release|Win32.Build.0 = Release|Win32
		{E9DF41C4-8AF1-4605-B442-8320D52C113F}.MinSizeRel|Win32.ActiveCfg = MinSizeRel|Win32
		{E9DF41C4-8AF1-4605-B442-8320D52C113F}.MinSizeRel|Win32.Build.0 = MinSizeRel|Win32
		{E9DF41C4-8AF1-4605-B442-8320D52C113F}.RelWithDebInfo|Win32.ActiveCfg = RelWithDebInfo|Win32
		{E9DF41C4-8AF1-4605-B442-8320D52C113F}.RelWithDebInfo|Win32.Build.0 = RelWithDebInfo|Win32
		{BB076FB1-BB42-4957-BAA5-9536FD22D2DA}.Debug|Win32.ActiveCfg = Debug|Win32
		{BB076FB1-BB42-4957-BAA5-9536FD22D2DA}.Debug|Win32.Build.0 = Debug|Win32
		{BB076FB1-BB42-4957-BAA5-9536FD22D2DA}.Release|Win32.ActiveCfg = Release|Win32
		{BB076FB1-BB42-4957-BAA5-9536FD22D2DA}.Release|Win32.Build.0 = Release|Win32
		{BB076FB1-BB42-4957-BAA5-9536FD22D2DA}.MinSizeRel|Win32.ActiveCfg = MinSizeRel|Win32
		{BB076FB1-BB42-4957-BAA5-9536FD22D2DA}.MinSizeRel|Win32.Build.0 = MinSizeRel|Win32
		{BB076FB1-BB42-4957-BAA5-9536FD22D2DA}.RelWithDebInfo|Win32.ActiveCfg = RelWithDebInfo|Win32
		{BB076FB1-BB42-4957-BAA5-9536FD22D2DA}.RelWithDebInfo|Win32.Build.0 = RelWithDebInfo|Win32
		{2B0FF36C-43F5-49E6-9CA9-AD63C8E26C48}.Debug|Win32.ActiveCfg = Debug|Win32
		{2B0FF36C-43F5-49E6-9CA9-AD63C8E26C48}.Debug|Win32.Build.0 = Debug|Win32
		{2B0FF36C-43F5-49E6-9CA9-AD63C8E26C48}.Release|Win32.ActiveCfg = Release|Win32
		{2B0FF36C-43F5-49E6-9CA9-AD63C8E26C48}.Release|Win32.Build.0 = Release|Win32
		{2B0FF36C-43F5-49E6-9CA9-AD63C8E26C48}.MinSizeRel|Win32.ActiveCfg = MinSizeRel|Win32
		{2B0FF36C-43F5-49E6-9CA9-AD63C8E26C48}.MinSizeRel|Win32.Build.0 = MinSizeRel|Win32
		{2B0FF36C-43F5-49E6-9CA9-AD63C8E26C48}.RelWithDebInfo|Win32.ActiveCfg = RelWithDebInfo|Win32
		{2B0FF36C-43F5-49E6-9CA9-AD63C8E26C48}.RelWithDebInfo|Win32.Build.0 = RelWithDebInfo|Win32
		{B1AB36C8-657A-425E-B2EE-CA92B7460750}.Debug|Win32.ActiveCfg = Debug|Win32
		{B1AB36C8-657A-425E-B2EE-CA92B7460750}.Debug|Win32.Build.0 = Debug|Win32
		{B1AB36C8-657A-425E-B2EE-CA92B7460750}.Release|Win32.ActiveCfg = Release|Win32
		{B1AB36C8-657A-425E-B2EE-CA92B7460750}.Release|Win32.Build.0 = Release|Win32
		{B1AB36C8-657A-425E-B2EE-CA92B7460750}.MinSizeRel|Win32.ActiveCfg = MinSizeRel|Win32
		{B1AB36C8-657A-425E-B2EE-CA92B7460750}.MinSizeRel|Win32.Build.0 = MinSizeRel|Win32
		{B1AB36C8-657A-425E-B2EE-CA92B7460750}.RelWithDebInfo|Win32.ActiveCfg = RelWithDebInfo|Win32
		{B1AB36C8-657A-425E-B2EE-CA92B7460750}.RelWithDebInfo|Win32.Build.0 = RelWithDebInfo|Win32
		{006C0B21-3889-4E90-A497-7844B3D2AE96}.Debug|Win32.ActiveCfg = Debug|Win32
		{006C0B21-3889-4E90-A497-7844B3D2AE96}.Debug|Win32.Build.0 = Debug|Win32
		{006C0B21-3889-4E90-A497-7844B3D2AE96}.Release|Win32.ActiveCfg = Release|Win32
		{006C0B21-3889-4E90-A497-7844B3D2AE96}.Release|Win32.Build.0 = Release|Win32
		{006C0B21-3889-4E90-A497-7844B3D2AE96}.MinSizeRel|Win32.ActiveCfg = MinSizeRel|Win32
		{006C0B21-3889-4E90-A497-7844B3D2AE96}.MinSizeRel|Win32.Build.0 = MinSizeRel|Win32
		{006C0B21-3889-4E90-A497-7844B3D2AE96}.RelWithDebInfo|Win32.ActiveCfg = RelWithDebInfo|Win32
		{006C0B21-3889-4E90-A497-7844B3D2AE96}.RelWithDebInfo|Win32.Build.0 = RelWithDebInfo|Win32
		{D503EFC6-D71E-4FEF-A268-3743CF759C12}.Debug|Win32.ActiveCfg = Debug|Win32
		{D503EFC6-D71E-4FEF-A268-3743CF759C12}.Debug|Win32.Build.0 = Debug|Win32
		{D503EFC6-D71E-4FEF-A268-3743CF759C12}.Release|Win32.ActiveCfg = Release|Win32
		{D503EFC6-D71E-4FEF-A268-3743CF759C12}.Release|Win32.Build.0 = Release|Win32
		{D503EFC6-D71E-4FEF-A268-3743CF759C12}.MinSizeRel|Win32.ActiveCfg = MinSizeRel|Win32
		{D503EFC6-D71E-4FEF-A268-3743CF759C12}.MinSizeRel|Win32.Build.0 = MinSizeRel|Win32
		{D503EFC6-D71E-4FEF-A268-3743CF759C12}.RelWithDebInfo|Win32.ActiveCfg = RelWithDebInfo|Win32
		{D503EFC6-D71E-4FEF-A268-3743CF759C12}.RelWithDebInfo|Win32.Build.0 = RelWithDebInfo|Win32
		{D4895986-6E57-480E-960B-4E94E677A33C}.Debug|Win32.ActiveCfg = Debug|Win32
		{D4895986-6E57-480E-960B-4E94E677A33C}.Debug|Win32.Build.0 = Debug|Win32
		{D4895986-6E57-480E-960B-4E94E677A33C}.Release|Win32.ActiveCfg = Release|Win32
		{D4895986-6E57-480E-960B-4E94E677A33C}.Release|Win32.Build.0 = Release|Win32
		{D4895986-6E57-480E-960B-4E94E677A33C}.MinSizeRel|Win32.ActiveCfg = MinSizeRel|Win32
		{D4895986-6E57-480E-960B-4E94E677A33C}.MinSizeRel|Win32.Build.0 = MinSizeRel|Win32
		{D4895986-6E57-480E-960B-4E94E677A33C}.RelWithDebInfo|Win32.ActiveCfg = RelWithDebInfo|Win32
		{D4895986-6E57-480E-960B-4E94E677A33C}.RelWithDebInfo|Win32.Build.0 = RelWithDebInfo|Win32
		{FC1A3162-183A-4918-97C8-AF7A0BDC93DB}.Debug|Win32.ActiveCfg = Debug|Win32
		{FC1A3162-183A-4918-97C8-AF7A0BDC93DB}.Debug|Win32.Build.0 = Debug|Win32
		{FC1A3162-183A-4918-97C8-AF7A0BDC93DB}.Release|Win32.ActiveCfg = Release|Win32
		{FC1A3162-183A-4918-97C8-AF7A0BDC93DB}.Release|Win32.Build.0 = Release|Win32
		{FC1A3162-183A-4918-97C8-AF7A0BDC93DB}.MinSizeRel|Win32.ActiveCfg = MinSizeRel|Win32
		{FC1A3162-183A-4918-97C8-AF7A0BDC93DB}.MinSizeRel|Win32.Build.0 = MinSizeRel|Win32
		{FC1A3162-183A-4918-97C8-AF7A0BDC93DB}.RelWithDebInfo|Win32.ActiveCfg = RelWithDebInfo|Win32
		{FC1A3162-183A-4918-97C8-AF7A0BDC93DB}.RelWithDebInfo|Win32.Build.0 = RelWithDebInfo|Win32
		{A429A84D-1621-43F2-8D25-2E848B249A70}.Debug|Win32.ActiveCfg = Debug|Win32
		{A429A84D-1621-43F2-8D25-2E848B249A70}.Debug|Win32.Build.0 = Debug|Win32
		{A429A84D-1621-43F2-8D25-2E848B249A70}.Release|Win32.ActiveCfg = Release|Win32
		{A429A84D-1621-43F2-8D25-2E848B249A70}.Release|Win32.Build.0 = Release|Win32
		{A429A84D-1621-43F2-8D25-2E848B249A70}.MinSizeRel|Win32.ActiveCfg = MinSizeRel|Win32
		{A429A84D-1621-43F2-8D25-2E848B249A70}.MinSizeRel|Win32.Build.0 = MinSizeRel|Win32
		{A429A84D-1621-43F2-8D25-2E848B249A70}.RelWithDebInfo|Win32.ActiveCfg = RelWithDebInfo|Win32
		{A429A84D-1621-43F2-8D25-2E848B249A70}.RelWithDebInfo|Win32.Build.0 = RelWithDebInfo|Win32
		{95F8BCD4-B8B5-45FE-A026-ED6C406429F7}.Debug|Win32.ActiveCfg = Debug|Win32
		{95F8BCD4-B8B5-45FE-A026-ED6C406429F7}.Debug|Win32.Build.0 = Debug|Win32
		{95F8BCD4-B8B5-45FE-A026-ED6C406429F7}.Release|Win32.ActiveCfg = Release|Win32
		{95F8BCD4-B8B5-45FE-A026-ED6C406429F7}.Release|Win32.Build.0 = Release|Win32
		{95F8BCD4-B8B5-45FE-A026-ED6C406429F7}.MinSizeRel|Win32.ActiveCfg = MinSizeRel|Win32
		{95F8BCD4-B8B5-45FE-A026-ED6C406429F7}.MinSizeRel|Win32.Build.0 = MinSizeRel|Win32
		{95F8BCD4-B8B5-45FE-A026-ED6C406429F7}.RelWithDebInfo|Win32.ActiveCfg = RelWithDebInfo|Win32
		{95F8BCD4-B8B5-45FE-A026-ED6C406429F7}.RelWithDebInfo|Win32.Build.0 = RelWithDebInfo|Win32
		{8D517761-C8DC-44B5-85DE-F945DCF087BA}.Debug|Win32.ActiveCfg = Debug|Win32
		{8D517761-C8DC-44B5-85DE-F945DCF087BA}.Debug|Win32.Build.0 = Debug|Win32
		{8D517761-C8DC-44B5-85DE-F945DCF087BA}.Release|Win32.ActiveCfg = Release|Win32
		{8D517761-C8DC-44B5-85DE-F945DCF087BA}.Release|Win32.Build.0 = Release|Win32
		{8D517761-C8DC-44B5-85DE-F945DCF087BA}.MinSizeRel|Win32.ActiveCfg = MinSizeRel|Win32
		{8D517761-C8DC-44B5-85DE-F945DCF087BA}.MinSizeRel|Win32.Build.0 = MinSizeRel|Win32
		{8D517761-C8DC-44B5-85DE-F945DCF087BA}.RelWithDebInfo|Win32.ActiveCfg = RelWithDebInfo|Win32
		{8D517761-C8DC-44B5-85DE-F945DCF087BA}.RelWithDebInfo|Win32.Build.0 = RelWithDebInfo|Win32
		{7822A88F-CF3A-435B-86EB-B2E53507CB6F}.Debug|Win32.ActiveCfg = Debug|Win32
		{7822A88F-CF3A-435B-86EB-B2E53507CB6F}.Debug|Win32.Build.0 = Debug|Win32
		{7822A88F-CF3A-435B-86EB-B2E53507CB6F}.Release|Win32.ActiveCfg = Release|Win32
		{7822A88F-CF3A-435B-86EB-B2E53507CB6F}.Release|Win32.Build.0 = Release|Win32
		{7822A88F-CF3A-435B-86EB-B2E53507CB6F}.MinSizeRel|Win32.ActiveCfg = MinSizeRel|Win32
		{7822A88F-CF3A-435B-86EB-B2E53507CB6F}.MinSizeRel|Win32.Build.0 = MinSizeRel|Win32
		{7822A88F-CF3A-435B-86EB-B2E53507CB6F}.RelWithDebInfo|Win32.ActiveCfg = RelWithDebInfo|Win32
		{7822A88F-CF3A-435B-86EB-B2E53507CB6F}.RelWithDebInfo|Win32.Build.0 = RelWithDebInfo|Win32
		{DBCFAB8C-21C1-4428-B558-4603CBCDF60A}.Debug|Win32.ActiveCfg = Debug|Win32
		{DBCFAB8C-21C1-4428-B558-4603CBCDF60A}.Debug|Win32.Build.0 = Debug|Win32
		{DBCFAB8C-21C1-4428-B558-4603CBCDF60A}.Release|Win32.ActiveCfg = Release|Win32
		{DBCFAB8C-21C1-4428-B558-4603CBCDF60A}.Release|Win32.Build.0 = Release|Win32
		{DBCFAB8C-21C1-4428-B558-4603CBCDF60A}.MinSizeRel|Win32.ActiveCfg = MinSizeRel|Win32
		{DBCFAB8C-21C1-4428-B558-4603CBCDF60A}.MinSizeRel|Win32.Build.0 = MinSizeRel|Win32
		{DBCFAB8C-21C1-4428-B558-4603CBCDF60A}.RelWithDebInfo|Win32.ActiveCfg = RelWithDebInfo|Win32
		{DBCFAB8C-21C1-4428-B558-4603CBCDF60A}.RelWithDebInfo|Win32.Build.0 = RelWithDebInfo|Win32
		{D98D7F37-9399-4F65-BB6F-439CF68A557E}.Debug|Win32.ActiveCfg = Debug|Win32
		{D98D7F37-9399-4F65-BB6F-439CF68A557E}.Debug|Win32.Build.0 = Debug|Win32
		{D98D7F37-9399-4F65-BB6F-439CF68A557E}.Release|Win32.ActiveCfg = Release|Win32
		{D98D7F37-9399-4F65-BB6F-439CF68A557E}.Release|Win32.Build.0 = Release|Win32
		{D98D7F37-9399-4F65-BB6F-439CF68A557E}.MinSizeRel|Win32.ActiveCfg = MinSizeRel|Win32
		{D98D7F37-9399-4F65-BB6F-439CF68A557E}.MinSizeRel|Win32.Build.0 = MinSizeRel|Win32
		{D98D7F37-9399-4F65-BB6F-439CF68A557E}.RelWithDebInfo|Win32.ActiveCfg = RelWithDebInfo|Win32
		{D98D7F37-9399-4F65-BB6F-439CF68A557E}.RelWithDebInfo|Win32.Build.0 = RelWithDebInfo|Win32
		{8F03CE3C-B083-4A59-9E0C-25A6F7F50D85}.Debug|Win32.ActiveCfg = Debug|Win32
		{8F03CE3C-B083-4A59-9E0C-25A6F7F50D85}.Debug|Win32.Build.0 = Debug|Win32
		{8F03CE3C-B083-4A59-9E0C-25A6F7F50D85}.Release|Win32.ActiveCfg = Release|Win32
		{8F03CE3C-B083-4A59-9E0C-25A6F7F50D85}.Release|Win32.Build.0 = Release|Win32
		{8F03CE3C-B083-4A59-9E0C-25A6F7F50D85}.MinSizeRel|Win32.ActiveCfg = MinSizeRel|Win32
		{8F03CE3C-B083-4A59-9E0C-25A6F7F50D85}.MinSizeRel|Win32.Build.0 = MinSizeRel|Win32
		{8F03CE3C-B083-4A59-9E0C-25A6F7F50D85}.RelWithDebInfo|Win32.ActiveCfg = RelWithDebInfo|Win32
		{8F03CE3C-B083-4A59-9E0C-25A6F7F50D85}.RelWithDebInfo|Win32.Build.0 = RelWithDebInfo|Win32
		{172BB1C0-0B23-40C8-AB16-707A190A92DB}.Debug|Win32.ActiveCfg = Debug|Win32
		{172BB1C0-0B23-40C8-AB16-707A190A92DB}.Debug|Win32.Build.0 = Debug|Win32
		{172BB1C0-0B23-40C8-AB16-707A190A92DB}.Release|Win32.ActiveCfg = Release|Win32
		{172BB1C0-0B23-40C8-AB16-707A190A92DB}.Release|Win32.Build.0 = Release|Win32
		{172BB1C0-0B23-40C8-AB16-707A190A92DB}.MinSizeRel|Win32.ActiveCfg = MinSizeRel|Win32
		{172BB1C0-0B23-40C8-AB16-707A190A92DB}.MinSizeRel|Win32.Build.0 = MinSizeRel|Win32
		{172BB1C0-0B23-40C8-AB16-707A190A92DB}.RelWithDebInfo|Win32.ActiveCfg = RelWithDebInfo|Win32
		{172BB1C0-0B23-40C8-AB16-707A190A92DB}.RelWithDebInfo|Win32.Build.0 = RelWithDebInfo|Win32
		{69B55A35-ECFE-47D8-A5DA-7D7D2077F59A}.Debug|Win32.ActiveCfg = Debug|Win32
		{69B55A35-ECFE-47D8-A5DA-7D7D2077F59A}.Debug|Win32.Build.0 = Debug|Win32
		{69B55A35-ECFE-47D8-A5DA-7D7D2077F59A}.Release|Win32.ActiveCfg = Release|Win32
		{69B55A35-ECFE-47D8-A5DA-7D7D2077F59A}.Release|Win32.Build.0 = Release|Win32
		{69B55A35-ECFE-47D8-A5DA-7D7D2077F59A}.MinSizeRel|Win32.ActiveCfg = MinSizeRel|Win32
		{69B55A35-ECFE-47D8-A5DA-7D7D2077F59A}.MinSizeRel|Win32.Build.0 = MinSizeRel|Win32
		{69B55A35-ECFE-47D8-A5DA-7D7D2077F59A}.RelWithDebInfo|Win32.ActiveCfg = RelWithDebInfo|Win32
		{69B55A35-ECFE-47D8-A5DA-7D7D2077F59A}.RelWithDebInfo|Win32.Build.0 = RelWithDebInfo|Win32
		{7D4EC659-F472-4E2B-9F20-B87757EC7069}.Debug|Win32.ActiveCfg = Debug|Win32
		{7D4EC659-F472-4E2B-9F20-B87757EC7069}.Debug|Win32.Build.0 = Debug|Win32
		{7D4EC659-F472-4E2B-9F20-B87757EC7069}.Release|Win32.ActiveCfg = Release|Win32
		{7D4EC659-F472-4E2B-9F20-B87757EC7069}.Release|Win32.Build.0 = Release|Win32
		{7D4EC659-F472-4E2B-9F20-B87757EC7069}.MinSizeRel|Win32.ActiveCfg = MinSizeRel|Win32
		{7D4EC659-F472-4E2B-9F20-B87757EC7069}.MinSizeRel|Win32.Build.0 = MinSizeRel|Win32
		{7D4EC659-F472-4E2B-9F20-B87757EC7069}.RelWithDebInfo|Win32.ActiveCfg = RelWithDebInfo|Win32
		{7D4EC659-F472-4E2B-9F20-B87757EC7069}.RelWithDebInfo|Win32.Build.0 = RelWithDebInfo|Win32
		{58AF4DE8-8012-47FB-8AD4-4CFD0EA20222}.Debug|Win32.ActiveCfg = Debug|Win32
		{58AF4DE8-8012-47FB-8AD4-4CFD0EA20222}.Debug|Win32.Build.0 = Debug|Win32
		{58AF4DE8-8012-47FB-8AD4-4CFD0EA20222}.Release|Win32.ActiveCfg = Release|Win32
		{58AF4DE8-8012-47FB-8AD4-4CFD0EA20222}.Release|Win32.Build.0 = Release|Win32
		{58AF4DE8-8012-47FB-8AD4-4CFD0EA20222}.MinSizeRel|Win32.ActiveCfg = MinSizeRel|Win32
		{58AF4DE8-8012-47FB-8AD4-4CFD0EA20222}.MinSizeRel|Win32.Build.0 = MinSizeRel|Win32
		{58AF4DE8-8012-47FB-8AD4-4CFD0EA20222}.RelWithDebInfo|Win32.ActiveCfg = RelWithDebInfo|Win32
		{58AF4DE8-8012-47FB-8AD4-4CFD0EA20222}.RelWithDebInfo|Win32.Build.0 = RelWithDebInfo|Win32
		{A289D88A-F0B5-4A21-808B-3B4E3FD6E66D}.Debug|Win32.ActiveCfg = Debug|Win32
		{A289D88A-F0B5-4A21-808B-3B4E3FD6E66D}.Debug|Win32.Build.0 = Debug|Win32
		{A289D88A-F0B5-4A21-808B-3B4E3FD6E66D}.Release|Win32.ActiveCfg = Release|Win32
		{A289D88A-F0B5-4A21-808B-3B4E3FD6E66D}.Release|Win32.Build.0 = Release|Win32
		{A289D88A-F0B5-4A21-808B-3B4E3FD6E66D}.MinSizeRel|Win32.ActiveCfg = MinSizeRel|Win32
		{A289D88A-F0B5-4A21-808B-3B4E3FD6E66D}.MinSizeRel|Win32.Build.0 = MinSizeRel|Win32
		{A289D88A-F0B5-4A21-808B-3B4E3FD6E66D}.RelWithDebInfo|Win32.ActiveCfg = RelWithDebInfo|Win32
		{A289D88A-F0B5-4A21-808B-3B4E3FD6E66D}.RelWithDebInfo|Win32.Build.0 = RelWithDebInfo|Win32
	EndGlobalSection
	GlobalSection(ExtensibilityGlobals) = postSolution
	EndGlobalSection
	GlobalSection(ExtensibilityAddIns) = postSolution
	EndGlobalSection
EndGlobal
