Microsoft Visual Studio Solution File, Format Version 11.00
# Visual Studio 2010
Project("{8BC9CEB8-8B4A-11D0-8D11-00A0C91BC942}") = "ALL_BUILD", "ALL_BUILD.vcxproj", "{5B2A4E5F-0458-4CBB-820E-12BFAB049B3D}"
	ProjectSection(ProjectDependencies) = postProject
		{24D0F902-DA0A-43F0-9798-FA9D691BD89F} = {24D0F902-DA0A-43F0-9798-FA9D691BD89F}
		{A5694654-9C3E-4AC9-9AF3-9856C55F3427} = {A5694654-9C3E-4AC9-9AF3-9856C55F3427}
		{A3504B6B-1EE5-4DEE-B0C6-38303B028AF2} = {A3504B6B-1EE5-4DEE-B0C6-38303B028AF2}
		{2C93173D-A03D-4B2D-BF8A-DD10561282BB} = {2C93173D-A03D-4B2D-BF8A-DD10561282BB}
		{7BBF4E34-4809-494F-812A-2E756394B042} = {7BBF4E34-4809-494F-812A-2E756394B042}
		{57DF97A4-2D08-4771-BDA3-BD9E45A4D85C} = {57DF97A4-2D08-4771-BDA3-BD9E45A4D85C}
		{4B2A2008-8752-4535-BE16-9E888AE6239C} = {4B2A2008-8752-4535-BE16-9E888AE6239C}
		{CAD1CBD0-84FF-43DF-9A86-EFCF1C120B2D} = {CAD1CBD0-84FF-43DF-9A86-EFCF1C120B2D}
		{84A717D8-CBC5-4FF5-B08B-5DED5F1A8D53} = {84A717D8-CBC5-4FF5-B08B-5DED5F1A8D53}
		{2B922FCD-DDEE-4C5B-A3A1-5FF64E5069AB} = {2B922FCD-DDEE-4C5B-A3A1-5FF64E5069AB}
		{F4B35FEC-6F56-438B-8161-23044FADD5E3} = {F4B35FEC-6F56-438B-8161-23044FADD5E3}
		{59D68322-383D-4AE4-ADB3-E7FC1108590B} = {59D68322-383D-4AE4-ADB3-E7FC1108590B}
		{70F8C2C9-1FD3-41DB-99FD-8A83CAE58BBB} = {70F8C2C9-1FD3-41DB-99FD-8A83CAE58BBB}
		{687A9112-F4F7-4BAA-BE8A-24DEEFA21134} = {687A9112-F4F7-4BAA-BE8A-24DEEFA21134}
		{F53D54E2-507B-43B3-A4D2-68C160C8ED76} = {F53D54E2-507B-43B3-A4D2-68C160C8ED76}
		{2F0D8FC7-078D-4A0D-A771-D353D5E6EF33} = {2F0D8FC7-078D-4A0D-A771-D353D5E6EF33}
		{EB822254-8590-4693-99C4-BE404A0D29E0} = {EB822254-8590-4693-99C4-BE404A0D29E0}
		{1F213B3F-3030-45A0-8614-D9F850F0CC9B} = {1F213B3F-3030-45A0-8614-D9F850F0CC9B}
		{720615E5-1A0A-4D97-BC1C-A77650B13FA4} = {720615E5-1A0A-4D97-BC1C-A77650B13FA4}
		{B24D3ABA-B5CD-40D9-A66A-EC254920C7F4} = {B24D3ABA-B5CD-40D9-A66A-EC254920C7F4}
		{6E5EF824-C449-416A-B49B-C60FEA107F1E} = {6E5EF824-C449-416A-B49B-C60FEA107F1E}
		{1981B930-DEF2-4252-8CB9-1EF8F3DDA9CC} = {1981B930-DEF2-4252-8CB9-1EF8F3DDA9CC}
		{3BF2C219-7AD9-4772-B59E-6432659AA657} = {3BF2C219-7AD9-4772-B59E-6432659AA657}
		{DDB61CBF-BC0F-4382-B0F7-C36A4D069747} = {DDB61CBF-BC0F-4382-B0F7-C36A4D069747}
		{38AFC7A2-D201-42E9-9FBB-178FAC3237FA} = {38AFC7A2-D201-42E9-9FBB-178FAC3237FA}
		{9277446F-0311-45BC-BD4C-8501F6B94835} = {9277446F-0311-45BC-BD4C-8501F6B94835}
		{A7CDA74E-D709-4882-869A-946E182F6520} = {A7CDA74E-D709-4882-869A-946E182F6520}
		{7004FA68-E7DF-426F-88FD-57423361344E} = {7004FA68-E7DF-426F-88FD-57423361344E}
		{5EA1C96C-3F09-47D3-A80F-0191405EA35F} = {5EA1C96C-3F09-47D3-A80F-0191405EA35F}
		{AA97244E-0793-425A-B37D-C3199B8EA9AE} = {AA97244E-0793-425A-B37D-C3199B8EA9AE}
		{03D7F530-E7D1-441B-8844-71444BE02D9F} = {03D7F530-E7D1-441B-8844-71444BE02D9F}
		{D3BF45A4-2503-4D2A-A436-11F18F397F6A} = {D3BF45A4-2503-4D2A-A436-11F18F397F6A}
		{82931AE9-F0A2-41AA-875F-CD9E3F06DFEF} = {82931AE9-F0A2-41AA-875F-CD9E3F06DFEF}
		{F38307A9-0758-46F6-A1A2-FB877332BD28} = {F38307A9-0758-46F6-A1A2-FB877332BD28}
		{497A954D-A918-40CD-95FE-FF4361A9B1E7} = {497A954D-A918-40CD-95FE-FF4361A9B1E7}
		{377A3342-6A63-42B9-8A3B-BA940F622E4A} = {377A3342-6A63-42B9-8A3B-BA940F622E4A}
		{C30EABDB-E101-4026-9183-EEE78594E798} = {C30EABDB-E101-4026-9183-EEE78594E798}
		{22C3168C-9864-4B74-A8ED-DA461141C94D} = {22C3168C-9864-4B74-A8ED-DA461141C94D}
		{48FAD0AB-F75D-4F8D-86BA-760713B0FB4C} = {48FAD0AB-F75D-4F8D-86BA-760713B0FB4C}
		{7487EF80-5CBB-4D29-A57D-35E5B3040F59} = {7487EF80-5CBB-4D29-A57D-35E5B3040F59}
		{930B8627-B4BB-4375-BDE1-AB6A4A17217E} = {930B8627-B4BB-4375-BDE1-AB6A4A17217E}
		{CEA6DCA1-9EE7-4D66-B838-87E47CA59704} = {CEA6DCA1-9EE7-4D66-B838-87E47CA59704}
		{5A3C4728-F9EC-4EF9-B2F3-943F025C87C3} = {5A3C4728-F9EC-4EF9-B2F3-943F025C87C3}
		{61EA0758-FE52-436E-9760-6A784BA59A1F} = {61EA0758-FE52-436E-9760-6A784BA59A1F}
		{AF61B6B8-2B3E-42DA-A317-BF4F8524D4E7} = {AF61B6B8-2B3E-42DA-A317-BF4F8524D4E7}
		{D11FFB16-6CD0-4478-8D0A-D8D416DE5469} = {D11FFB16-6CD0-4478-8D0A-D8D416DE5469}
		{B93DB20B-41D7-4D78-AF49-9AA06E50837F} = {B93DB20B-41D7-4D78-AF49-9AA06E50837F}
		{651E7E85-4589-409D-A221-3D34583F0DA3} = {651E7E85-4589-409D-A221-3D34583F0DA3}
		{85B30A14-0FCA-4ECF-B5C3-C22F4F820E71} = {85B30A14-0FCA-4ECF-B5C3-C22F4F820E71}
		{8954986D-66AF-46F1-BEE2-C1D50418AAD9} = {8954986D-66AF-46F1-BEE2-C1D50418AAD9}
		{648A4104-6CFF-4A2B-BE41-AC45795D94D4} = {648A4104-6CFF-4A2B-BE41-AC45795D94D4}
		{7C883191-66EF-4378-A52D-99F6DA37D772} = {7C883191-66EF-4378-A52D-99F6DA37D772}
		{82C7539B-6E2E-480F-B340-C4368126EB7C} = {82C7539B-6E2E-480F-B340-C4368126EB7C}
		{C4768DF4-391D-4A52-AE0C-F1365123B472} = {C4768DF4-391D-4A52-AE0C-F1365123B472}
		{BEBBC870-F277-4B35-8435-55193B6EA670} = {BEBBC870-F277-4B35-8435-55193B6EA670}
		{0FAAF180-805F-4CE6-B75C-367AC37CFB61} = {0FAAF180-805F-4CE6-B75C-367AC37CFB61}
		{ACD45727-CAED-4A93-B2F0-CFB38C6A1C70} = {ACD45727-CAED-4A93-B2F0-CFB38C6A1C70}
		{64DE5547-AC40-4796-92B0-83CCA5D53D03} = {64DE5547-AC40-4796-92B0-83CCA5D53D03}
		{BE8399F7-0E35-4068-8BDC-CE3A4950EDB1} = {BE8399F7-0E35-4068-8BDC-CE3A4950EDB1}
		{A3FD2929-8482-4626-BE57-ADEC7CFEAF8B} = {A3FD2929-8482-4626-BE57-ADEC7CFEAF8B}
		{D991B225-E35B-4A62-B4CF-8DB417F1E6BF} = {D991B225-E35B-4A62-B4CF-8DB417F1E6BF}
		{F627CF60-42CB-4305-BEBA-D13DE365A9ED} = {F627CF60-42CB-4305-BEBA-D13DE365A9ED}
		{A65ED8DE-9823-4381-BFF0-B79EB52E9403} = {A65ED8DE-9823-4381-BFF0-B79EB52E9403}
		{A17ADE76-35CA-4DB0-A99B-1F586EDAA8A0} = {A17ADE76-35CA-4DB0-A99B-1F586EDAA8A0}
		{4DAF49BB-8911-4314-9BDD-3585403D9346} = {4DAF49BB-8911-4314-9BDD-3585403D9346}
		{50F9AB1D-7CDB-4076-9707-E8AA022C6F29} = {50F9AB1D-7CDB-4076-9707-E8AA022C6F29}
		{0F486BC1-F1F3-4152-8142-F163346C04D4} = {0F486BC1-F1F3-4152-8142-F163346C04D4}
		{4045E2AF-756F-4490-8683-54F0B19BD67D} = {4045E2AF-756F-4490-8683-54F0B19BD67D}
		{98C15E19-74EA-42BE-9D2A-EF89D5003DCE} = {98C15E19-74EA-42BE-9D2A-EF89D5003DCE}
		{07D37E3A-E5A9-4F01-8A94-35D62BBF9A99} = {07D37E3A-E5A9-4F01-8A94-35D62BBF9A99}
		{4027BCA4-1897-403E-AB73-DDDB0E061E30} = {4027BCA4-1897-403E-AB73-DDDB0E061E30}
		{B8FDA9C5-8AAA-4B66-BAC9-2EBFAE3DB668} = {B8FDA9C5-8AAA-4B66-BAC9-2EBFAE3DB668}
		{C65B6C94-0842-437D-9C75-BDBED24C6A94} = {C65B6C94-0842-437D-9C75-BDBED24C6A94}
		{F6949636-D351-4DCA-9CD2-7C5DEFC8A3BE} = {F6949636-D351-4DCA-9CD2-7C5DEFC8A3BE}
		{F6CD46AD-A3BA-4F33-8ACC-4F352820A0E1} = {F6CD46AD-A3BA-4F33-8ACC-4F352820A0E1}
		{3DA028D9-70DE-4864-9765-E93AC77F55C9} = {3DA028D9-70DE-4864-9765-E93AC77F55C9}
		{A1B8D34E-9F05-4F6D-9A88-8FDEECCAEC41} = {A1B8D34E-9F05-4F6D-9A88-8FDEECCAEC41}
		{3F7CB787-F5BA-4E4C-B813-9283CADB4861} = {3F7CB787-F5BA-4E4C-B813-9283CADB4861}
		{5FA4087B-B1E3-4392-AB93-78B51E6E3F3A} = {5FA4087B-B1E3-4392-AB93-78B51E6E3F3A}
		{E0361B59-60BF-47D6-8BAA-4CCADBEC5773} = {E0361B59-60BF-47D6-8BAA-4CCADBEC5773}
		{D503E689-29FA-42F8-9C82-D55CE106CA96} = {D503E689-29FA-42F8-9C82-D55CE106CA96}
		{82F97C69-82DF-4032-B88C-2487A2C12AAE} = {82F97C69-82DF-4032-B88C-2487A2C12AAE}
		{FFEF7216-BEDF-479A-A17C-2E531C1B4C6C} = {FFEF7216-BEDF-479A-A17C-2E531C1B4C6C}
		{437ED042-1D39-41BC-99F7-13D31F231C82} = {437ED042-1D39-41BC-99F7-13D31F231C82}
		{EA0DDC5F-B37F-4380-877B-1B0DD93E45B3} = {EA0DDC5F-B37F-4380-877B-1B0DD93E45B3}
	EndProjectSection
EndProject
Project("{8BC9CEB8-8B4A-11D0-8D11-00A0C91BC942}") = "3d_point_cloud_ex", "3d_point_cloud_ex.vcxproj", "{24D0F902-DA0A-43F0-9798-FA9D691BD89F}"
	ProjectSection(ProjectDependencies) = postProject
		{A5694654-9C3E-4AC9-9AF3-9856C55F3427} = {A5694654-9C3E-4AC9-9AF3-9856C55F3427}
		{70F8C2C9-1FD3-41DB-99FD-8A83CAE58BBB} = {70F8C2C9-1FD3-41DB-99FD-8A83CAE58BBB}
	EndProjectSection
EndProject
Project("{8BC9CEB8-8B4A-11D0-8D11-00A0C91BC942}") = "ZERO_CHECK", "ZERO_CHECK.vcxproj", "{A5694654-9C3E-4AC9-9AF3-9856C55F3427}"
	ProjectSection(ProjectDependencies) = postProject
	EndProjectSection
EndProject
Project("{8BC9CEB8-8B4A-11D0-8D11-00A0C91BC942}") = "assignment_learning_ex", "assignment_learning_ex.vcxproj", "{A3504B6B-1EE5-4DEE-B0C6-38303B028AF2}"
	ProjectSection(ProjectDependencies) = postProject
		{A5694654-9C3E-4AC9-9AF3-9856C55F3427} = {A5694654-9C3E-4AC9-9AF3-9856C55F3427}
		{70F8C2C9-1FD3-41DB-99FD-8A83CAE58BBB} = {70F8C2C9-1FD3-41DB-99FD-8A83CAE58BBB}
	EndProjectSection
EndProject
Project("{8BC9CEB8-8B4A-11D0-8D11-00A0C91BC942}") = "bayes_net_ex", "bayes_net_ex.vcxproj", "{2C93173D-A03D-4B2D-BF8A-DD10561282BB}"
	ProjectSection(ProjectDependencies) = postProject
		{A5694654-9C3E-4AC9-9AF3-9856C55F3427} = {A5694654-9C3E-4AC9-9AF3-9856C55F3427}
		{70F8C2C9-1FD3-41DB-99FD-8A83CAE58BBB} = {70F8C2C9-1FD3-41DB-99FD-8A83CAE58BBB}
	EndProjectSection
EndProject
Project("{8BC9CEB8-8B4A-11D0-8D11-00A0C91BC942}") = "bayes_net_from_disk_ex", "bayes_net_from_disk_ex.vcxproj", "{7BBF4E34-4809-494F-812A-2E756394B042}"
	ProjectSection(ProjectDependencies) = postProject
		{A5694654-9C3E-4AC9-9AF3-9856C55F3427} = {A5694654-9C3E-4AC9-9AF3-9856C55F3427}
		{70F8C2C9-1FD3-41DB-99FD-8A83CAE58BBB} = {70F8C2C9-1FD3-41DB-99FD-8A83CAE58BBB}
	EndProjectSection
EndProject
Project("{8BC9CEB8-8B4A-11D0-8D11-00A0C91BC942}") = "bayes_net_gui_ex", "bayes_net_gui_ex.vcxproj", "{57DF97A4-2D08-4771-BDA3-BD9E45A4D85C}"
	ProjectSection(ProjectDependencies) = postProject
		{A5694654-9C3E-4AC9-9AF3-9856C55F3427} = {A5694654-9C3E-4AC9-9AF3-9856C55F3427}
		{70F8C2C9-1FD3-41DB-99FD-8A83CAE58BBB} = {70F8C2C9-1FD3-41DB-99FD-8A83CAE58BBB}
	EndProjectSection
EndProject
Project("{8BC9CEB8-8B4A-11D0-8D11-00A0C91BC942}") = "bridge_ex", "bridge_ex.vcxproj", "{4B2A2008-8752-4535-BE16-9E888AE6239C}"
	ProjectSection(ProjectDependencies) = postProject
		{A5694654-9C3E-4AC9-9AF3-9856C55F3427} = {A5694654-9C3E-4AC9-9AF3-9856C55F3427}
		{70F8C2C9-1FD3-41DB-99FD-8A83CAE58BBB} = {70F8C2C9-1FD3-41DB-99FD-8A83CAE58BBB}
	EndProjectSection
EndProject
Project("{8BC9CEB8-8B4A-11D0-8D11-00A0C91BC942}") = "bsp_ex", "bsp_ex.vcxproj", "{CAD1CBD0-84FF-43DF-9A86-EFCF1C120B2D}"
	ProjectSection(ProjectDependencies) = postProject
		{A5694654-9C3E-4AC9-9AF3-9856C55F3427} = {A5694654-9C3E-4AC9-9AF3-9856C55F3427}
		{70F8C2C9-1FD3-41DB-99FD-8A83CAE58BBB} = {70F8C2C9-1FD3-41DB-99FD-8A83CAE58BBB}
	EndProjectSection
EndProject
Project("{8BC9CEB8-8B4A-11D0-8D11-00A0C91BC942}") = "compress_stream_ex", "compress_stream_ex.vcxproj", "{84A717D8-CBC5-4FF5-B08B-5DED5F1A8D53}"
	ProjectSection(ProjectDependencies) = postProject
		{A5694654-9C3E-4AC9-9AF3-9856C55F3427} = {A5694654-9C3E-4AC9-9AF3-9856C55F3427}
		{70F8C2C9-1FD3-41DB-99FD-8A83CAE58BBB} = {70F8C2C9-1FD3-41DB-99FD-8A83CAE58BBB}
	EndProjectSection
EndProject
Project("{8BC9CEB8-8B4A-11D0-8D11-00A0C91BC942}") = "config_reader_ex", "config_reader_ex.vcxproj", "{2B922FCD-DDEE-4C5B-A3A1-5FF64E5069AB}"
	ProjectSection(ProjectDependencies) = postProject
		{A5694654-9C3E-4AC9-9AF3-9856C55F3427} = {A5694654-9C3E-4AC9-9AF3-9856C55F3427}
		{70F8C2C9-1FD3-41DB-99FD-8A83CAE58BBB} = {70F8C2C9-1FD3-41DB-99FD-8A83CAE58BBB}
	EndProjectSection
EndProject
Project("{8BC9CEB8-8B4A-11D0-8D11-00A0C91BC942}") = "custom_trainer_ex", "custom_trainer_ex.vcxproj", "{F4B35FEC-6F56-438B-8161-23044FADD5E3}"
	ProjectSection(ProjectDependencies) = postProject
		{A5694654-9C3E-4AC9-9AF3-9856C55F3427} = {A5694654-9C3E-4AC9-9AF3-9856C55F3427}
		{70F8C2C9-1FD3-41DB-99FD-8A83CAE58BBB} = {70F8C2C9-1FD3-41DB-99FD-8A83CAE58BBB}
	EndProjectSection
EndProject
Project("{8BC9CEB8-8B4A-11D0-8D11-00A0C91BC942}") = "dir_nav_ex", "dir_nav_ex.vcxproj", "{59D68322-383D-4AE4-ADB3-E7FC1108590B}"
	ProjectSection(ProjectDependencies) = postProject
		{A5694654-9C3E-4AC9-9AF3-9856C55F3427} = {A5694654-9C3E-4AC9-9AF3-9856C55F3427}
		{70F8C2C9-1FD3-41DB-99FD-8A83CAE58BBB} = {70F8C2C9-1FD3-41DB-99FD-8A83CAE58BBB}
	EndProjectSection
EndProject
Project("{8BC9CEB8-8B4A-11D0-8D11-00A0C91BC942}") = "dlib", "dlib_build\dlib.vcxproj", "{70F8C2C9-1FD3-41DB-99FD-8A83CAE58BBB}"
	ProjectSection(ProjectDependencies) = postProject
		{A5694654-9C3E-4AC9-9AF3-9856C55F3427} = {A5694654-9C3E-4AC9-9AF3-9856C55F3427}
	EndProjectSection
EndProject
Project("{8BC9CEB8-8B4A-11D0-8D11-00A0C91BC942}") = "empirical_kernel_map_ex", "empirical_kernel_map_ex.vcxproj", "{687A9112-F4F7-4BAA-BE8A-24DEEFA21134}"
	ProjectSection(ProjectDependencies) = postProject
		{A5694654-9C3E-4AC9-9AF3-9856C55F3427} = {A5694654-9C3E-4AC9-9AF3-9856C55F3427}
		{70F8C2C9-1FD3-41DB-99FD-8A83CAE58BBB} = {70F8C2C9-1FD3-41DB-99FD-8A83CAE58BBB}
	EndProjectSection
EndProject
Project("{8BC9CEB8-8B4A-11D0-8D11-00A0C91BC942}") = "face_detection_ex", "face_detection_ex.vcxproj", "{F53D54E2-507B-43B3-A4D2-68C160C8ED76}"
	ProjectSection(ProjectDependencies) = postProject
		{A5694654-9C3E-4AC9-9AF3-9856C55F3427} = {A5694654-9C3E-4AC9-9AF3-9856C55F3427}
		{70F8C2C9-1FD3-41DB-99FD-8A83CAE58BBB} = {70F8C2C9-1FD3-41DB-99FD-8A83CAE58BBB}
	EndProjectSection
EndProject
Project("{8BC9CEB8-8B4A-11D0-8D11-00A0C91BC942}") = "face_landmark_detection_ex", "face_landmark_detection_ex.vcxproj", "{2F0D8FC7-078D-4A0D-A771-D353D5E6EF33}"
	ProjectSection(ProjectDependencies) = postProject
		{A5694654-9C3E-4AC9-9AF3-9856C55F3427} = {A5694654-9C3E-4AC9-9AF3-9856C55F3427}
		{70F8C2C9-1FD3-41DB-99FD-8A83CAE58BBB} = {70F8C2C9-1FD3-41DB-99FD-8A83CAE58BBB}
	EndProjectSection
EndProject
Project("{8BC9CEB8-8B4A-11D0-8D11-00A0C91BC942}") = "fhog_ex", "fhog_ex.vcxproj", "{EB822254-8590-4693-99C4-BE404A0D29E0}"
	ProjectSection(ProjectDependencies) = postProject
		{A5694654-9C3E-4AC9-9AF3-9856C55F3427} = {A5694654-9C3E-4AC9-9AF3-9856C55F3427}
		{70F8C2C9-1FD3-41DB-99FD-8A83CAE58BBB} = {70F8C2C9-1FD3-41DB-99FD-8A83CAE58BBB}
	EndProjectSection
EndProject
Project("{8BC9CEB8-8B4A-11D0-8D11-00A0C91BC942}") = "fhog_object_detector_ex", "fhog_object_detector_ex.vcxproj", "{1F213B3F-3030-45A0-8614-D9F850F0CC9B}"
	ProjectSection(ProjectDependencies) = postProject
		{A5694654-9C3E-4AC9-9AF3-9856C55F3427} = {A5694654-9C3E-4AC9-9AF3-9856C55F3427}
		{70F8C2C9-1FD3-41DB-99FD-8A83CAE58BBB} = {70F8C2C9-1FD3-41DB-99FD-8A83CAE58BBB}
	EndProjectSection
EndProject
Project("{8BC9CEB8-8B4A-11D0-8D11-00A0C91BC942}") = "file_to_code_ex", "file_to_code_ex.vcxproj", "{720615E5-1A0A-4D97-BC1C-A77650B13FA4}"
	ProjectSection(ProjectDependencies) = postProject
		{A5694654-9C3E-4AC9-9AF3-9856C55F3427} = {A5694654-9C3E-4AC9-9AF3-9856C55F3427}
		{70F8C2C9-1FD3-41DB-99FD-8A83CAE58BBB} = {70F8C2C9-1FD3-41DB-99FD-8A83CAE58BBB}
	EndProjectSection
EndProject
Project("{8BC9CEB8-8B4A-11D0-8D11-00A0C91BC942}") = "graph_labeling_ex", "graph_labeling_ex.vcxproj", "{B24D3ABA-B5CD-40D9-A66A-EC254920C7F4}"
	ProjectSection(ProjectDependencies) = postProject
		{A5694654-9C3E-4AC9-9AF3-9856C55F3427} = {A5694654-9C3E-4AC9-9AF3-9856C55F3427}
		{70F8C2C9-1FD3-41DB-99FD-8A83CAE58BBB} = {70F8C2C9-1FD3-41DB-99FD-8A83CAE58BBB}
	EndProjectSection
EndProject
Project("{8BC9CEB8-8B4A-11D0-8D11-00A0C91BC942}") = "gui_api_ex", "gui_api_ex.vcxproj", "{6E5EF824-C449-416A-B49B-C60FEA107F1E}"
	ProjectSection(ProjectDependencies) = postProject
		{A5694654-9C3E-4AC9-9AF3-9856C55F3427} = {A5694654-9C3E-4AC9-9AF3-9856C55F3427}
		{70F8C2C9-1FD3-41DB-99FD-8A83CAE58BBB} = {70F8C2C9-1FD3-41DB-99FD-8A83CAE58BBB}
	EndProjectSection
EndProject
Project("{8BC9CEB8-8B4A-11D0-8D11-00A0C91BC942}") = "hough_transform_ex", "hough_transform_ex.vcxproj", "{1981B930-DEF2-4252-8CB9-1EF8F3DDA9CC}"
	ProjectSection(ProjectDependencies) = postProject
		{A5694654-9C3E-4AC9-9AF3-9856C55F3427} = {A5694654-9C3E-4AC9-9AF3-9856C55F3427}
		{70F8C2C9-1FD3-41DB-99FD-8A83CAE58BBB} = {70F8C2C9-1FD3-41DB-99FD-8A83CAE58BBB}
	EndProjectSection
EndProject
Project("{8BC9CEB8-8B4A-11D0-8D11-00A0C91BC942}") = "image_ex", "image_ex.vcxproj", "{3BF2C219-7AD9-4772-B59E-6432659AA657}"
	ProjectSection(ProjectDependencies) = postProject
		{A5694654-9C3E-4AC9-9AF3-9856C55F3427} = {A5694654-9C3E-4AC9-9AF3-9856C55F3427}
		{70F8C2C9-1FD3-41DB-99FD-8A83CAE58BBB} = {70F8C2C9-1FD3-41DB-99FD-8A83CAE58BBB}
	EndProjectSection
EndProject
Project("{8BC9CEB8-8B4A-11D0-8D11-00A0C91BC942}") = "integrate_function_adapt_simp_ex", "integrate_function_adapt_simp_ex.vcxproj", "{DDB61CBF-BC0F-4382-B0F7-C36A4D069747}"
	ProjectSection(ProjectDependencies) = postProject
		{A5694654-9C3E-4AC9-9AF3-9856C55F3427} = {A5694654-9C3E-4AC9-9AF3-9856C55F3427}
		{70F8C2C9-1FD3-41DB-99FD-8A83CAE58BBB} = {70F8C2C9-1FD3-41DB-99FD-8A83CAE58BBB}
	EndProjectSection
EndProject
Project("{8BC9CEB8-8B4A-11D0-8D11-00A0C91BC942}") = "iosockstream_ex", "iosockstream_ex.vcxproj", "{38AFC7A2-D201-42E9-9FBB-178FAC3237FA}"
	ProjectSection(ProjectDependencies) = postProject
		{A5694654-9C3E-4AC9-9AF3-9856C55F3427} = {A5694654-9C3E-4AC9-9AF3-9856C55F3427}
		{70F8C2C9-1FD3-41DB-99FD-8A83CAE58BBB} = {70F8C2C9-1FD3-41DB-99FD-8A83CAE58BBB}
	EndProjectSection
EndProject
Project("{8BC9CEB8-8B4A-11D0-8D11-00A0C91BC942}") = "kcentroid_ex", "kcentroid_ex.vcxproj", "{9277446F-0311-45BC-BD4C-8501F6B94835}"
	ProjectSection(ProjectDependencies) = postProject
		{A5694654-9C3E-4AC9-9AF3-9856C55F3427} = {A5694654-9C3E-4AC9-9AF3-9856C55F3427}
		{70F8C2C9-1FD3-41DB-99FD-8A83CAE58BBB} = {70F8C2C9-1FD3-41DB-99FD-8A83CAE58BBB}
	EndProjectSection
EndProject
Project("{8BC9CEB8-8B4A-11D0-8D11-00A0C91BC942}") = "kkmeans_ex", "kkmeans_ex.vcxproj", "{A7CDA74E-D709-4882-869A-946E182F6520}"
	ProjectSection(ProjectDependencies) = postProject
		{A5694654-9C3E-4AC9-9AF3-9856C55F3427} = {A5694654-9C3E-4AC9-9AF3-9856C55F3427}
		{70F8C2C9-1FD3-41DB-99FD-8A83CAE58BBB} = {70F8C2C9-1FD3-41DB-99FD-8A83CAE58BBB}
	EndProjectSection
EndProject
Project("{8BC9CEB8-8B4A-11D0-8D11-00A0C91BC942}") = "krls_ex", "krls_ex.vcxproj", "{7004FA68-E7DF-426F-88FD-57423361344E}"
	ProjectSection(ProjectDependencies) = postProject
		{A5694654-9C3E-4AC9-9AF3-9856C55F3427} = {A5694654-9C3E-4AC9-9AF3-9856C55F3427}
		{70F8C2C9-1FD3-41DB-99FD-8A83CAE58BBB} = {70F8C2C9-1FD3-41DB-99FD-8A83CAE58BBB}
	EndProjectSection
EndProject
Project("{8BC9CEB8-8B4A-11D0-8D11-00A0C91BC942}") = "krls_filter_ex", "krls_filter_ex.vcxproj", "{5EA1C96C-3F09-47D3-A80F-0191405EA35F}"
	ProjectSection(ProjectDependencies) = postProject
		{A5694654-9C3E-4AC9-9AF3-9856C55F3427} = {A5694654-9C3E-4AC9-9AF3-9856C55F3427}
		{70F8C2C9-1FD3-41DB-99FD-8A83CAE58BBB} = {70F8C2C9-1FD3-41DB-99FD-8A83CAE58BBB}
	EndProjectSection
EndProject
Project("{8BC9CEB8-8B4A-11D0-8D11-00A0C91BC942}") = "krr_classification_ex", "krr_classification_ex.vcxproj", "{AA97244E-0793-425A-B37D-C3199B8EA9AE}"
	ProjectSection(ProjectDependencies) = postProject
		{A5694654-9C3E-4AC9-9AF3-9856C55F3427} = {A5694654-9C3E-4AC9-9AF3-9856C55F3427}
		{70F8C2C9-1FD3-41DB-99FD-8A83CAE58BBB} = {70F8C2C9-1FD3-41DB-99FD-8A83CAE58BBB}
	EndProjectSection
EndProject
Project("{8BC9CEB8-8B4A-11D0-8D11-00A0C91BC942}") = "krr_regression_ex", "krr_regression_ex.vcxproj", "{03D7F530-E7D1-441B-8844-71444BE02D9F}"
	ProjectSection(ProjectDependencies) = postProject
		{A5694654-9C3E-4AC9-9AF3-9856C55F3427} = {A5694654-9C3E-4AC9-9AF3-9856C55F3427}
		{70F8C2C9-1FD3-41DB-99FD-8A83CAE58BBB} = {70F8C2C9-1FD3-41DB-99FD-8A83CAE58BBB}
	EndProjectSection
EndProject
Project("{8BC9CEB8-8B4A-11D0-8D11-00A0C91BC942}") = "learning_to_track_ex", "learning_to_track_ex.vcxproj", "{D3BF45A4-2503-4D2A-A436-11F18F397F6A}"
	ProjectSection(ProjectDependencies) = postProject
		{A5694654-9C3E-4AC9-9AF3-9856C55F3427} = {A5694654-9C3E-4AC9-9AF3-9856C55F3427}
		{70F8C2C9-1FD3-41DB-99FD-8A83CAE58BBB} = {70F8C2C9-1FD3-41DB-99FD-8A83CAE58BBB}
	EndProjectSection
EndProject
Project("{8BC9CEB8-8B4A-11D0-8D11-00A0C91BC942}") = "least_squares_ex", "least_squares_ex.vcxproj", "{82931AE9-F0A2-41AA-875F-CD9E3F06DFEF}"
	ProjectSection(ProjectDependencies) = postProject
		{A5694654-9C3E-4AC9-9AF3-9856C55F3427} = {A5694654-9C3E-4AC9-9AF3-9856C55F3427}
		{70F8C2C9-1FD3-41DB-99FD-8A83CAE58BBB} = {70F8C2C9-1FD3-41DB-99FD-8A83CAE58BBB}
	EndProjectSection
EndProject
Project("{8BC9CEB8-8B4A-11D0-8D11-00A0C91BC942}") = "linear_manifold_regularizer_ex", "linear_manifold_regularizer_ex.vcxproj", "{F38307A9-0758-46F6-A1A2-FB877332BD28}"
	ProjectSection(ProjectDependencies) = postProject
		{A5694654-9C3E-4AC9-9AF3-9856C55F3427} = {A5694654-9C3E-4AC9-9AF3-9856C55F3427}
		{70F8C2C9-1FD3-41DB-99FD-8A83CAE58BBB} = {70F8C2C9-1FD3-41DB-99FD-8A83CAE58BBB}
	EndProjectSection
EndProject
Project("{8BC9CEB8-8B4A-11D0-8D11-00A0C91BC942}") = "logger_custom_output_ex", "logger_custom_output_ex.vcxproj", "{497A954D-A918-40CD-95FE-FF4361A9B1E7}"
	ProjectSection(ProjectDependencies) = postProject
		{A5694654-9C3E-4AC9-9AF3-9856C55F3427} = {A5694654-9C3E-4AC9-9AF3-9856C55F3427}
		{70F8C2C9-1FD3-41DB-99FD-8A83CAE58BBB} = {70F8C2C9-1FD3-41DB-99FD-8A83CAE58BBB}
	EndProjectSection
EndProject
Project("{8BC9CEB8-8B4A-11D0-8D11-00A0C91BC942}") = "logger_ex", "logger_ex.vcxproj", "{377A3342-6A63-42B9-8A3B-BA940F622E4A}"
	ProjectSection(ProjectDependencies) = postProject
		{A5694654-9C3E-4AC9-9AF3-9856C55F3427} = {A5694654-9C3E-4AC9-9AF3-9856C55F3427}
		{70F8C2C9-1FD3-41DB-99FD-8A83CAE58BBB} = {70F8C2C9-1FD3-41DB-99FD-8A83CAE58BBB}
	EndProjectSection
EndProject
Project("{8BC9CEB8-8B4A-11D0-8D11-00A0C91BC942}") = "logger_ex_2", "logger_ex_2.vcxproj", "{C30EABDB-E101-4026-9183-EEE78594E798}"
	ProjectSection(ProjectDependencies) = postProject
		{A5694654-9C3E-4AC9-9AF3-9856C55F3427} = {A5694654-9C3E-4AC9-9AF3-9856C55F3427}
		{70F8C2C9-1FD3-41DB-99FD-8A83CAE58BBB} = {70F8C2C9-1FD3-41DB-99FD-8A83CAE58BBB}
	EndProjectSection
EndProject
Project("{8BC9CEB8-8B4A-11D0-8D11-00A0C91BC942}") = "matrix_ex", "matrix_ex.vcxproj", "{22C3168C-9864-4B74-A8ED-DA461141C94D}"
	ProjectSection(ProjectDependencies) = postProject
		{A5694654-9C3E-4AC9-9AF3-9856C55F3427} = {A5694654-9C3E-4AC9-9AF3-9856C55F3427}
		{70F8C2C9-1FD3-41DB-99FD-8A83CAE58BBB} = {70F8C2C9-1FD3-41DB-99FD-8A83CAE58BBB}
	EndProjectSection
EndProject
Project("{8BC9CEB8-8B4A-11D0-8D11-00A0C91BC942}") = "matrix_expressions_ex", "matrix_expressions_ex.vcxproj", "{48FAD0AB-F75D-4F8D-86BA-760713B0FB4C}"
	ProjectSection(ProjectDependencies) = postProject
		{A5694654-9C3E-4AC9-9AF3-9856C55F3427} = {A5694654-9C3E-4AC9-9AF3-9856C55F3427}
		{70F8C2C9-1FD3-41DB-99FD-8A83CAE58BBB} = {70F8C2C9-1FD3-41DB-99FD-8A83CAE58BBB}
	EndProjectSection
EndProject
Project("{8BC9CEB8-8B4A-11D0-8D11-00A0C91BC942}") = "max_cost_assignment_ex", "max_cost_assignment_ex.vcxproj", "{7487EF80-5CBB-4D29-A57D-35E5B3040F59}"
	ProjectSection(ProjectDependencies) = postProject
		{A5694654-9C3E-4AC9-9AF3-9856C55F3427} = {A5694654-9C3E-4AC9-9AF3-9856C55F3427}
		{70F8C2C9-1FD3-41DB-99FD-8A83CAE58BBB} = {70F8C2C9-1FD3-41DB-99FD-8A83CAE58BBB}
	EndProjectSection
EndProject
Project("{8BC9CEB8-8B4A-11D0-8D11-00A0C91BC942}") = "member_function_pointer_ex", "member_function_pointer_ex.vcxproj", "{930B8627-B4BB-4375-BDE1-AB6A4A17217E}"
	ProjectSection(ProjectDependencies) = postProject
		{A5694654-9C3E-4AC9-9AF3-9856C55F3427} = {A5694654-9C3E-4AC9-9AF3-9856C55F3427}
		{70F8C2C9-1FD3-41DB-99FD-8A83CAE58BBB} = {70F8C2C9-1FD3-41DB-99FD-8A83CAE58BBB}
	EndProjectSection
EndProject
Project("{8BC9CEB8-8B4A-11D0-8D11-00A0C91BC942}") = "mlp_ex", "mlp_ex.vcxproj", "{CEA6DCA1-9EE7-4D66-B838-87E47CA59704}"
	ProjectSection(ProjectDependencies) = postProject
		{A5694654-9C3E-4AC9-9AF3-9856C55F3427} = {A5694654-9C3E-4AC9-9AF3-9856C55F3427}
		{70F8C2C9-1FD3-41DB-99FD-8A83CAE58BBB} = {70F8C2C9-1FD3-41DB-99FD-8A83CAE58BBB}
	EndProjectSection
EndProject
Project("{8BC9CEB8-8B4A-11D0-8D11-00A0C91BC942}") = "model_selection_ex", "model_selection_ex.vcxproj", "{5A3C4728-F9EC-4EF9-B2F3-943F025C87C3}"
	ProjectSection(ProjectDependencies) = postProject
		{A5694654-9C3E-4AC9-9AF3-9856C55F3427} = {A5694654-9C3E-4AC9-9AF3-9856C55F3427}
		{70F8C2C9-1FD3-41DB-99FD-8A83CAE58BBB} = {70F8C2C9-1FD3-41DB-99FD-8A83CAE58BBB}
	EndProjectSection
EndProject
Project("{8BC9CEB8-8B4A-11D0-8D11-00A0C91BC942}") = "mpc_ex", "mpc_ex.vcxproj", "{61EA0758-FE52-436E-9760-6A784BA59A1F}"
	ProjectSection(ProjectDependencies) = postProject
		{A5694654-9C3E-4AC9-9AF3-9856C55F3427} = {A5694654-9C3E-4AC9-9AF3-9856C55F3427}
		{70F8C2C9-1FD3-41DB-99FD-8A83CAE58BBB} = {70F8C2C9-1FD3-41DB-99FD-8A83CAE58BBB}
	EndProjectSection
EndProject
Project("{8BC9CEB8-8B4A-11D0-8D11-00A0C91BC942}") = "multiclass_classification_ex", "multiclass_classification_ex.vcxproj", "{AF61B6B8-2B3E-42DA-A317-BF4F8524D4E7}"
	ProjectSection(ProjectDependencies) = postProject
		{A5694654-9C3E-4AC9-9AF3-9856C55F3427} = {A5694654-9C3E-4AC9-9AF3-9856C55F3427}
		{70F8C2C9-1FD3-41DB-99FD-8A83CAE58BBB} = {70F8C2C9-1FD3-41DB-99FD-8A83CAE58BBB}
	EndProjectSection
EndProject
Project("{8BC9CEB8-8B4A-11D0-8D11-00A0C91BC942}") = "multithreaded_object_ex", "multithreaded_object_ex.vcxproj", "{D11FFB16-6CD0-4478-8D0A-D8D416DE5469}"
	ProjectSection(ProjectDependencies) = postProject
		{A5694654-9C3E-4AC9-9AF3-9856C55F3427} = {A5694654-9C3E-4AC9-9AF3-9856C55F3427}
		{70F8C2C9-1FD3-41DB-99FD-8A83CAE58BBB} = {70F8C2C9-1FD3-41DB-99FD-8A83CAE58BBB}
	EndProjectSection
EndProject
Project("{8BC9CEB8-8B4A-11D0-8D11-00A0C91BC942}") = "object_detector_advanced_ex", "object_detector_advanced_ex.vcxproj", "{B93DB20B-41D7-4D78-AF49-9AA06E50837F}"
	ProjectSection(ProjectDependencies) = postProject
		{A5694654-9C3E-4AC9-9AF3-9856C55F3427} = {A5694654-9C3E-4AC9-9AF3-9856C55F3427}
		{70F8C2C9-1FD3-41DB-99FD-8A83CAE58BBB} = {70F8C2C9-1FD3-41DB-99FD-8A83CAE58BBB}
	EndProjectSection
EndProject
Project("{8BC9CEB8-8B4A-11D0-8D11-00A0C91BC942}") = "object_detector_ex", "object_detector_ex.vcxproj", "{651E7E85-4589-409D-A221-3D34583F0DA3}"
	ProjectSection(ProjectDependencies) = postProject
		{A5694654-9C3E-4AC9-9AF3-9856C55F3427} = {A5694654-9C3E-4AC9-9AF3-9856C55F3427}
		{70F8C2C9-1FD3-41DB-99FD-8A83CAE58BBB} = {70F8C2C9-1FD3-41DB-99FD-8A83CAE58BBB}
	EndProjectSection
EndProject
Project("{8BC9CEB8-8B4A-11D0-8D11-00A0C91BC942}") = "one_class_classifiers_ex", "one_class_classifiers_ex.vcxproj", "{85B30A14-0FCA-4ECF-B5C3-C22F4F820E71}"
	ProjectSection(ProjectDependencies) = postProject
		{A5694654-9C3E-4AC9-9AF3-9856C55F3427} = {A5694654-9C3E-4AC9-9AF3-9856C55F3427}
		{70F8C2C9-1FD3-41DB-99FD-8A83CAE58BBB} = {70F8C2C9-1FD3-41DB-99FD-8A83CAE58BBB}
	EndProjectSection
EndProject
Project("{8BC9CEB8-8B4A-11D0-8D11-00A0C91BC942}") = "optimization_ex", "optimization_ex.vcxproj", "{8954986D-66AF-46F1-BEE2-C1D50418AAD9}"
	ProjectSection(ProjectDependencies) = postProject
		{A5694654-9C3E-4AC9-9AF3-9856C55F3427} = {A5694654-9C3E-4AC9-9AF3-9856C55F3427}
		{70F8C2C9-1FD3-41DB-99FD-8A83CAE58BBB} = {70F8C2C9-1FD3-41DB-99FD-8A83CAE58BBB}
	EndProjectSection
EndProject
Project("{8BC9CEB8-8B4A-11D0-8D11-00A0C91BC942}") = "parallel_for_ex", "parallel_for_ex.vcxproj", "{648A4104-6CFF-4A2B-BE41-AC45795D94D4}"
	ProjectSection(ProjectDependencies) = postProject
		{A5694654-9C3E-4AC9-9AF3-9856C55F3427} = {A5694654-9C3E-4AC9-9AF3-9856C55F3427}
		{70F8C2C9-1FD3-41DB-99FD-8A83CAE58BBB} = {70F8C2C9-1FD3-41DB-99FD-8A83CAE58BBB}
	EndProjectSection
EndProject
Project("{8BC9CEB8-8B4A-11D0-8D11-00A0C91BC942}") = "pipe_ex", "pipe_ex.vcxproj", "{7C883191-66EF-4378-A52D-99F6DA37D772}"
	ProjectSection(ProjectDependencies) = postProject
		{A5694654-9C3E-4AC9-9AF3-9856C55F3427} = {A5694654-9C3E-4AC9-9AF3-9856C55F3427}
		{70F8C2C9-1FD3-41DB-99FD-8A83CAE58BBB} = {70F8C2C9-1FD3-41DB-99FD-8A83CAE58BBB}
	EndProjectSection
EndProject
Project("{8BC9CEB8-8B4A-11D0-8D11-00A0C91BC942}") = "pipe_ex_2", "pipe_ex_2.vcxproj", "{82C7539B-6E2E-480F-B340-C4368126EB7C}"
	ProjectSection(ProjectDependencies) = postProject
		{A5694654-9C3E-4AC9-9AF3-9856C55F3427} = {A5694654-9C3E-4AC9-9AF3-9856C55F3427}
		{70F8C2C9-1FD3-41DB-99FD-8A83CAE58BBB} = {70F8C2C9-1FD3-41DB-99FD-8A83CAE58BBB}
	EndProjectSection
EndProject
Project("{8BC9CEB8-8B4A-11D0-8D11-00A0C91BC942}") = "quantum_computing_ex", "quantum_computing_ex.vcxproj", "{C4768DF4-391D-4A52-AE0C-F1365123B472}"
	ProjectSection(ProjectDependencies) = postProject
		{A5694654-9C3E-4AC9-9AF3-9856C55F3427} = {A5694654-9C3E-4AC9-9AF3-9856C55F3427}
		{70F8C2C9-1FD3-41DB-99FD-8A83CAE58BBB} = {70F8C2C9-1FD3-41DB-99FD-8A83CAE58BBB}
	EndProjectSection
EndProject
Project("{8BC9CEB8-8B4A-11D0-8D11-00A0C91BC942}") = "queue_ex", "queue_ex.vcxproj", "{BEBBC870-F277-4B35-8435-55193B6EA670}"
	ProjectSection(ProjectDependencies) = postProject
		{A5694654-9C3E-4AC9-9AF3-9856C55F3427} = {A5694654-9C3E-4AC9-9AF3-9856C55F3427}
		{70F8C2C9-1FD3-41DB-99FD-8A83CAE58BBB} = {70F8C2C9-1FD3-41DB-99FD-8A83CAE58BBB}
	EndProjectSection
EndProject
Project("{8BC9CEB8-8B4A-11D0-8D11-00A0C91BC942}") = "rank_features_ex", "rank_features_ex.vcxproj", "{0FAAF180-805F-4CE6-B75C-367AC37CFB61}"
	ProjectSection(ProjectDependencies) = postProject
		{A5694654-9C3E-4AC9-9AF3-9856C55F3427} = {A5694654-9C3E-4AC9-9AF3-9856C55F3427}
		{70F8C2C9-1FD3-41DB-99FD-8A83CAE58BBB} = {70F8C2C9-1FD3-41DB-99FD-8A83CAE58BBB}
	EndProjectSection
EndProject
Project("{8BC9CEB8-8B4A-11D0-8D11-00A0C91BC942}") = "running_stats_ex", "running_stats_ex.vcxproj", "{ACD45727-CAED-4A93-B2F0-CFB38C6A1C70}"
	ProjectSection(ProjectDependencies) = postProject
		{A5694654-9C3E-4AC9-9AF3-9856C55F3427} = {A5694654-9C3E-4AC9-9AF3-9856C55F3427}
		{70F8C2C9-1FD3-41DB-99FD-8A83CAE58BBB} = {70F8C2C9-1FD3-41DB-99FD-8A83CAE58BBB}
	EndProjectSection
EndProject
Project("{8BC9CEB8-8B4A-11D0-8D11-00A0C91BC942}") = "rvm_ex", "rvm_ex.vcxproj", "{64DE5547-AC40-4796-92B0-83CCA5D53D03}"
	ProjectSection(ProjectDependencies) = postProject
		{A5694654-9C3E-4AC9-9AF3-9856C55F3427} = {A5694654-9C3E-4AC9-9AF3-9856C55F3427}
		{70F8C2C9-1FD3-41DB-99FD-8A83CAE58BBB} = {70F8C2C9-1FD3-41DB-99FD-8A83CAE58BBB}
	EndProjectSection
EndProject
Project("{8BC9CEB8-8B4A-11D0-8D11-00A0C91BC942}") = "rvm_regression_ex", "rvm_regression_ex.vcxproj", "{BE8399F7-0E35-4068-8BDC-CE3A4950EDB1}"
	ProjectSection(ProjectDependencies) = postProject
		{A5694654-9C3E-4AC9-9AF3-9856C55F3427} = {A5694654-9C3E-4AC9-9AF3-9856C55F3427}
		{70F8C2C9-1FD3-41DB-99FD-8A83CAE58BBB} = {70F8C2C9-1FD3-41DB-99FD-8A83CAE58BBB}
	EndProjectSection
EndProject
Project("{8BC9CEB8-8B4A-11D0-8D11-00A0C91BC942}") = "sequence_labeler_ex", "sequence_labeler_ex.vcxproj", "{A3FD2929-8482-4626-BE57-ADEC7CFEAF8B}"
	ProjectSection(ProjectDependencies) = postProject
		{A5694654-9C3E-4AC9-9AF3-9856C55F3427} = {A5694654-9C3E-4AC9-9AF3-9856C55F3427}
		{70F8C2C9-1FD3-41DB-99FD-8A83CAE58BBB} = {70F8C2C9-1FD3-41DB-99FD-8A83CAE58BBB}
	EndProjectSection
EndProject
Project("{8BC9CEB8-8B4A-11D0-8D11-00A0C91BC942}") = "sequence_segmenter_ex", "sequence_segmenter_ex.vcxproj", "{D991B225-E35B-4A62-B4CF-8DB417F1E6BF}"
	ProjectSection(ProjectDependencies) = postProject
		{A5694654-9C3E-4AC9-9AF3-9856C55F3427} = {A5694654-9C3E-4AC9-9AF3-9856C55F3427}
		{70F8C2C9-1FD3-41DB-99FD-8A83CAE58BBB} = {70F8C2C9-1FD3-41DB-99FD-8A83CAE58BBB}
	EndProjectSection
EndProject
Project("{8BC9CEB8-8B4A-11D0-8D11-00A0C91BC942}") = "server_http_ex", "server_http_ex.vcxproj", "{F627CF60-42CB-4305-BEBA-D13DE365A9ED}"
	ProjectSection(ProjectDependencies) = postProject
		{A5694654-9C3E-4AC9-9AF3-9856C55F3427} = {A5694654-9C3E-4AC9-9AF3-9856C55F3427}
		{70F8C2C9-1FD3-41DB-99FD-8A83CAE58BBB} = {70F8C2C9-1FD3-41DB-99FD-8A83CAE58BBB}
	EndProjectSection
EndProject
Project("{8BC9CEB8-8B4A-11D0-8D11-00A0C91BC942}") = "server_iostream_ex", "server_iostream_ex.vcxproj", "{A65ED8DE-9823-4381-BFF0-B79EB52E9403}"
	ProjectSection(ProjectDependencies) = postProject
		{A5694654-9C3E-4AC9-9AF3-9856C55F3427} = {A5694654-9C3E-4AC9-9AF3-9856C55F3427}
		{70F8C2C9-1FD3-41DB-99FD-8A83CAE58BBB} = {70F8C2C9-1FD3-41DB-99FD-8A83CAE58BBB}
	EndProjectSection
EndProject
Project("{8BC9CEB8-8B4A-11D0-8D11-00A0C91BC942}") = "sockets_ex", "sockets_ex.vcxproj", "{A17ADE76-35CA-4DB0-A99B-1F586EDAA8A0}"
	ProjectSection(ProjectDependencies) = postProject
		{A5694654-9C3E-4AC9-9AF3-9856C55F3427} = {A5694654-9C3E-4AC9-9AF3-9856C55F3427}
		{70F8C2C9-1FD3-41DB-99FD-8A83CAE58BBB} = {70F8C2C9-1FD3-41DB-99FD-8A83CAE58BBB}
	EndProjectSection
EndProject
Project("{8BC9CEB8-8B4A-11D0-8D11-00A0C91BC942}") = "sockstreambuf_ex", "sockstreambuf_ex.vcxproj", "{4DAF49BB-8911-4314-9BDD-3585403D9346}"
	ProjectSection(ProjectDependencies) = postProject
		{A5694654-9C3E-4AC9-9AF3-9856C55F3427} = {A5694654-9C3E-4AC9-9AF3-9856C55F3427}
		{70F8C2C9-1FD3-41DB-99FD-8A83CAE58BBB} = {70F8C2C9-1FD3-41DB-99FD-8A83CAE58BBB}
	EndProjectSection
EndProject
Project("{8BC9CEB8-8B4A-11D0-8D11-00A0C91BC942}") = "std_allocator_ex", "std_allocator_ex.vcxproj", "{50F9AB1D-7CDB-4076-9707-E8AA022C6F29}"
	ProjectSection(ProjectDependencies) = postProject
		{A5694654-9C3E-4AC9-9AF3-9856C55F3427} = {A5694654-9C3E-4AC9-9AF3-9856C55F3427}
		{70F8C2C9-1FD3-41DB-99FD-8A83CAE58BBB} = {70F8C2C9-1FD3-41DB-99FD-8A83CAE58BBB}
	EndProjectSection
EndProject
Project("{8BC9CEB8-8B4A-11D0-8D11-00A0C91BC942}") = "surf_ex", "surf_ex.vcxproj", "{0F486BC1-F1F3-4152-8142-F163346C04D4}"
	ProjectSection(ProjectDependencies) = postProject
		{A5694654-9C3E-4AC9-9AF3-9856C55F3427} = {A5694654-9C3E-4AC9-9AF3-9856C55F3427}
		{70F8C2C9-1FD3-41DB-99FD-8A83CAE58BBB} = {70F8C2C9-1FD3-41DB-99FD-8A83CAE58BBB}
	EndProjectSection
EndProject
Project("{8BC9CEB8-8B4A-11D0-8D11-00A0C91BC942}") = "svm_c_ex", "svm_c_ex.vcxproj", "{4045E2AF-756F-4490-8683-54F0B19BD67D}"
	ProjectSection(ProjectDependencies) = postProject
		{A5694654-9C3E-4AC9-9AF3-9856C55F3427} = {A5694654-9C3E-4AC9-9AF3-9856C55F3427}
		{70F8C2C9-1FD3-41DB-99FD-8A83CAE58BBB} = {70F8C2C9-1FD3-41DB-99FD-8A83CAE58BBB}
	EndProjectSection
EndProject
Project("{8BC9CEB8-8B4A-11D0-8D11-00A0C91BC942}") = "svm_ex", "svm_ex.vcxproj", "{98C15E19-74EA-42BE-9D2A-EF89D5003DCE}"
	ProjectSection(ProjectDependencies) = postProject
		{A5694654-9C3E-4AC9-9AF3-9856C55F3427} = {A5694654-9C3E-4AC9-9AF3-9856C55F3427}
		{70F8C2C9-1FD3-41DB-99FD-8A83CAE58BBB} = {70F8C2C9-1FD3-41DB-99FD-8A83CAE58BBB}
	EndProjectSection
EndProject
Project("{8BC9CEB8-8B4A-11D0-8D11-00A0C91BC942}") = "svm_pegasos_ex", "svm_pegasos_ex.vcxproj", "{07D37E3A-E5A9-4F01-8A94-35D62BBF9A99}"
	ProjectSection(ProjectDependencies) = postProject
		{A5694654-9C3E-4AC9-9AF3-9856C55F3427} = {A5694654-9C3E-4AC9-9AF3-9856C55F3427}
		{70F8C2C9-1FD3-41DB-99FD-8A83CAE58BBB} = {70F8C2C9-1FD3-41DB-99FD-8A83CAE58BBB}
	EndProjectSection
EndProject
Project("{8BC9CEB8-8B4A-11D0-8D11-00A0C91BC942}") = "svm_rank_ex", "svm_rank_ex.vcxproj", "{4027BCA4-1897-403E-AB73-DDDB0E061E30}"
	ProjectSection(ProjectDependencies) = postProject
		{A5694654-9C3E-4AC9-9AF3-9856C55F3427} = {A5694654-9C3E-4AC9-9AF3-9856C55F3427}
		{70F8C2C9-1FD3-41DB-99FD-8A83CAE58BBB} = {70F8C2C9-1FD3-41DB-99FD-8A83CAE58BBB}
	EndProjectSection
EndProject
Project("{8BC9CEB8-8B4A-11D0-8D11-00A0C91BC942}") = "svm_sparse_ex", "svm_sparse_ex.vcxproj", "{B8FDA9C5-8AAA-4B66-BAC9-2EBFAE3DB668}"
	ProjectSection(ProjectDependencies) = postProject
		{A5694654-9C3E-4AC9-9AF3-9856C55F3427} = {A5694654-9C3E-4AC9-9AF3-9856C55F3427}
		{70F8C2C9-1FD3-41DB-99FD-8A83CAE58BBB} = {70F8C2C9-1FD3-41DB-99FD-8A83CAE58BBB}
	EndProjectSection
EndProject
Project("{8BC9CEB8-8B4A-11D0-8D11-00A0C91BC942}") = "svm_struct_ex", "svm_struct_ex.vcxproj", "{C65B6C94-0842-437D-9C75-BDBED24C6A94}"
	ProjectSection(ProjectDependencies) = postProject
		{A5694654-9C3E-4AC9-9AF3-9856C55F3427} = {A5694654-9C3E-4AC9-9AF3-9856C55F3427}
		{70F8C2C9-1FD3-41DB-99FD-8A83CAE58BBB} = {70F8C2C9-1FD3-41DB-99FD-8A83CAE58BBB}
	EndProjectSection
EndProject
Project("{8BC9CEB8-8B4A-11D0-8D11-00A0C91BC942}") = "svr_ex", "svr_ex.vcxproj", "{F6949636-D351-4DCA-9CD2-7C5DEFC8A3BE}"
	ProjectSection(ProjectDependencies) = postProject
		{A5694654-9C3E-4AC9-9AF3-9856C55F3427} = {A5694654-9C3E-4AC9-9AF3-9856C55F3427}
		{70F8C2C9-1FD3-41DB-99FD-8A83CAE58BBB} = {70F8C2C9-1FD3-41DB-99FD-8A83CAE58BBB}
	EndProjectSection
EndProject
Project("{8BC9CEB8-8B4A-11D0-8D11-00A0C91BC942}") = "thread_function_ex", "thread_function_ex.vcxproj", "{F6CD46AD-A3BA-4F33-8ACC-4F352820A0E1}"
	ProjectSection(ProjectDependencies) = postProject
		{A5694654-9C3E-4AC9-9AF3-9856C55F3427} = {A5694654-9C3E-4AC9-9AF3-9856C55F3427}
		{70F8C2C9-1FD3-41DB-99FD-8A83CAE58BBB} = {70F8C2C9-1FD3-41DB-99FD-8A83CAE58BBB}
	EndProjectSection
EndProject
Project("{8BC9CEB8-8B4A-11D0-8D11-00A0C91BC942}") = "thread_pool_ex", "thread_pool_ex.vcxproj", "{3DA028D9-70DE-4864-9765-E93AC77F55C9}"
	ProjectSection(ProjectDependencies) = postProject
		{A5694654-9C3E-4AC9-9AF3-9856C55F3427} = {A5694654-9C3E-4AC9-9AF3-9856C55F3427}
		{70F8C2C9-1FD3-41DB-99FD-8A83CAE58BBB} = {70F8C2C9-1FD3-41DB-99FD-8A83CAE58BBB}
	EndProjectSection
EndProject
Project("{8BC9CEB8-8B4A-11D0-8D11-00A0C91BC942}") = "threaded_object_ex", "threaded_object_ex.vcxproj", "{A1B8D34E-9F05-4F6D-9A88-8FDEECCAEC41}"
	ProjectSection(ProjectDependencies) = postProject
		{A5694654-9C3E-4AC9-9AF3-9856C55F3427} = {A5694654-9C3E-4AC9-9AF3-9856C55F3427}
		{70F8C2C9-1FD3-41DB-99FD-8A83CAE58BBB} = {70F8C2C9-1FD3-41DB-99FD-8A83CAE58BBB}
	EndProjectSection
EndProject
Project("{8BC9CEB8-8B4A-11D0-8D11-00A0C91BC942}") = "threads_ex", "threads_ex.vcxproj", "{3F7CB787-F5BA-4E4C-B813-9283CADB4861}"
	ProjectSection(ProjectDependencies) = postProject
		{A5694654-9C3E-4AC9-9AF3-9856C55F3427} = {A5694654-9C3E-4AC9-9AF3-9856C55F3427}
		{70F8C2C9-1FD3-41DB-99FD-8A83CAE58BBB} = {70F8C2C9-1FD3-41DB-99FD-8A83CAE58BBB}
	EndProjectSection
EndProject
Project("{8BC9CEB8-8B4A-11D0-8D11-00A0C91BC942}") = "timer_ex", "timer_ex.vcxproj", "{5FA4087B-B1E3-4392-AB93-78B51E6E3F3A}"
	ProjectSection(ProjectDependencies) = postProject
		{A5694654-9C3E-4AC9-9AF3-9856C55F3427} = {A5694654-9C3E-4AC9-9AF3-9856C55F3427}
		{70F8C2C9-1FD3-41DB-99FD-8A83CAE58BBB} = {70F8C2C9-1FD3-41DB-99FD-8A83CAE58BBB}
	EndProjectSection
EndProject
Project("{8BC9CEB8-8B4A-11D0-8D11-00A0C91BC942}") = "train_object_detector", "train_object_detector.vcxproj", "{E0361B59-60BF-47D6-8BAA-4CCADBEC5773}"
	ProjectSection(ProjectDependencies) = postProject
		{A5694654-9C3E-4AC9-9AF3-9856C55F3427} = {A5694654-9C3E-4AC9-9AF3-9856C55F3427}
		{70F8C2C9-1FD3-41DB-99FD-8A83CAE58BBB} = {70F8C2C9-1FD3-41DB-99FD-8A83CAE58BBB}
	EndProjectSection
EndProject
Project("{8BC9CEB8-8B4A-11D0-8D11-00A0C91BC942}") = "train_shape_predictor_ex", "train_shape_predictor_ex.vcxproj", "{D503E689-29FA-42F8-9C82-D55CE106CA96}"
	ProjectSection(ProjectDependencies) = postProject
		{A5694654-9C3E-4AC9-9AF3-9856C55F3427} = {A5694654-9C3E-4AC9-9AF3-9856C55F3427}
		{70F8C2C9-1FD3-41DB-99FD-8A83CAE58BBB} = {70F8C2C9-1FD3-41DB-99FD-8A83CAE58BBB}
	EndProjectSection
EndProject
Project("{8BC9CEB8-8B4A-11D0-8D11-00A0C91BC942}") = "using_custom_kernels_ex", "using_custom_kernels_ex.vcxproj", "{82F97C69-82DF-4032-B88C-2487A2C12AAE}"
	ProjectSection(ProjectDependencies) = postProject
		{A5694654-9C3E-4AC9-9AF3-9856C55F3427} = {A5694654-9C3E-4AC9-9AF3-9856C55F3427}
		{70F8C2C9-1FD3-41DB-99FD-8A83CAE58BBB} = {70F8C2C9-1FD3-41DB-99FD-8A83CAE58BBB}
	EndProjectSection
EndProject
Project("{8BC9CEB8-8B4A-11D0-8D11-00A0C91BC942}") = "video_tracking_ex", "video_tracking_ex.vcxproj", "{FFEF7216-BEDF-479A-A17C-2E531C1B4C6C}"
	ProjectSection(ProjectDependencies) = postProject
		{A5694654-9C3E-4AC9-9AF3-9856C55F3427} = {A5694654-9C3E-4AC9-9AF3-9856C55F3427}
		{70F8C2C9-1FD3-41DB-99FD-8A83CAE58BBB} = {70F8C2C9-1FD3-41DB-99FD-8A83CAE58BBB}
	EndProjectSection
EndProject
Project("{8BC9CEB8-8B4A-11D0-8D11-00A0C91BC942}") = "webcam_face_pose_ex", "webcam_face_pose_ex.vcxproj", "{437ED042-1D39-41BC-99F7-13D31F231C82}"
	ProjectSection(ProjectDependencies) = postProject
		{A5694654-9C3E-4AC9-9AF3-9856C55F3427} = {A5694654-9C3E-4AC9-9AF3-9856C55F3427}
		{70F8C2C9-1FD3-41DB-99FD-8A83CAE58BBB} = {70F8C2C9-1FD3-41DB-99FD-8A83CAE58BBB}
	EndProjectSection
EndProject
Project("{8BC9CEB8-8B4A-11D0-8D11-00A0C91BC942}") = "xml_parser_ex", "xml_parser_ex.vcxproj", "{EA0DDC5F-B37F-4380-877B-1B0DD93E45B3}"
	ProjectSection(ProjectDependencies) = postProject
		{A5694654-9C3E-4AC9-9AF3-9856C55F3427} = {A5694654-9C3E-4AC9-9AF3-9856C55F3427}
		{70F8C2C9-1FD3-41DB-99FD-8A83CAE58BBB} = {70F8C2C9-1FD3-41DB-99FD-8A83CAE58BBB}
	EndProjectSection
EndProject
Global
	GlobalSection(SolutionConfigurationPlatforms) = preSolution
		Debug|Win32 = Debug|Win32
		Release|Win32 = Release|Win32
		MinSizeRel|Win32 = MinSizeRel|Win32
		RelWithDebInfo|Win32 = RelWithDebInfo|Win32
	EndGlobalSection
	GlobalSection(ProjectConfigurationPlatforms) = postSolution
		{5B2A4E5F-0458-4CBB-820E-12BFAB049B3D}.Debug|Win32.ActiveCfg = Debug|Win32
		{5B2A4E5F-0458-4CBB-820E-12BFAB049B3D}.Release|Win32.ActiveCfg = Release|Win32
		{5B2A4E5F-0458-4CBB-820E-12BFAB049B3D}.MinSizeRel|Win32.ActiveCfg = MinSizeRel|Win32
		{5B2A4E5F-0458-4CBB-820E-12BFAB049B3D}.RelWithDebInfo|Win32.ActiveCfg = RelWithDebInfo|Win32
		{24D0F902-DA0A-43F0-9798-FA9D691BD89F}.Debug|Win32.ActiveCfg = Debug|Win32
		{24D0F902-DA0A-43F0-9798-FA9D691BD89F}.Debug|Win32.Build.0 = Debug|Win32
		{24D0F902-DA0A-43F0-9798-FA9D691BD89F}.Release|Win32.ActiveCfg = Release|Win32
		{24D0F902-DA0A-43F0-9798-FA9D691BD89F}.Release|Win32.Build.0 = Release|Win32
		{24D0F902-DA0A-43F0-9798-FA9D691BD89F}.MinSizeRel|Win32.ActiveCfg = MinSizeRel|Win32
		{24D0F902-DA0A-43F0-9798-FA9D691BD89F}.MinSizeRel|Win32.Build.0 = MinSizeRel|Win32
		{24D0F902-DA0A-43F0-9798-FA9D691BD89F}.RelWithDebInfo|Win32.ActiveCfg = RelWithDebInfo|Win32
		{24D0F902-DA0A-43F0-9798-FA9D691BD89F}.RelWithDebInfo|Win32.Build.0 = RelWithDebInfo|Win32
		{A5694654-9C3E-4AC9-9AF3-9856C55F3427}.Debug|Win32.ActiveCfg = Debug|Win32
		{A5694654-9C3E-4AC9-9AF3-9856C55F3427}.Debug|Win32.Build.0 = Debug|Win32
		{A5694654-9C3E-4AC9-9AF3-9856C55F3427}.Release|Win32.ActiveCfg = Release|Win32
		{A5694654-9C3E-4AC9-9AF3-9856C55F3427}.Release|Win32.Build.0 = Release|Win32
		{A5694654-9C3E-4AC9-9AF3-9856C55F3427}.MinSizeRel|Win32.ActiveCfg = MinSizeRel|Win32
		{A5694654-9C3E-4AC9-9AF3-9856C55F3427}.MinSizeRel|Win32.Build.0 = MinSizeRel|Win32
		{A5694654-9C3E-4AC9-9AF3-9856C55F3427}.RelWithDebInfo|Win32.ActiveCfg = RelWithDebInfo|Win32
		{A5694654-9C3E-4AC9-9AF3-9856C55F3427}.RelWithDebInfo|Win32.Build.0 = RelWithDebInfo|Win32
		{A3504B6B-1EE5-4DEE-B0C6-38303B028AF2}.Debug|Win32.ActiveCfg = Debug|Win32
		{A3504B6B-1EE5-4DEE-B0C6-38303B028AF2}.Debug|Win32.Build.0 = Debug|Win32
		{A3504B6B-1EE5-4DEE-B0C6-38303B028AF2}.Release|Win32.ActiveCfg = Release|Win32
		{A3504B6B-1EE5-4DEE-B0C6-38303B028AF2}.Release|Win32.Build.0 = Release|Win32
		{A3504B6B-1EE5-4DEE-B0C6-38303B028AF2}.MinSizeRel|Win32.ActiveCfg = MinSizeRel|Win32
		{A3504B6B-1EE5-4DEE-B0C6-38303B028AF2}.MinSizeRel|Win32.Build.0 = MinSizeRel|Win32
		{A3504B6B-1EE5-4DEE-B0C6-38303B028AF2}.RelWithDebInfo|Win32.ActiveCfg = RelWithDebInfo|Win32
		{A3504B6B-1EE5-4DEE-B0C6-38303B028AF2}.RelWithDebInfo|Win32.Build.0 = RelWithDebInfo|Win32
		{2C93173D-A03D-4B2D-BF8A-DD10561282BB}.Debug|Win32.ActiveCfg = Debug|Win32
		{2C93173D-A03D-4B2D-BF8A-DD10561282BB}.Debug|Win32.Build.0 = Debug|Win32
		{2C93173D-A03D-4B2D-BF8A-DD10561282BB}.Release|Win32.ActiveCfg = Release|Win32
		{2C93173D-A03D-4B2D-BF8A-DD10561282BB}.Release|Win32.Build.0 = Release|Win32
		{2C93173D-A03D-4B2D-BF8A-DD10561282BB}.MinSizeRel|Win32.ActiveCfg = MinSizeRel|Win32
		{2C93173D-A03D-4B2D-BF8A-DD10561282BB}.MinSizeRel|Win32.Build.0 = MinSizeRel|Win32
		{2C93173D-A03D-4B2D-BF8A-DD10561282BB}.RelWithDebInfo|Win32.ActiveCfg = RelWithDebInfo|Win32
		{2C93173D-A03D-4B2D-BF8A-DD10561282BB}.RelWithDebInfo|Win32.Build.0 = RelWithDebInfo|Win32
		{7BBF4E34-4809-494F-812A-2E756394B042}.Debug|Win32.ActiveCfg = Debug|Win32
		{7BBF4E34-4809-494F-812A-2E756394B042}.Debug|Win32.Build.0 = Debug|Win32
		{7BBF4E34-4809-494F-812A-2E756394B042}.Release|Win32.ActiveCfg = Release|Win32
		{7BBF4E34-4809-494F-812A-2E756394B042}.Release|Win32.Build.0 = Release|Win32
		{7BBF4E34-4809-494F-812A-2E756394B042}.MinSizeRel|Win32.ActiveCfg = MinSizeRel|Win32
		{7BBF4E34-4809-494F-812A-2E756394B042}.MinSizeRel|Win32.Build.0 = MinSizeRel|Win32
		{7BBF4E34-4809-494F-812A-2E756394B042}.RelWithDebInfo|Win32.ActiveCfg = RelWithDebInfo|Win32
		{7BBF4E34-4809-494F-812A-2E756394B042}.RelWithDebInfo|Win32.Build.0 = RelWithDebInfo|Win32
		{57DF97A4-2D08-4771-BDA3-BD9E45A4D85C}.Debug|Win32.ActiveCfg = Debug|Win32
		{57DF97A4-2D08-4771-BDA3-BD9E45A4D85C}.Debug|Win32.Build.0 = Debug|Win32
		{57DF97A4-2D08-4771-BDA3-BD9E45A4D85C}.Release|Win32.ActiveCfg = Release|Win32
		{57DF97A4-2D08-4771-BDA3-BD9E45A4D85C}.Release|Win32.Build.0 = Release|Win32
		{57DF97A4-2D08-4771-BDA3-BD9E45A4D85C}.MinSizeRel|Win32.ActiveCfg = MinSizeRel|Win32
		{57DF97A4-2D08-4771-BDA3-BD9E45A4D85C}.MinSizeRel|Win32.Build.0 = MinSizeRel|Win32
		{57DF97A4-2D08-4771-BDA3-BD9E45A4D85C}.RelWithDebInfo|Win32.ActiveCfg = RelWithDebInfo|Win32
		{57DF97A4-2D08-4771-BDA3-BD9E45A4D85C}.RelWithDebInfo|Win32.Build.0 = RelWithDebInfo|Win32
		{4B2A2008-8752-4535-BE16-9E888AE6239C}.Debug|Win32.ActiveCfg = Debug|Win32
		{4B2A2008-8752-4535-BE16-9E888AE6239C}.Debug|Win32.Build.0 = Debug|Win32
		{4B2A2008-8752-4535-BE16-9E888AE6239C}.Release|Win32.ActiveCfg = Release|Win32
		{4B2A2008-8752-4535-BE16-9E888AE6239C}.Release|Win32.Build.0 = Release|Win32
		{4B2A2008-8752-4535-BE16-9E888AE6239C}.MinSizeRel|Win32.ActiveCfg = MinSizeRel|Win32
		{4B2A2008-8752-4535-BE16-9E888AE6239C}.MinSizeRel|Win32.Build.0 = MinSizeRel|Win32
		{4B2A2008-8752-4535-BE16-9E888AE6239C}.RelWithDebInfo|Win32.ActiveCfg = RelWithDebInfo|Win32
		{4B2A2008-8752-4535-BE16-9E888AE6239C}.RelWithDebInfo|Win32.Build.0 = RelWithDebInfo|Win32
		{CAD1CBD0-84FF-43DF-9A86-EFCF1C120B2D}.Debug|Win32.ActiveCfg = Debug|Win32
		{CAD1CBD0-84FF-43DF-9A86-EFCF1C120B2D}.Debug|Win32.Build.0 = Debug|Win32
		{CAD1CBD0-84FF-43DF-9A86-EFCF1C120B2D}.Release|Win32.ActiveCfg = Release|Win32
		{CAD1CBD0-84FF-43DF-9A86-EFCF1C120B2D}.Release|Win32.Build.0 = Release|Win32
		{CAD1CBD0-84FF-43DF-9A86-EFCF1C120B2D}.MinSizeRel|Win32.ActiveCfg = MinSizeRel|Win32
		{CAD1CBD0-84FF-43DF-9A86-EFCF1C120B2D}.MinSizeRel|Win32.Build.0 = MinSizeRel|Win32
		{CAD1CBD0-84FF-43DF-9A86-EFCF1C120B2D}.RelWithDebInfo|Win32.ActiveCfg = RelWithDebInfo|Win32
		{CAD1CBD0-84FF-43DF-9A86-EFCF1C120B2D}.RelWithDebInfo|Win32.Build.0 = RelWithDebInfo|Win32
		{84A717D8-CBC5-4FF5-B08B-5DED5F1A8D53}.Debug|Win32.ActiveCfg = Debug|Win32
		{84A717D8-CBC5-4FF5-B08B-5DED5F1A8D53}.Debug|Win32.Build.0 = Debug|Win32
		{84A717D8-CBC5-4FF5-B08B-5DED5F1A8D53}.Release|Win32.ActiveCfg = Release|Win32
		{84A717D8-CBC5-4FF5-B08B-5DED5F1A8D53}.Release|Win32.Build.0 = Release|Win32
		{84A717D8-CBC5-4FF5-B08B-5DED5F1A8D53}.MinSizeRel|Win32.ActiveCfg = MinSizeRel|Win32
		{84A717D8-CBC5-4FF5-B08B-5DED5F1A8D53}.MinSizeRel|Win32.Build.0 = MinSizeRel|Win32
		{84A717D8-CBC5-4FF5-B08B-5DED5F1A8D53}.RelWithDebInfo|Win32.ActiveCfg = RelWithDebInfo|Win32
		{84A717D8-CBC5-4FF5-B08B-5DED5F1A8D53}.RelWithDebInfo|Win32.Build.0 = RelWithDebInfo|Win32
		{2B922FCD-DDEE-4C5B-A3A1-5FF64E5069AB}.Debug|Win32.ActiveCfg = Debug|Win32
		{2B922FCD-DDEE-4C5B-A3A1-5FF64E5069AB}.Debug|Win32.Build.0 = Debug|Win32
		{2B922FCD-DDEE-4C5B-A3A1-5FF64E5069AB}.Release|Win32.ActiveCfg = Release|Win32
		{2B922FCD-DDEE-4C5B-A3A1-5FF64E5069AB}.Release|Win32.Build.0 = Release|Win32
		{2B922FCD-DDEE-4C5B-A3A1-5FF64E5069AB}.MinSizeRel|Win32.ActiveCfg = MinSizeRel|Win32
		{2B922FCD-DDEE-4C5B-A3A1-5FF64E5069AB}.MinSizeRel|Win32.Build.0 = MinSizeRel|Win32
		{2B922FCD-DDEE-4C5B-A3A1-5FF64E5069AB}.RelWithDebInfo|Win32.ActiveCfg = RelWithDebInfo|Win32
		{2B922FCD-DDEE-4C5B-A3A1-5FF64E5069AB}.RelWithDebInfo|Win32.Build.0 = RelWithDebInfo|Win32
		{F4B35FEC-6F56-438B-8161-23044FADD5E3}.Debug|Win32.ActiveCfg = Debug|Win32
		{F4B35FEC-6F56-438B-8161-23044FADD5E3}.Debug|Win32.Build.0 = Debug|Win32
		{F4B35FEC-6F56-438B-8161-23044FADD5E3}.Release|Win32.ActiveCfg = Release|Win32
		{F4B35FEC-6F56-438B-8161-23044FADD5E3}.Release|Win32.Build.0 = Release|Win32
		{F4B35FEC-6F56-438B-8161-23044FADD5E3}.MinSizeRel|Win32.ActiveCfg = MinSizeRel|Win32
		{F4B35FEC-6F56-438B-8161-23044FADD5E3}.MinSizeRel|Win32.Build.0 = MinSizeRel|Win32
		{F4B35FEC-6F56-438B-8161-23044FADD5E3}.RelWithDebInfo|Win32.ActiveCfg = RelWithDebInfo|Win32
		{F4B35FEC-6F56-438B-8161-23044FADD5E3}.RelWithDebInfo|Win32.Build.0 = RelWithDebInfo|Win32
		{59D68322-383D-4AE4-ADB3-E7FC1108590B}.Debug|Win32.ActiveCfg = Debug|Win32
		{59D68322-383D-4AE4-ADB3-E7FC1108590B}.Debug|Win32.Build.0 = Debug|Win32
		{59D68322-383D-4AE4-ADB3-E7FC1108590B}.Release|Win32.ActiveCfg = Release|Win32
		{59D68322-383D-4AE4-ADB3-E7FC1108590B}.Release|Win32.Build.0 = Release|Win32
		{59D68322-383D-4AE4-ADB3-E7FC1108590B}.MinSizeRel|Win32.ActiveCfg = MinSizeRel|Win32
		{59D68322-383D-4AE4-ADB3-E7FC1108590B}.MinSizeRel|Win32.Build.0 = MinSizeRel|Win32
		{59D68322-383D-4AE4-ADB3-E7FC1108590B}.RelWithDebInfo|Win32.ActiveCfg = RelWithDebInfo|Win32
		{59D68322-383D-4AE4-ADB3-E7FC1108590B}.RelWithDebInfo|Win32.Build.0 = RelWithDebInfo|Win32
		{70F8C2C9-1FD3-41DB-99FD-8A83CAE58BBB}.Debug|Win32.ActiveCfg = Debug|Win32
		{70F8C2C9-1FD3-41DB-99FD-8A83CAE58BBB}.Debug|Win32.Build.0 = Debug|Win32
		{70F8C2C9-1FD3-41DB-99FD-8A83CAE58BBB}.Release|Win32.ActiveCfg = Release|Win32
		{70F8C2C9-1FD3-41DB-99FD-8A83CAE58BBB}.Release|Win32.Build.0 = Release|Win32
		{70F8C2C9-1FD3-41DB-99FD-8A83CAE58BBB}.MinSizeRel|Win32.ActiveCfg = MinSizeRel|Win32
		{70F8C2C9-1FD3-41DB-99FD-8A83CAE58BBB}.MinSizeRel|Win32.Build.0 = MinSizeRel|Win32
		{70F8C2C9-1FD3-41DB-99FD-8A83CAE58BBB}.RelWithDebInfo|Win32.ActiveCfg = RelWithDebInfo|Win32
		{70F8C2C9-1FD3-41DB-99FD-8A83CAE58BBB}.RelWithDebInfo|Win32.Build.0 = RelWithDebInfo|Win32
		{687A9112-F4F7-4BAA-BE8A-24DEEFA21134}.Debug|Win32.ActiveCfg = Debug|Win32
		{687A9112-F4F7-4BAA-BE8A-24DEEFA21134}.Debug|Win32.Build.0 = Debug|Win32
		{687A9112-F4F7-4BAA-BE8A-24DEEFA21134}.Release|Win32.ActiveCfg = Release|Win32
		{687A9112-F4F7-4BAA-BE8A-24DEEFA21134}.Release|Win32.Build.0 = Release|Win32
		{687A9112-F4F7-4BAA-BE8A-24DEEFA21134}.MinSizeRel|Win32.ActiveCfg = MinSizeRel|Win32
		{687A9112-F4F7-4BAA-BE8A-24DEEFA21134}.MinSizeRel|Win32.Build.0 = MinSizeRel|Win32
		{687A9112-F4F7-4BAA-BE8A-24DEEFA21134}.RelWithDebInfo|Win32.ActiveCfg = RelWithDebInfo|Win32
		{687A9112-F4F7-4BAA-BE8A-24DEEFA21134}.RelWithDebInfo|Win32.Build.0 = RelWithDebInfo|Win32
		{F53D54E2-507B-43B3-A4D2-68C160C8ED76}.Debug|Win32.ActiveCfg = Debug|Win32
		{F53D54E2-507B-43B3-A4D2-68C160C8ED76}.Debug|Win32.Build.0 = Debug|Win32
		{F53D54E2-507B-43B3-A4D2-68C160C8ED76}.Release|Win32.ActiveCfg = Release|Win32
		{F53D54E2-507B-43B3-A4D2-68C160C8ED76}.Release|Win32.Build.0 = Release|Win32
		{F53D54E2-507B-43B3-A4D2-68C160C8ED76}.MinSizeRel|Win32.ActiveCfg = MinSizeRel|Win32
		{F53D54E2-507B-43B3-A4D2-68C160C8ED76}.MinSizeRel|Win32.Build.0 = MinSizeRel|Win32
		{F53D54E2-507B-43B3-A4D2-68C160C8ED76}.RelWithDebInfo|Win32.ActiveCfg = RelWithDebInfo|Win32
		{F53D54E2-507B-43B3-A4D2-68C160C8ED76}.RelWithDebInfo|Win32.Build.0 = RelWithDebInfo|Win32
		{2F0D8FC7-078D-4A0D-A771-D353D5E6EF33}.Debug|Win32.ActiveCfg = Debug|Win32
		{2F0D8FC7-078D-4A0D-A771-D353D5E6EF33}.Debug|Win32.Build.0 = Debug|Win32
		{2F0D8FC7-078D-4A0D-A771-D353D5E6EF33}.Release|Win32.ActiveCfg = Release|Win32
		{2F0D8FC7-078D-4A0D-A771-D353D5E6EF33}.Release|Win32.Build.0 = Release|Win32
		{2F0D8FC7-078D-4A0D-A771-D353D5E6EF33}.MinSizeRel|Win32.ActiveCfg = MinSizeRel|Win32
		{2F0D8FC7-078D-4A0D-A771-D353D5E6EF33}.MinSizeRel|Win32.Build.0 = MinSizeRel|Win32
		{2F0D8FC7-078D-4A0D-A771-D353D5E6EF33}.RelWithDebInfo|Win32.ActiveCfg = RelWithDebInfo|Win32
		{2F0D8FC7-078D-4A0D-A771-D353D5E6EF33}.RelWithDebInfo|Win32.Build.0 = RelWithDebInfo|Win32
		{EB822254-8590-4693-99C4-BE404A0D29E0}.Debug|Win32.ActiveCfg = Debug|Win32
		{EB822254-8590-4693-99C4-BE404A0D29E0}.Debug|Win32.Build.0 = Debug|Win32
		{EB822254-8590-4693-99C4-BE404A0D29E0}.Release|Win32.ActiveCfg = Release|Win32
		{EB822254-8590-4693-99C4-BE404A0D29E0}.Release|Win32.Build.0 = Release|Win32
		{EB822254-8590-4693-99C4-BE404A0D29E0}.MinSizeRel|Win32.ActiveCfg = MinSizeRel|Win32
		{EB822254-8590-4693-99C4-BE404A0D29E0}.MinSizeRel|Win32.Build.0 = MinSizeRel|Win32
		{EB822254-8590-4693-99C4-BE404A0D29E0}.RelWithDebInfo|Win32.ActiveCfg = RelWithDebInfo|Win32
		{EB822254-8590-4693-99C4-BE404A0D29E0}.RelWithDebInfo|Win32.Build.0 = RelWithDebInfo|Win32
		{1F213B3F-3030-45A0-8614-D9F850F0CC9B}.Debug|Win32.ActiveCfg = Debug|Win32
		{1F213B3F-3030-45A0-8614-D9F850F0CC9B}.Debug|Win32.Build.0 = Debug|Win32
		{1F213B3F-3030-45A0-8614-D9F850F0CC9B}.Release|Win32.ActiveCfg = Release|Win32
		{1F213B3F-3030-45A0-8614-D9F850F0CC9B}.Release|Win32.Build.0 = Release|Win32
		{1F213B3F-3030-45A0-8614-D9F850F0CC9B}.MinSizeRel|Win32.ActiveCfg = MinSizeRel|Win32
		{1F213B3F-3030-45A0-8614-D9F850F0CC9B}.MinSizeRel|Win32.Build.0 = MinSizeRel|Win32
		{1F213B3F-3030-45A0-8614-D9F850F0CC9B}.RelWithDebInfo|Win32.ActiveCfg = RelWithDebInfo|Win32
		{1F213B3F-3030-45A0-8614-D9F850F0CC9B}.RelWithDebInfo|Win32.Build.0 = RelWithDebInfo|Win32
		{720615E5-1A0A-4D97-BC1C-A77650B13FA4}.Debug|Win32.ActiveCfg = Debug|Win32
		{720615E5-1A0A-4D97-BC1C-A77650B13FA4}.Debug|Win32.Build.0 = Debug|Win32
		{720615E5-1A0A-4D97-BC1C-A77650B13FA4}.Release|Win32.ActiveCfg = Release|Win32
		{720615E5-1A0A-4D97-BC1C-A77650B13FA4}.Release|Win32.Build.0 = Release|Win32
		{720615E5-1A0A-4D97-BC1C-A77650B13FA4}.MinSizeRel|Win32.ActiveCfg = MinSizeRel|Win32
		{720615E5-1A0A-4D97-BC1C-A77650B13FA4}.MinSizeRel|Win32.Build.0 = MinSizeRel|Win32
		{720615E5-1A0A-4D97-BC1C-A77650B13FA4}.RelWithDebInfo|Win32.ActiveCfg = RelWithDebInfo|Win32
		{720615E5-1A0A-4D97-BC1C-A77650B13FA4}.RelWithDebInfo|Win32.Build.0 = RelWithDebInfo|Win32
		{B24D3ABA-B5CD-40D9-A66A-EC254920C7F4}.Debug|Win32.ActiveCfg = Debug|Win32
		{B24D3ABA-B5CD-40D9-A66A-EC254920C7F4}.Debug|Win32.Build.0 = Debug|Win32
		{B24D3ABA-B5CD-40D9-A66A-EC254920C7F4}.Release|Win32.ActiveCfg = Release|Win32
		{B24D3ABA-B5CD-40D9-A66A-EC254920C7F4}.Release|Win32.Build.0 = Release|Win32
		{B24D3ABA-B5CD-40D9-A66A-EC254920C7F4}.MinSizeRel|Win32.ActiveCfg = MinSizeRel|Win32
		{B24D3ABA-B5CD-40D9-A66A-EC254920C7F4}.MinSizeRel|Win32.Build.0 = MinSizeRel|Win32
		{B24D3ABA-B5CD-40D9-A66A-EC254920C7F4}.RelWithDebInfo|Win32.ActiveCfg = RelWithDebInfo|Win32
		{B24D3ABA-B5CD-40D9-A66A-EC254920C7F4}.RelWithDebInfo|Win32.Build.0 = RelWithDebInfo|Win32
		{6E5EF824-C449-416A-B49B-C60FEA107F1E}.Debug|Win32.ActiveCfg = Debug|Win32
		{6E5EF824-C449-416A-B49B-C60FEA107F1E}.Debug|Win32.Build.0 = Debug|Win32
		{6E5EF824-C449-416A-B49B-C60FEA107F1E}.Release|Win32.ActiveCfg = Release|Win32
		{6E5EF824-C449-416A-B49B-C60FEA107F1E}.Release|Win32.Build.0 = Release|Win32
		{6E5EF824-C449-416A-B49B-C60FEA107F1E}.MinSizeRel|Win32.ActiveCfg = MinSizeRel|Win32
		{6E5EF824-C449-416A-B49B-C60FEA107F1E}.MinSizeRel|Win32.Build.0 = MinSizeRel|Win32
		{6E5EF824-C449-416A-B49B-C60FEA107F1E}.RelWithDebInfo|Win32.ActiveCfg = RelWithDebInfo|Win32
		{6E5EF824-C449-416A-B49B-C60FEA107F1E}.RelWithDebInfo|Win32.Build.0 = RelWithDebInfo|Win32
		{1981B930-DEF2-4252-8CB9-1EF8F3DDA9CC}.Debug|Win32.ActiveCfg = Debug|Win32
		{1981B930-DEF2-4252-8CB9-1EF8F3DDA9CC}.Debug|Win32.Build.0 = Debug|Win32
		{1981B930-DEF2-4252-8CB9-1EF8F3DDA9CC}.Release|Win32.ActiveCfg = Release|Win32
		{1981B930-DEF2-4252-8CB9-1EF8F3DDA9CC}.Release|Win32.Build.0 = Release|Win32
		{1981B930-DEF2-4252-8CB9-1EF8F3DDA9CC}.MinSizeRel|Win32.ActiveCfg = MinSizeRel|Win32
		{1981B930-DEF2-4252-8CB9-1EF8F3DDA9CC}.MinSizeRel|Win32.Build.0 = MinSizeRel|Win32
		{1981B930-DEF2-4252-8CB9-1EF8F3DDA9CC}.RelWithDebInfo|Win32.ActiveCfg = RelWithDebInfo|Win32
		{1981B930-DEF2-4252-8CB9-1EF8F3DDA9CC}.RelWithDebInfo|Win32.Build.0 = RelWithDebInfo|Win32
		{3BF2C219-7AD9-4772-B59E-6432659AA657}.Debug|Win32.ActiveCfg = Debug|Win32
		{3BF2C219-7AD9-4772-B59E-6432659AA657}.Debug|Win32.Build.0 = Debug|Win32
		{3BF2C219-7AD9-4772-B59E-6432659AA657}.Release|Win32.ActiveCfg = Release|Win32
		{3BF2C219-7AD9-4772-B59E-6432659AA657}.Release|Win32.Build.0 = Release|Win32
		{3BF2C219-7AD9-4772-B59E-6432659AA657}.MinSizeRel|Win32.ActiveCfg = MinSizeRel|Win32
		{3BF2C219-7AD9-4772-B59E-6432659AA657}.MinSizeRel|Win32.Build.0 = MinSizeRel|Win32
		{3BF2C219-7AD9-4772-B59E-6432659AA657}.RelWithDebInfo|Win32.ActiveCfg = RelWithDebInfo|Win32
		{3BF2C219-7AD9-4772-B59E-6432659AA657}.RelWithDebInfo|Win32.Build.0 = RelWithDebInfo|Win32
		{DDB61CBF-BC0F-4382-B0F7-C36A4D069747}.Debug|Win32.ActiveCfg = Debug|Win32
		{DDB61CBF-BC0F-4382-B0F7-C36A4D069747}.Debug|Win32.Build.0 = Debug|Win32
		{DDB61CBF-BC0F-4382-B0F7-C36A4D069747}.Release|Win32.ActiveCfg = Release|Win32
		{DDB61CBF-BC0F-4382-B0F7-C36A4D069747}.Release|Win32.Build.0 = Release|Win32
		{DDB61CBF-BC0F-4382-B0F7-C36A4D069747}.MinSizeRel|Win32.ActiveCfg = MinSizeRel|Win32
		{DDB61CBF-BC0F-4382-B0F7-C36A4D069747}.MinSizeRel|Win32.Build.0 = MinSizeRel|Win32
		{DDB61CBF-BC0F-4382-B0F7-C36A4D069747}.RelWithDebInfo|Win32.ActiveCfg = RelWithDebInfo|Win32
		{DDB61CBF-BC0F-4382-B0F7-C36A4D069747}.RelWithDebInfo|Win32.Build.0 = RelWithDebInfo|Win32
		{38AFC7A2-D201-42E9-9FBB-178FAC3237FA}.Debug|Win32.ActiveCfg = Debug|Win32
		{38AFC7A2-D201-42E9-9FBB-178FAC3237FA}.Debug|Win32.Build.0 = Debug|Win32
		{38AFC7A2-D201-42E9-9FBB-178FAC3237FA}.Release|Win32.ActiveCfg = Release|Win32
		{38AFC7A2-D201-42E9-9FBB-178FAC3237FA}.Release|Win32.Build.0 = Release|Win32
		{38AFC7A2-D201-42E9-9FBB-178FAC3237FA}.MinSizeRel|Win32.ActiveCfg = MinSizeRel|Win32
		{38AFC7A2-D201-42E9-9FBB-178FAC3237FA}.MinSizeRel|Win32.Build.0 = MinSizeRel|Win32
		{38AFC7A2-D201-42E9-9FBB-178FAC3237FA}.RelWithDebInfo|Win32.ActiveCfg = RelWithDebInfo|Win32
		{38AFC7A2-D201-42E9-9FBB-178FAC3237FA}.RelWithDebInfo|Win32.Build.0 = RelWithDebInfo|Win32
		{9277446F-0311-45BC-BD4C-8501F6B94835}.Debug|Win32.ActiveCfg = Debug|Win32
		{9277446F-0311-45BC-BD4C-8501F6B94835}.Debug|Win32.Build.0 = Debug|Win32
		{9277446F-0311-45BC-BD4C-8501F6B94835}.Release|Win32.ActiveCfg = Release|Win32
		{9277446F-0311-45BC-BD4C-8501F6B94835}.Release|Win32.Build.0 = Release|Win32
		{9277446F-0311-45BC-BD4C-8501F6B94835}.MinSizeRel|Win32.ActiveCfg = MinSizeRel|Win32
		{9277446F-0311-45BC-BD4C-8501F6B94835}.MinSizeRel|Win32.Build.0 = MinSizeRel|Win32
		{9277446F-0311-45BC-BD4C-8501F6B94835}.RelWithDebInfo|Win32.ActiveCfg = RelWithDebInfo|Win32
		{9277446F-0311-45BC-BD4C-8501F6B94835}.RelWithDebInfo|Win32.Build.0 = RelWithDebInfo|Win32
		{A7CDA74E-D709-4882-869A-946E182F6520}.Debug|Win32.ActiveCfg = Debug|Win32
		{A7CDA74E-D709-4882-869A-946E182F6520}.Debug|Win32.Build.0 = Debug|Win32
		{A7CDA74E-D709-4882-869A-946E182F6520}.Release|Win32.ActiveCfg = Release|Win32
		{A7CDA74E-D709-4882-869A-946E182F6520}.Release|Win32.Build.0 = Release|Win32
		{A7CDA74E-D709-4882-869A-946E182F6520}.MinSizeRel|Win32.ActiveCfg = MinSizeRel|Win32
		{A7CDA74E-D709-4882-869A-946E182F6520}.MinSizeRel|Win32.Build.0 = MinSizeRel|Win32
		{A7CDA74E-D709-4882-869A-946E182F6520}.RelWithDebInfo|Win32.ActiveCfg = RelWithDebInfo|Win32
		{A7CDA74E-D709-4882-869A-946E182F6520}.RelWithDebInfo|Win32.Build.0 = RelWithDebInfo|Win32
		{7004FA68-E7DF-426F-88FD-57423361344E}.Debug|Win32.ActiveCfg = Debug|Win32
		{7004FA68-E7DF-426F-88FD-57423361344E}.Debug|Win32.Build.0 = Debug|Win32
		{7004FA68-E7DF-426F-88FD-57423361344E}.Release|Win32.ActiveCfg = Release|Win32
		{7004FA68-E7DF-426F-88FD-57423361344E}.Release|Win32.Build.0 = Release|Win32
		{7004FA68-E7DF-426F-88FD-57423361344E}.MinSizeRel|Win32.ActiveCfg = MinSizeRel|Win32
		{7004FA68-E7DF-426F-88FD-57423361344E}.MinSizeRel|Win32.Build.0 = MinSizeRel|Win32
		{7004FA68-E7DF-426F-88FD-57423361344E}.RelWithDebInfo|Win32.ActiveCfg = RelWithDebInfo|Win32
		{7004FA68-E7DF-426F-88FD-57423361344E}.RelWithDebInfo|Win32.Build.0 = RelWithDebInfo|Win32
		{5EA1C96C-3F09-47D3-A80F-0191405EA35F}.Debug|Win32.ActiveCfg = Debug|Win32
		{5EA1C96C-3F09-47D3-A80F-0191405EA35F}.Debug|Win32.Build.0 = Debug|Win32
		{5EA1C96C-3F09-47D3-A80F-0191405EA35F}.Release|Win32.ActiveCfg = Release|Win32
		{5EA1C96C-3F09-47D3-A80F-0191405EA35F}.Release|Win32.Build.0 = Release|Win32
		{5EA1C96C-3F09-47D3-A80F-0191405EA35F}.MinSizeRel|Win32.ActiveCfg = MinSizeRel|Win32
		{5EA1C96C-3F09-47D3-A80F-0191405EA35F}.MinSizeRel|Win32.Build.0 = MinSizeRel|Win32
		{5EA1C96C-3F09-47D3-A80F-0191405EA35F}.RelWithDebInfo|Win32.ActiveCfg = RelWithDebInfo|Win32
		{5EA1C96C-3F09-47D3-A80F-0191405EA35F}.RelWithDebInfo|Win32.Build.0 = RelWithDebInfo|Win32
		{AA97244E-0793-425A-B37D-C3199B8EA9AE}.Debug|Win32.ActiveCfg = Debug|Win32
		{AA97244E-0793-425A-B37D-C3199B8EA9AE}.Debug|Win32.Build.0 = Debug|Win32
		{AA97244E-0793-425A-B37D-C3199B8EA9AE}.Release|Win32.ActiveCfg = Release|Win32
		{AA97244E-0793-425A-B37D-C3199B8EA9AE}.Release|Win32.Build.0 = Release|Win32
		{AA97244E-0793-425A-B37D-C3199B8EA9AE}.MinSizeRel|Win32.ActiveCfg = MinSizeRel|Win32
		{AA97244E-0793-425A-B37D-C3199B8EA9AE}.MinSizeRel|Win32.Build.0 = MinSizeRel|Win32
		{AA97244E-0793-425A-B37D-C3199B8EA9AE}.RelWithDebInfo|Win32.ActiveCfg = RelWithDebInfo|Win32
		{AA97244E-0793-425A-B37D-C3199B8EA9AE}.RelWithDebInfo|Win32.Build.0 = RelWithDebInfo|Win32
		{03D7F530-E7D1-441B-8844-71444BE02D9F}.Debug|Win32.ActiveCfg = Debug|Win32
		{03D7F530-E7D1-441B-8844-71444BE02D9F}.Debug|Win32.Build.0 = Debug|Win32
		{03D7F530-E7D1-441B-8844-71444BE02D9F}.Release|Win32.ActiveCfg = Release|Win32
		{03D7F530-E7D1-441B-8844-71444BE02D9F}.Release|Win32.Build.0 = Release|Win32
		{03D7F530-E7D1-441B-8844-71444BE02D9F}.MinSizeRel|Win32.ActiveCfg = MinSizeRel|Win32
		{03D7F530-E7D1-441B-8844-71444BE02D9F}.MinSizeRel|Win32.Build.0 = MinSizeRel|Win32
		{03D7F530-E7D1-441B-8844-71444BE02D9F}.RelWithDebInfo|Win32.ActiveCfg = RelWithDebInfo|Win32
		{03D7F530-E7D1-441B-8844-71444BE02D9F}.RelWithDebInfo|Win32.Build.0 = RelWithDebInfo|Win32
		{D3BF45A4-2503-4D2A-A436-11F18F397F6A}.Debug|Win32.ActiveCfg = Debug|Win32
		{D3BF45A4-2503-4D2A-A436-11F18F397F6A}.Debug|Win32.Build.0 = Debug|Win32
		{D3BF45A4-2503-4D2A-A436-11F18F397F6A}.Release|Win32.ActiveCfg = Release|Win32
		{D3BF45A4-2503-4D2A-A436-11F18F397F6A}.Release|Win32.Build.0 = Release|Win32
		{D3BF45A4-2503-4D2A-A436-11F18F397F6A}.MinSizeRel|Win32.ActiveCfg = MinSizeRel|Win32
		{D3BF45A4-2503-4D2A-A436-11F18F397F6A}.MinSizeRel|Win32.Build.0 = MinSizeRel|Win32
		{D3BF45A4-2503-4D2A-A436-11F18F397F6A}.RelWithDebInfo|Win32.ActiveCfg = RelWithDebInfo|Win32
		{D3BF45A4-2503-4D2A-A436-11F18F397F6A}.RelWithDebInfo|Win32.Build.0 = RelWithDebInfo|Win32
		{82931AE9-F0A2-41AA-875F-CD9E3F06DFEF}.Debug|Win32.ActiveCfg = Debug|Win32
		{82931AE9-F0A2-41AA-875F-CD9E3F06DFEF}.Debug|Win32.Build.0 = Debug|Win32
		{82931AE9-F0A2-41AA-875F-CD9E3F06DFEF}.Release|Win32.ActiveCfg = Release|Win32
		{82931AE9-F0A2-41AA-875F-CD9E3F06DFEF}.Release|Win32.Build.0 = Release|Win32
		{82931AE9-F0A2-41AA-875F-CD9E3F06DFEF}.MinSizeRel|Win32.ActiveCfg = MinSizeRel|Win32
		{82931AE9-F0A2-41AA-875F-CD9E3F06DFEF}.MinSizeRel|Win32.Build.0 = MinSizeRel|Win32
		{82931AE9-F0A2-41AA-875F-CD9E3F06DFEF}.RelWithDebInfo|Win32.ActiveCfg = RelWithDebInfo|Win32
		{82931AE9-F0A2-41AA-875F-CD9E3F06DFEF}.RelWithDebInfo|Win32.Build.0 = RelWithDebInfo|Win32
		{F38307A9-0758-46F6-A1A2-FB877332BD28}.Debug|Win32.ActiveCfg = Debug|Win32
		{F38307A9-0758-46F6-A1A2-FB877332BD28}.Debug|Win32.Build.0 = Debug|Win32
		{F38307A9-0758-46F6-A1A2-FB877332BD28}.Release|Win32.ActiveCfg = Release|Win32
		{F38307A9-0758-46F6-A1A2-FB877332BD28}.Release|Win32.Build.0 = Release|Win32
		{F38307A9-0758-46F6-A1A2-FB877332BD28}.MinSizeRel|Win32.ActiveCfg = MinSizeRel|Win32
		{F38307A9-0758-46F6-A1A2-FB877332BD28}.MinSizeRel|Win32.Build.0 = MinSizeRel|Win32
		{F38307A9-0758-46F6-A1A2-FB877332BD28}.RelWithDebInfo|Win32.ActiveCfg = RelWithDebInfo|Win32
		{F38307A9-0758-46F6-A1A2-FB877332BD28}.RelWithDebInfo|Win32.Build.0 = RelWithDebInfo|Win32
		{497A954D-A918-40CD-95FE-FF4361A9B1E7}.Debug|Win32.ActiveCfg = Debug|Win32
		{497A954D-A918-40CD-95FE-FF4361A9B1E7}.Debug|Win32.Build.0 = Debug|Win32
		{497A954D-A918-40CD-95FE-FF4361A9B1E7}.Release|Win32.ActiveCfg = Release|Win32
		{497A954D-A918-40CD-95FE-FF4361A9B1E7}.Release|Win32.Build.0 = Release|Win32
		{497A954D-A918-40CD-95FE-FF4361A9B1E7}.MinSizeRel|Win32.ActiveCfg = MinSizeRel|Win32
		{497A954D-A918-40CD-95FE-FF4361A9B1E7}.MinSizeRel|Win32.Build.0 = MinSizeRel|Win32
		{497A954D-A918-40CD-95FE-FF4361A9B1E7}.RelWithDebInfo|Win32.ActiveCfg = RelWithDebInfo|Win32
		{497A954D-A918-40CD-95FE-FF4361A9B1E7}.RelWithDebInfo|Win32.Build.0 = RelWithDebInfo|Win32
		{377A3342-6A63-42B9-8A3B-BA940F622E4A}.Debug|Win32.ActiveCfg = Debug|Win32
		{377A3342-6A63-42B9-8A3B-BA940F622E4A}.Debug|Win32.Build.0 = Debug|Win32
		{377A3342-6A63-42B9-8A3B-BA940F622E4A}.Release|Win32.ActiveCfg = Release|Win32
		{377A3342-6A63-42B9-8A3B-BA940F622E4A}.Release|Win32.Build.0 = Release|Win32
		{377A3342-6A63-42B9-8A3B-BA940F622E4A}.MinSizeRel|Win32.ActiveCfg = MinSizeRel|Win32
		{377A3342-6A63-42B9-8A3B-BA940F622E4A}.MinSizeRel|Win32.Build.0 = MinSizeRel|Win32
		{377A3342-6A63-42B9-8A3B-BA940F622E4A}.RelWithDebInfo|Win32.ActiveCfg = RelWithDebInfo|Win32
		{377A3342-6A63-42B9-8A3B-BA940F622E4A}.RelWithDebInfo|Win32.Build.0 = RelWithDebInfo|Win32
		{C30EABDB-E101-4026-9183-EEE78594E798}.Debug|Win32.ActiveCfg = Debug|Win32
		{C30EABDB-E101-4026-9183-EEE78594E798}.Debug|Win32.Build.0 = Debug|Win32
		{C30EABDB-E101-4026-9183-EEE78594E798}.Release|Win32.ActiveCfg = Release|Win32
		{C30EABDB-E101-4026-9183-EEE78594E798}.Release|Win32.Build.0 = Release|Win32
		{C30EABDB-E101-4026-9183-EEE78594E798}.MinSizeRel|Win32.ActiveCfg = MinSizeRel|Win32
		{C30EABDB-E101-4026-9183-EEE78594E798}.MinSizeRel|Win32.Build.0 = MinSizeRel|Win32
		{C30EABDB-E101-4026-9183-EEE78594E798}.RelWithDebInfo|Win32.ActiveCfg = RelWithDebInfo|Win32
		{C30EABDB-E101-4026-9183-EEE78594E798}.RelWithDebInfo|Win32.Build.0 = RelWithDebInfo|Win32
		{22C3168C-9864-4B74-A8ED-DA461141C94D}.Debug|Win32.ActiveCfg = Debug|Win32
		{22C3168C-9864-4B74-A8ED-DA461141C94D}.Debug|Win32.Build.0 = Debug|Win32
		{22C3168C-9864-4B74-A8ED-DA461141C94D}.Release|Win32.ActiveCfg = Release|Win32
		{22C3168C-9864-4B74-A8ED-DA461141C94D}.Release|Win32.Build.0 = Release|Win32
		{22C3168C-9864-4B74-A8ED-DA461141C94D}.MinSizeRel|Win32.ActiveCfg = MinSizeRel|Win32
		{22C3168C-9864-4B74-A8ED-DA461141C94D}.MinSizeRel|Win32.Build.0 = MinSizeRel|Win32
		{22C3168C-9864-4B74-A8ED-DA461141C94D}.RelWithDebInfo|Win32.ActiveCfg = RelWithDebInfo|Win32
		{22C3168C-9864-4B74-A8ED-DA461141C94D}.RelWithDebInfo|Win32.Build.0 = RelWithDebInfo|Win32
		{48FAD0AB-F75D-4F8D-86BA-760713B0FB4C}.Debug|Win32.ActiveCfg = Debug|Win32
		{48FAD0AB-F75D-4F8D-86BA-760713B0FB4C}.Debug|Win32.Build.0 = Debug|Win32
		{48FAD0AB-F75D-4F8D-86BA-760713B0FB4C}.Release|Win32.ActiveCfg = Release|Win32
		{48FAD0AB-F75D-4F8D-86BA-760713B0FB4C}.Release|Win32.Build.0 = Release|Win32
		{48FAD0AB-F75D-4F8D-86BA-760713B0FB4C}.MinSizeRel|Win32.ActiveCfg = MinSizeRel|Win32
		{48FAD0AB-F75D-4F8D-86BA-760713B0FB4C}.MinSizeRel|Win32.Build.0 = MinSizeRel|Win32
		{48FAD0AB-F75D-4F8D-86BA-760713B0FB4C}.RelWithDebInfo|Win32.ActiveCfg = RelWithDebInfo|Win32
		{48FAD0AB-F75D-4F8D-86BA-760713B0FB4C}.RelWithDebInfo|Win32.Build.0 = RelWithDebInfo|Win32
		{7487EF80-5CBB-4D29-A57D-35E5B3040F59}.Debug|Win32.ActiveCfg = Debug|Win32
		{7487EF80-5CBB-4D29-A57D-35E5B3040F59}.Debug|Win32.Build.0 = Debug|Win32
		{7487EF80-5CBB-4D29-A57D-35E5B3040F59}.Release|Win32.ActiveCfg = Release|Win32
		{7487EF80-5CBB-4D29-A57D-35E5B3040F59}.Release|Win32.Build.0 = Release|Win32
		{7487EF80-5CBB-4D29-A57D-35E5B3040F59}.MinSizeRel|Win32.ActiveCfg = MinSizeRel|Win32
		{7487EF80-5CBB-4D29-A57D-35E5B3040F59}.MinSizeRel|Win32.Build.0 = MinSizeRel|Win32
		{7487EF80-5CBB-4D29-A57D-35E5B3040F59}.RelWithDebInfo|Win32.ActiveCfg = RelWithDebInfo|Win32
		{7487EF80-5CBB-4D29-A57D-35E5B3040F59}.RelWithDebInfo|Win32.Build.0 = RelWithDebInfo|Win32
		{930B8627-B4BB-4375-BDE1-AB6A4A17217E}.Debug|Win32.ActiveCfg = Debug|Win32
		{930B8627-B4BB-4375-BDE1-AB6A4A17217E}.Debug|Win32.Build.0 = Debug|Win32
		{930B8627-B4BB-4375-BDE1-AB6A4A17217E}.Release|Win32.ActiveCfg = Release|Win32
		{930B8627-B4BB-4375-BDE1-AB6A4A17217E}.Release|Win32.Build.0 = Release|Win32
		{930B8627-B4BB-4375-BDE1-AB6A4A17217E}.MinSizeRel|Win32.ActiveCfg = MinSizeRel|Win32
		{930B8627-B4BB-4375-BDE1-AB6A4A17217E}.MinSizeRel|Win32.Build.0 = MinSizeRel|Win32
		{930B8627-B4BB-4375-BDE1-AB6A4A17217E}.RelWithDebInfo|Win32.ActiveCfg = RelWithDebInfo|Win32
		{930B8627-B4BB-4375-BDE1-AB6A4A17217E}.RelWithDebInfo|Win32.Build.0 = RelWithDebInfo|Win32
		{CEA6DCA1-9EE7-4D66-B838-87E47CA59704}.Debug|Win32.ActiveCfg = Debug|Win32
		{CEA6DCA1-9EE7-4D66-B838-87E47CA59704}.Debug|Win32.Build.0 = Debug|Win32
		{CEA6DCA1-9EE7-4D66-B838-87E47CA59704}.Release|Win32.ActiveCfg = Release|Win32
		{CEA6DCA1-9EE7-4D66-B838-87E47CA59704}.Release|Win32.Build.0 = Release|Win32
		{CEA6DCA1-9EE7-4D66-B838-87E47CA59704}.MinSizeRel|Win32.ActiveCfg = MinSizeRel|Win32
		{CEA6DCA1-9EE7-4D66-B838-87E47CA59704}.MinSizeRel|Win32.Build.0 = MinSizeRel|Win32
		{CEA6DCA1-9EE7-4D66-B838-87E47CA59704}.RelWithDebInfo|Win32.ActiveCfg = RelWithDebInfo|Win32
		{CEA6DCA1-9EE7-4D66-B838-87E47CA59704}.RelWithDebInfo|Win32.Build.0 = RelWithDebInfo|Win32
		{5A3C4728-F9EC-4EF9-B2F3-943F025C87C3}.Debug|Win32.ActiveCfg = Debug|Win32
		{5A3C4728-F9EC-4EF9-B2F3-943F025C87C3}.Debug|Win32.Build.0 = Debug|Win32
		{5A3C4728-F9EC-4EF9-B2F3-943F025C87C3}.Release|Win32.ActiveCfg = Release|Win32
		{5A3C4728-F9EC-4EF9-B2F3-943F025C87C3}.Release|Win32.Build.0 = Release|Win32
		{5A3C4728-F9EC-4EF9-B2F3-943F025C87C3}.MinSizeRel|Win32.ActiveCfg = MinSizeRel|Win32
		{5A3C4728-F9EC-4EF9-B2F3-943F025C87C3}.MinSizeRel|Win32.Build.0 = MinSizeRel|Win32
		{5A3C4728-F9EC-4EF9-B2F3-943F025C87C3}.RelWithDebInfo|Win32.ActiveCfg = RelWithDebInfo|Win32
		{5A3C4728-F9EC-4EF9-B2F3-943F025C87C3}.RelWithDebInfo|Win32.Build.0 = RelWithDebInfo|Win32
		{61EA0758-FE52-436E-9760-6A784BA59A1F}.Debug|Win32.ActiveCfg = Debug|Win32
		{61EA0758-FE52-436E-9760-6A784BA59A1F}.Debug|Win32.Build.0 = Debug|Win32
		{61EA0758-FE52-436E-9760-6A784BA59A1F}.Release|Win32.ActiveCfg = Release|Win32
		{61EA0758-FE52-436E-9760-6A784BA59A1F}.Release|Win32.Build.0 = Release|Win32
		{61EA0758-FE52-436E-9760-6A784BA59A1F}.MinSizeRel|Win32.ActiveCfg = MinSizeRel|Win32
		{61EA0758-FE52-436E-9760-6A784BA59A1F}.MinSizeRel|Win32.Build.0 = MinSizeRel|Win32
		{61EA0758-FE52-436E-9760-6A784BA59A1F}.RelWithDebInfo|Win32.ActiveCfg = RelWithDebInfo|Win32
		{61EA0758-FE52-436E-9760-6A784BA59A1F}.RelWithDebInfo|Win32.Build.0 = RelWithDebInfo|Win32
		{AF61B6B8-2B3E-42DA-A317-BF4F8524D4E7}.Debug|Win32.ActiveCfg = Debug|Win32
		{AF61B6B8-2B3E-42DA-A317-BF4F8524D4E7}.Debug|Win32.Build.0 = Debug|Win32
		{AF61B6B8-2B3E-42DA-A317-BF4F8524D4E7}.Release|Win32.ActiveCfg = Release|Win32
		{AF61B6B8-2B3E-42DA-A317-BF4F8524D4E7}.Release|Win32.Build.0 = Release|Win32
		{AF61B6B8-2B3E-42DA-A317-BF4F8524D4E7}.MinSizeRel|Win32.ActiveCfg = MinSizeRel|Win32
		{AF61B6B8-2B3E-42DA-A317-BF4F8524D4E7}.MinSizeRel|Win32.Build.0 = MinSizeRel|Win32
		{AF61B6B8-2B3E-42DA-A317-BF4F8524D4E7}.RelWithDebInfo|Win32.ActiveCfg = RelWithDebInfo|Win32
		{AF61B6B8-2B3E-42DA-A317-BF4F8524D4E7}.RelWithDebInfo|Win32.Build.0 = RelWithDebInfo|Win32
		{D11FFB16-6CD0-4478-8D0A-D8D416DE5469}.Debug|Win32.ActiveCfg = Debug|Win32
		{D11FFB16-6CD0-4478-8D0A-D8D416DE5469}.Debug|Win32.Build.0 = Debug|Win32
		{D11FFB16-6CD0-4478-8D0A-D8D416DE5469}.Release|Win32.ActiveCfg = Release|Win32
		{D11FFB16-6CD0-4478-8D0A-D8D416DE5469}.Release|Win32.Build.0 = Release|Win32
		{D11FFB16-6CD0-4478-8D0A-D8D416DE5469}.MinSizeRel|Win32.ActiveCfg = MinSizeRel|Win32
		{D11FFB16-6CD0-4478-8D0A-D8D416DE5469}.MinSizeRel|Win32.Build.0 = MinSizeRel|Win32
		{D11FFB16-6CD0-4478-8D0A-D8D416DE5469}.RelWithDebInfo|Win32.ActiveCfg = RelWithDebInfo|Win32
		{D11FFB16-6CD0-4478-8D0A-D8D416DE5469}.RelWithDebInfo|Win32.Build.0 = RelWithDebInfo|Win32
		{B93DB20B-41D7-4D78-AF49-9AA06E50837F}.Debug|Win32.ActiveCfg = Debug|Win32
		{B93DB20B-41D7-4D78-AF49-9AA06E50837F}.Debug|Win32.Build.0 = Debug|Win32
		{B93DB20B-41D7-4D78-AF49-9AA06E50837F}.Release|Win32.ActiveCfg = Release|Win32
		{B93DB20B-41D7-4D78-AF49-9AA06E50837F}.Release|Win32.Build.0 = Release|Win32
		{B93DB20B-41D7-4D78-AF49-9AA06E50837F}.MinSizeRel|Win32.ActiveCfg = MinSizeRel|Win32
		{B93DB20B-41D7-4D78-AF49-9AA06E50837F}.MinSizeRel|Win32.Build.0 = MinSizeRel|Win32
		{B93DB20B-41D7-4D78-AF49-9AA06E50837F}.RelWithDebInfo|Win32.ActiveCfg = RelWithDebInfo|Win32
		{B93DB20B-41D7-4D78-AF49-9AA06E50837F}.RelWithDebInfo|Win32.Build.0 = RelWithDebInfo|Win32
		{651E7E85-4589-409D-A221-3D34583F0DA3}.Debug|Win32.ActiveCfg = Debug|Win32
		{651E7E85-4589-409D-A221-3D34583F0DA3}.Debug|Win32.Build.0 = Debug|Win32
		{651E7E85-4589-409D-A221-3D34583F0DA3}.Release|Win32.ActiveCfg = Release|Win32
		{651E7E85-4589-409D-A221-3D34583F0DA3}.Release|Win32.Build.0 = Release|Win32
		{651E7E85-4589-409D-A221-3D34583F0DA3}.MinSizeRel|Win32.ActiveCfg = MinSizeRel|Win32
		{651E7E85-4589-409D-A221-3D34583F0DA3}.MinSizeRel|Win32.Build.0 = MinSizeRel|Win32
		{651E7E85-4589-409D-A221-3D34583F0DA3}.RelWithDebInfo|Win32.ActiveCfg = RelWithDebInfo|Win32
		{651E7E85-4589-409D-A221-3D34583F0DA3}.RelWithDebInfo|Win32.Build.0 = RelWithDebInfo|Win32
		{85B30A14-0FCA-4ECF-B5C3-C22F4F820E71}.Debug|Win32.ActiveCfg = Debug|Win32
		{85B30A14-0FCA-4ECF-B5C3-C22F4F820E71}.Debug|Win32.Build.0 = Debug|Win32
		{85B30A14-0FCA-4ECF-B5C3-C22F4F820E71}.Release|Win32.ActiveCfg = Release|Win32
		{85B30A14-0FCA-4ECF-B5C3-C22F4F820E71}.Release|Win32.Build.0 = Release|Win32
		{85B30A14-0FCA-4ECF-B5C3-C22F4F820E71}.MinSizeRel|Win32.ActiveCfg = MinSizeRel|Win32
		{85B30A14-0FCA-4ECF-B5C3-C22F4F820E71}.MinSizeRel|Win32.Build.0 = MinSizeRel|Win32
		{85B30A14-0FCA-4ECF-B5C3-C22F4F820E71}.RelWithDebInfo|Win32.ActiveCfg = RelWithDebInfo|Win32
		{85B30A14-0FCA-4ECF-B5C3-C22F4F820E71}.RelWithDebInfo|Win32.Build.0 = RelWithDebInfo|Win32
		{8954986D-66AF-46F1-BEE2-C1D50418AAD9}.Debug|Win32.ActiveCfg = Debug|Win32
		{8954986D-66AF-46F1-BEE2-C1D50418AAD9}.Debug|Win32.Build.0 = Debug|Win32
		{8954986D-66AF-46F1-BEE2-C1D50418AAD9}.Release|Win32.ActiveCfg = Release|Win32
		{8954986D-66AF-46F1-BEE2-C1D50418AAD9}.Release|Win32.Build.0 = Release|Win32
		{8954986D-66AF-46F1-BEE2-C1D50418AAD9}.MinSizeRel|Win32.ActiveCfg = MinSizeRel|Win32
		{8954986D-66AF-46F1-BEE2-C1D50418AAD9}.MinSizeRel|Win32.Build.0 = MinSizeRel|Win32
		{8954986D-66AF-46F1-BEE2-C1D50418AAD9}.RelWithDebInfo|Win32.ActiveCfg = RelWithDebInfo|Win32
		{8954986D-66AF-46F1-BEE2-C1D50418AAD9}.RelWithDebInfo|Win32.Build.0 = RelWithDebInfo|Win32
		{648A4104-6CFF-4A2B-BE41-AC45795D94D4}.Debug|Win32.ActiveCfg = Debug|Win32
		{648A4104-6CFF-4A2B-BE41-AC45795D94D4}.Debug|Win32.Build.0 = Debug|Win32
		{648A4104-6CFF-4A2B-BE41-AC45795D94D4}.Release|Win32.ActiveCfg = Release|Win32
		{648A4104-6CFF-4A2B-BE41-AC45795D94D4}.Release|Win32.Build.0 = Release|Win32
		{648A4104-6CFF-4A2B-BE41-AC45795D94D4}.MinSizeRel|Win32.ActiveCfg = MinSizeRel|Win32
		{648A4104-6CFF-4A2B-BE41-AC45795D94D4}.MinSizeRel|Win32.Build.0 = MinSizeRel|Win32
		{648A4104-6CFF-4A2B-BE41-AC45795D94D4}.RelWithDebInfo|Win32.ActiveCfg = RelWithDebInfo|Win32
		{648A4104-6CFF-4A2B-BE41-AC45795D94D4}.RelWithDebInfo|Win32.Build.0 = RelWithDebInfo|Win32
		{7C883191-66EF-4378-A52D-99F6DA37D772}.Debug|Win32.ActiveCfg = Debug|Win32
		{7C883191-66EF-4378-A52D-99F6DA37D772}.Debug|Win32.Build.0 = Debug|Win32
		{7C883191-66EF-4378-A52D-99F6DA37D772}.Release|Win32.ActiveCfg = Release|Win32
		{7C883191-66EF-4378-A52D-99F6DA37D772}.Release|Win32.Build.0 = Release|Win32
		{7C883191-66EF-4378-A52D-99F6DA37D772}.MinSizeRel|Win32.ActiveCfg = MinSizeRel|Win32
		{7C883191-66EF-4378-A52D-99F6DA37D772}.MinSizeRel|Win32.Build.0 = MinSizeRel|Win32
		{7C883191-66EF-4378-A52D-99F6DA37D772}.RelWithDebInfo|Win32.ActiveCfg = RelWithDebInfo|Win32
		{7C883191-66EF-4378-A52D-99F6DA37D772}.RelWithDebInfo|Win32.Build.0 = RelWithDebInfo|Win32
		{82C7539B-6E2E-480F-B340-C4368126EB7C}.Debug|Win32.ActiveCfg = Debug|Win32
		{82C7539B-6E2E-480F-B340-C4368126EB7C}.Debug|Win32.Build.0 = Debug|Win32
		{82C7539B-6E2E-480F-B340-C4368126EB7C}.Release|Win32.ActiveCfg = Release|Win32
		{82C7539B-6E2E-480F-B340-C4368126EB7C}.Release|Win32.Build.0 = Release|Win32
		{82C7539B-6E2E-480F-B340-C4368126EB7C}.MinSizeRel|Win32.ActiveCfg = MinSizeRel|Win32
		{82C7539B-6E2E-480F-B340-C4368126EB7C}.MinSizeRel|Win32.Build.0 = MinSizeRel|Win32
		{82C7539B-6E2E-480F-B340-C4368126EB7C}.RelWithDebInfo|Win32.ActiveCfg = RelWithDebInfo|Win32
		{82C7539B-6E2E-480F-B340-C4368126EB7C}.RelWithDebInfo|Win32.Build.0 = RelWithDebInfo|Win32
		{C4768DF4-391D-4A52-AE0C-F1365123B472}.Debug|Win32.ActiveCfg = Debug|Win32
		{C4768DF4-391D-4A52-AE0C-F1365123B472}.Debug|Win32.Build.0 = Debug|Win32
		{C4768DF4-391D-4A52-AE0C-F1365123B472}.Release|Win32.ActiveCfg = Release|Win32
		{C4768DF4-391D-4A52-AE0C-F1365123B472}.Release|Win32.Build.0 = Release|Win32
		{C4768DF4-391D-4A52-AE0C-F1365123B472}.MinSizeRel|Win32.ActiveCfg = MinSizeRel|Win32
		{C4768DF4-391D-4A52-AE0C-F1365123B472}.MinSizeRel|Win32.Build.0 = MinSizeRel|Win32
		{C4768DF4-391D-4A52-AE0C-F1365123B472}.RelWithDebInfo|Win32.ActiveCfg = RelWithDebInfo|Win32
		{C4768DF4-391D-4A52-AE0C-F1365123B472}.RelWithDebInfo|Win32.Build.0 = RelWithDebInfo|Win32
		{BEBBC870-F277-4B35-8435-55193B6EA670}.Debug|Win32.ActiveCfg = Debug|Win32
		{BEBBC870-F277-4B35-8435-55193B6EA670}.Debug|Win32.Build.0 = Debug|Win32
		{BEBBC870-F277-4B35-8435-55193B6EA670}.Release|Win32.ActiveCfg = Release|Win32
		{BEBBC870-F277-4B35-8435-55193B6EA670}.Release|Win32.Build.0 = Release|Win32
		{BEBBC870-F277-4B35-8435-55193B6EA670}.MinSizeRel|Win32.ActiveCfg = MinSizeRel|Win32
		{BEBBC870-F277-4B35-8435-55193B6EA670}.MinSizeRel|Win32.Build.0 = MinSizeRel|Win32
		{BEBBC870-F277-4B35-8435-55193B6EA670}.RelWithDebInfo|Win32.ActiveCfg = RelWithDebInfo|Win32
		{BEBBC870-F277-4B35-8435-55193B6EA670}.RelWithDebInfo|Win32.Build.0 = RelWithDebInfo|Win32
		{0FAAF180-805F-4CE6-B75C-367AC37CFB61}.Debug|Win32.ActiveCfg = Debug|Win32
		{0FAAF180-805F-4CE6-B75C-367AC37CFB61}.Debug|Win32.Build.0 = Debug|Win32
		{0FAAF180-805F-4CE6-B75C-367AC37CFB61}.Release|Win32.ActiveCfg = Release|Win32
		{0FAAF180-805F-4CE6-B75C-367AC37CFB61}.Release|Win32.Build.0 = Release|Win32
		{0FAAF180-805F-4CE6-B75C-367AC37CFB61}.MinSizeRel|Win32.ActiveCfg = MinSizeRel|Win32
		{0FAAF180-805F-4CE6-B75C-367AC37CFB61}.MinSizeRel|Win32.Build.0 = MinSizeRel|Win32
		{0FAAF180-805F-4CE6-B75C-367AC37CFB61}.RelWithDebInfo|Win32.ActiveCfg = RelWithDebInfo|Win32
		{0FAAF180-805F-4CE6-B75C-367AC37CFB61}.RelWithDebInfo|Win32.Build.0 = RelWithDebInfo|Win32
		{ACD45727-CAED-4A93-B2F0-CFB38C6A1C70}.Debug|Win32.ActiveCfg = Debug|Win32
		{ACD45727-CAED-4A93-B2F0-CFB38C6A1C70}.Debug|Win32.Build.0 = Debug|Win32
		{ACD45727-CAED-4A93-B2F0-CFB38C6A1C70}.Release|Win32.ActiveCfg = Release|Win32
		{ACD45727-CAED-4A93-B2F0-CFB38C6A1C70}.Release|Win32.Build.0 = Release|Win32
		{ACD45727-CAED-4A93-B2F0-CFB38C6A1C70}.MinSizeRel|Win32.ActiveCfg = MinSizeRel|Win32
		{ACD45727-CAED-4A93-B2F0-CFB38C6A1C70}.MinSizeRel|Win32.Build.0 = MinSizeRel|Win32
		{ACD45727-CAED-4A93-B2F0-CFB38C6A1C70}.RelWithDebInfo|Win32.ActiveCfg = RelWithDebInfo|Win32
		{ACD45727-CAED-4A93-B2F0-CFB38C6A1C70}.RelWithDebInfo|Win32.Build.0 = RelWithDebInfo|Win32
		{64DE5547-AC40-4796-92B0-83CCA5D53D03}.Debug|Win32.ActiveCfg = Debug|Win32
		{64DE5547-AC40-4796-92B0-83CCA5D53D03}.Debug|Win32.Build.0 = Debug|Win32
		{64DE5547-AC40-4796-92B0-83CCA5D53D03}.Release|Win32.ActiveCfg = Release|Win32
		{64DE5547-AC40-4796-92B0-83CCA5D53D03}.Release|Win32.Build.0 = Release|Win32
		{64DE5547-AC40-4796-92B0-83CCA5D53D03}.MinSizeRel|Win32.ActiveCfg = MinSizeRel|Win32
		{64DE5547-AC40-4796-92B0-83CCA5D53D03}.MinSizeRel|Win32.Build.0 = MinSizeRel|Win32
		{64DE5547-AC40-4796-92B0-83CCA5D53D03}.RelWithDebInfo|Win32.ActiveCfg = RelWithDebInfo|Win32
		{64DE5547-AC40-4796-92B0-83CCA5D53D03}.RelWithDebInfo|Win32.Build.0 = RelWithDebInfo|Win32
		{BE8399F7-0E35-4068-8BDC-CE3A4950EDB1}.Debug|Win32.ActiveCfg = Debug|Win32
		{BE8399F7-0E35-4068-8BDC-CE3A4950EDB1}.Debug|Win32.Build.0 = Debug|Win32
		{BE8399F7-0E35-4068-8BDC-CE3A4950EDB1}.Release|Win32.ActiveCfg = Release|Win32
		{BE8399F7-0E35-4068-8BDC-CE3A4950EDB1}.Release|Win32.Build.0 = Release|Win32
		{BE8399F7-0E35-4068-8BDC-CE3A4950EDB1}.MinSizeRel|Win32.ActiveCfg = MinSizeRel|Win32
		{BE8399F7-0E35-4068-8BDC-CE3A4950EDB1}.MinSizeRel|Win32.Build.0 = MinSizeRel|Win32
		{BE8399F7-0E35-4068-8BDC-CE3A4950EDB1}.RelWithDebInfo|Win32.ActiveCfg = RelWithDebInfo|Win32
		{BE8399F7-0E35-4068-8BDC-CE3A4950EDB1}.RelWithDebInfo|Win32.Build.0 = RelWithDebInfo|Win32
		{A3FD2929-8482-4626-BE57-ADEC7CFEAF8B}.Debug|Win32.ActiveCfg = Debug|Win32
		{A3FD2929-8482-4626-BE57-ADEC7CFEAF8B}.Debug|Win32.Build.0 = Debug|Win32
		{A3FD2929-8482-4626-BE57-ADEC7CFEAF8B}.Release|Win32.ActiveCfg = Release|Win32
		{A3FD2929-8482-4626-BE57-ADEC7CFEAF8B}.Release|Win32.Build.0 = Release|Win32
		{A3FD2929-8482-4626-BE57-ADEC7CFEAF8B}.MinSizeRel|Win32.ActiveCfg = MinSizeRel|Win32
		{A3FD2929-8482-4626-BE57-ADEC7CFEAF8B}.MinSizeRel|Win32.Build.0 = MinSizeRel|Win32
		{A3FD2929-8482-4626-BE57-ADEC7CFEAF8B}.RelWithDebInfo|Win32.ActiveCfg = RelWithDebInfo|Win32
		{A3FD2929-8482-4626-BE57-ADEC7CFEAF8B}.RelWithDebInfo|Win32.Build.0 = RelWithDebInfo|Win32
		{D991B225-E35B-4A62-B4CF-8DB417F1E6BF}.Debug|Win32.ActiveCfg = Debug|Win32
		{D991B225-E35B-4A62-B4CF-8DB417F1E6BF}.Debug|Win32.Build.0 = Debug|Win32
		{D991B225-E35B-4A62-B4CF-8DB417F1E6BF}.Release|Win32.ActiveCfg = Release|Win32
		{D991B225-E35B-4A62-B4CF-8DB417F1E6BF}.Release|Win32.Build.0 = Release|Win32
		{D991B225-E35B-4A62-B4CF-8DB417F1E6BF}.MinSizeRel|Win32.ActiveCfg = MinSizeRel|Win32
		{D991B225-E35B-4A62-B4CF-8DB417F1E6BF}.MinSizeRel|Win32.Build.0 = MinSizeRel|Win32
		{D991B225-E35B-4A62-B4CF-8DB417F1E6BF}.RelWithDebInfo|Win32.ActiveCfg = RelWithDebInfo|Win32
		{D991B225-E35B-4A62-B4CF-8DB417F1E6BF}.RelWithDebInfo|Win32.Build.0 = RelWithDebInfo|Win32
		{F627CF60-42CB-4305-BEBA-D13DE365A9ED}.Debug|Win32.ActiveCfg = Debug|Win32
		{F627CF60-42CB-4305-BEBA-D13DE365A9ED}.Debug|Win32.Build.0 = Debug|Win32
		{F627CF60-42CB-4305-BEBA-D13DE365A9ED}.Release|Win32.ActiveCfg = Release|Win32
		{F627CF60-42CB-4305-BEBA-D13DE365A9ED}.Release|Win32.Build.0 = Release|Win32
		{F627CF60-42CB-4305-BEBA-D13DE365A9ED}.MinSizeRel|Win32.ActiveCfg = MinSizeRel|Win32
		{F627CF60-42CB-4305-BEBA-D13DE365A9ED}.MinSizeRel|Win32.Build.0 = MinSizeRel|Win32
		{F627CF60-42CB-4305-BEBA-D13DE365A9ED}.RelWithDebInfo|Win32.ActiveCfg = RelWithDebInfo|Win32
		{F627CF60-42CB-4305-BEBA-D13DE365A9ED}.RelWithDebInfo|Win32.Build.0 = RelWithDebInfo|Win32
		{A65ED8DE-9823-4381-BFF0-B79EB52E9403}.Debug|Win32.ActiveCfg = Debug|Win32
		{A65ED8DE-9823-4381-BFF0-B79EB52E9403}.Debug|Win32.Build.0 = Debug|Win32
		{A65ED8DE-9823-4381-BFF0-B79EB52E9403}.Release|Win32.ActiveCfg = Release|Win32
		{A65ED8DE-9823-4381-BFF0-B79EB52E9403}.Release|Win32.Build.0 = Release|Win32
		{A65ED8DE-9823-4381-BFF0-B79EB52E9403}.MinSizeRel|Win32.ActiveCfg = MinSizeRel|Win32
		{A65ED8DE-9823-4381-BFF0-B79EB52E9403}.MinSizeRel|Win32.Build.0 = MinSizeRel|Win32
		{A65ED8DE-9823-4381-BFF0-B79EB52E9403}.RelWithDebInfo|Win32.ActiveCfg = RelWithDebInfo|Win32
		{A65ED8DE-9823-4381-BFF0-B79EB52E9403}.RelWithDebInfo|Win32.Build.0 = RelWithDebInfo|Win32
		{A17ADE76-35CA-4DB0-A99B-1F586EDAA8A0}.Debug|Win32.ActiveCfg = Debug|Win32
		{A17ADE76-35CA-4DB0-A99B-1F586EDAA8A0}.Debug|Win32.Build.0 = Debug|Win32
		{A17ADE76-35CA-4DB0-A99B-1F586EDAA8A0}.Release|Win32.ActiveCfg = Release|Win32
		{A17ADE76-35CA-4DB0-A99B-1F586EDAA8A0}.Release|Win32.Build.0 = Release|Win32
		{A17ADE76-35CA-4DB0-A99B-1F586EDAA8A0}.MinSizeRel|Win32.ActiveCfg = MinSizeRel|Win32
		{A17ADE76-35CA-4DB0-A99B-1F586EDAA8A0}.MinSizeRel|Win32.Build.0 = MinSizeRel|Win32
		{A17ADE76-35CA-4DB0-A99B-1F586EDAA8A0}.RelWithDebInfo|Win32.ActiveCfg = RelWithDebInfo|Win32
		{A17ADE76-35CA-4DB0-A99B-1F586EDAA8A0}.RelWithDebInfo|Win32.Build.0 = RelWithDebInfo|Win32
		{4DAF49BB-8911-4314-9BDD-3585403D9346}.Debug|Win32.ActiveCfg = Debug|Win32
		{4DAF49BB-8911-4314-9BDD-3585403D9346}.Debug|Win32.Build.0 = Debug|Win32
		{4DAF49BB-8911-4314-9BDD-3585403D9346}.Release|Win32.ActiveCfg = Release|Win32
		{4DAF49BB-8911-4314-9BDD-3585403D9346}.Release|Win32.Build.0 = Release|Win32
		{4DAF49BB-8911-4314-9BDD-3585403D9346}.MinSizeRel|Win32.ActiveCfg = MinSizeRel|Win32
		{4DAF49BB-8911-4314-9BDD-3585403D9346}.MinSizeRel|Win32.Build.0 = MinSizeRel|Win32
		{4DAF49BB-8911-4314-9BDD-3585403D9346}.RelWithDebInfo|Win32.ActiveCfg = RelWithDebInfo|Win32
		{4DAF49BB-8911-4314-9BDD-3585403D9346}.RelWithDebInfo|Win32.Build.0 = RelWithDebInfo|Win32
		{50F9AB1D-7CDB-4076-9707-E8AA022C6F29}.Debug|Win32.ActiveCfg = Debug|Win32
		{50F9AB1D-7CDB-4076-9707-E8AA022C6F29}.Debug|Win32.Build.0 = Debug|Win32
		{50F9AB1D-7CDB-4076-9707-E8AA022C6F29}.Release|Win32.ActiveCfg = Release|Win32
		{50F9AB1D-7CDB-4076-9707-E8AA022C6F29}.Release|Win32.Build.0 = Release|Win32
		{50F9AB1D-7CDB-4076-9707-E8AA022C6F29}.MinSizeRel|Win32.ActiveCfg = MinSizeRel|Win32
		{50F9AB1D-7CDB-4076-9707-E8AA022C6F29}.MinSizeRel|Win32.Build.0 = MinSizeRel|Win32
		{50F9AB1D-7CDB-4076-9707-E8AA022C6F29}.RelWithDebInfo|Win32.ActiveCfg = RelWithDebInfo|Win32
		{50F9AB1D-7CDB-4076-9707-E8AA022C6F29}.RelWithDebInfo|Win32.Build.0 = RelWithDebInfo|Win32
		{0F486BC1-F1F3-4152-8142-F163346C04D4}.Debug|Win32.ActiveCfg = Debug|Win32
		{0F486BC1-F1F3-4152-8142-F163346C04D4}.Debug|Win32.Build.0 = Debug|Win32
		{0F486BC1-F1F3-4152-8142-F163346C04D4}.Release|Win32.ActiveCfg = Release|Win32
		{0F486BC1-F1F3-4152-8142-F163346C04D4}.Release|Win32.Build.0 = Release|Win32
		{0F486BC1-F1F3-4152-8142-F163346C04D4}.MinSizeRel|Win32.ActiveCfg = MinSizeRel|Win32
		{0F486BC1-F1F3-4152-8142-F163346C04D4}.MinSizeRel|Win32.Build.0 = MinSizeRel|Win32
		{0F486BC1-F1F3-4152-8142-F163346C04D4}.RelWithDebInfo|Win32.ActiveCfg = RelWithDebInfo|Win32
		{0F486BC1-F1F3-4152-8142-F163346C04D4}.RelWithDebInfo|Win32.Build.0 = RelWithDebInfo|Win32
		{4045E2AF-756F-4490-8683-54F0B19BD67D}.Debug|Win32.ActiveCfg = Debug|Win32
		{4045E2AF-756F-4490-8683-54F0B19BD67D}.Debug|Win32.Build.0 = Debug|Win32
		{4045E2AF-756F-4490-8683-54F0B19BD67D}.Release|Win32.ActiveCfg = Release|Win32
		{4045E2AF-756F-4490-8683-54F0B19BD67D}.Release|Win32.Build.0 = Release|Win32
		{4045E2AF-756F-4490-8683-54F0B19BD67D}.MinSizeRel|Win32.ActiveCfg = MinSizeRel|Win32
		{4045E2AF-756F-4490-8683-54F0B19BD67D}.MinSizeRel|Win32.Build.0 = MinSizeRel|Win32
		{4045E2AF-756F-4490-8683-54F0B19BD67D}.RelWithDebInfo|Win32.ActiveCfg = RelWithDebInfo|Win32
		{4045E2AF-756F-4490-8683-54F0B19BD67D}.RelWithDebInfo|Win32.Build.0 = RelWithDebInfo|Win32
		{98C15E19-74EA-42BE-9D2A-EF89D5003DCE}.Debug|Win32.ActiveCfg = Debug|Win32
		{98C15E19-74EA-42BE-9D2A-EF89D5003DCE}.Debug|Win32.Build.0 = Debug|Win32
		{98C15E19-74EA-42BE-9D2A-EF89D5003DCE}.Release|Win32.ActiveCfg = Release|Win32
		{98C15E19-74EA-42BE-9D2A-EF89D5003DCE}.Release|Win32.Build.0 = Release|Win32
		{98C15E19-74EA-42BE-9D2A-EF89D5003DCE}.MinSizeRel|Win32.ActiveCfg = MinSizeRel|Win32
		{98C15E19-74EA-42BE-9D2A-EF89D5003DCE}.MinSizeRel|Win32.Build.0 = MinSizeRel|Win32
		{98C15E19-74EA-42BE-9D2A-EF89D5003DCE}.RelWithDebInfo|Win32.ActiveCfg = RelWithDebInfo|Win32
		{98C15E19-74EA-42BE-9D2A-EF89D5003DCE}.RelWithDebInfo|Win32.Build.0 = RelWithDebInfo|Win32
		{07D37E3A-E5A9-4F01-8A94-35D62BBF9A99}.Debug|Win32.ActiveCfg = Debug|Win32
		{07D37E3A-E5A9-4F01-8A94-35D62BBF9A99}.Debug|Win32.Build.0 = Debug|Win32
		{07D37E3A-E5A9-4F01-8A94-35D62BBF9A99}.Release|Win32.ActiveCfg = Release|Win32
		{07D37E3A-E5A9-4F01-8A94-35D62BBF9A99}.Release|Win32.Build.0 = Release|Win32
		{07D37E3A-E5A9-4F01-8A94-35D62BBF9A99}.MinSizeRel|Win32.ActiveCfg = MinSizeRel|Win32
		{07D37E3A-E5A9-4F01-8A94-35D62BBF9A99}.MinSizeRel|Win32.Build.0 = MinSizeRel|Win32
		{07D37E3A-E5A9-4F01-8A94-35D62BBF9A99}.RelWithDebInfo|Win32.ActiveCfg = RelWithDebInfo|Win32
		{07D37E3A-E5A9-4F01-8A94-35D62BBF9A99}.RelWithDebInfo|Win32.Build.0 = RelWithDebInfo|Win32
		{4027BCA4-1897-403E-AB73-DDDB0E061E30}.Debug|Win32.ActiveCfg = Debug|Win32
		{4027BCA4-1897-403E-AB73-DDDB0E061E30}.Debug|Win32.Build.0 = Debug|Win32
		{4027BCA4-1897-403E-AB73-DDDB0E061E30}.Release|Win32.ActiveCfg = Release|Win32
		{4027BCA4-1897-403E-AB73-DDDB0E061E30}.Release|Win32.Build.0 = Release|Win32
		{4027BCA4-1897-403E-AB73-DDDB0E061E30}.MinSizeRel|Win32.ActiveCfg = MinSizeRel|Win32
		{4027BCA4-1897-403E-AB73-DDDB0E061E30}.MinSizeRel|Win32.Build.0 = MinSizeRel|Win32
		{4027BCA4-1897-403E-AB73-DDDB0E061E30}.RelWithDebInfo|Win32.ActiveCfg = RelWithDebInfo|Win32
		{4027BCA4-1897-403E-AB73-DDDB0E061E30}.RelWithDebInfo|Win32.Build.0 = RelWithDebInfo|Win32
		{B8FDA9C5-8AAA-4B66-BAC9-2EBFAE3DB668}.Debug|Win32.ActiveCfg = Debug|Win32
		{B8FDA9C5-8AAA-4B66-BAC9-2EBFAE3DB668}.Debug|Win32.Build.0 = Debug|Win32
		{B8FDA9C5-8AAA-4B66-BAC9-2EBFAE3DB668}.Release|Win32.ActiveCfg = Release|Win32
		{B8FDA9C5-8AAA-4B66-BAC9-2EBFAE3DB668}.Release|Win32.Build.0 = Release|Win32
		{B8FDA9C5-8AAA-4B66-BAC9-2EBFAE3DB668}.MinSizeRel|Win32.ActiveCfg = MinSizeRel|Win32
		{B8FDA9C5-8AAA-4B66-BAC9-2EBFAE3DB668}.MinSizeRel|Win32.Build.0 = MinSizeRel|Win32
		{B8FDA9C5-8AAA-4B66-BAC9-2EBFAE3DB668}.RelWithDebInfo|Win32.ActiveCfg = RelWithDebInfo|Win32
		{B8FDA9C5-8AAA-4B66-BAC9-2EBFAE3DB668}.RelWithDebInfo|Win32.Build.0 = RelWithDebInfo|Win32
		{C65B6C94-0842-437D-9C75-BDBED24C6A94}.Debug|Win32.ActiveCfg = Debug|Win32
		{C65B6C94-0842-437D-9C75-BDBED24C6A94}.Debug|Win32.Build.0 = Debug|Win32
		{C65B6C94-0842-437D-9C75-BDBED24C6A94}.Release|Win32.ActiveCfg = Release|Win32
		{C65B6C94-0842-437D-9C75-BDBED24C6A94}.Release|Win32.Build.0 = Release|Win32
		{C65B6C94-0842-437D-9C75-BDBED24C6A94}.MinSizeRel|Win32.ActiveCfg = MinSizeRel|Win32
		{C65B6C94-0842-437D-9C75-BDBED24C6A94}.MinSizeRel|Win32.Build.0 = MinSizeRel|Win32
		{C65B6C94-0842-437D-9C75-BDBED24C6A94}.RelWithDebInfo|Win32.ActiveCfg = RelWithDebInfo|Win32
		{C65B6C94-0842-437D-9C75-BDBED24C6A94}.RelWithDebInfo|Win32.Build.0 = RelWithDebInfo|Win32
		{F6949636-D351-4DCA-9CD2-7C5DEFC8A3BE}.Debug|Win32.ActiveCfg = Debug|Win32
		{F6949636-D351-4DCA-9CD2-7C5DEFC8A3BE}.Debug|Win32.Build.0 = Debug|Win32
		{F6949636-D351-4DCA-9CD2-7C5DEFC8A3BE}.Release|Win32.ActiveCfg = Release|Win32
		{F6949636-D351-4DCA-9CD2-7C5DEFC8A3BE}.Release|Win32.Build.0 = Release|Win32
		{F6949636-D351-4DCA-9CD2-7C5DEFC8A3BE}.MinSizeRel|Win32.ActiveCfg = MinSizeRel|Win32
		{F6949636-D351-4DCA-9CD2-7C5DEFC8A3BE}.MinSizeRel|Win32.Build.0 = MinSizeRel|Win32
		{F6949636-D351-4DCA-9CD2-7C5DEFC8A3BE}.RelWithDebInfo|Win32.ActiveCfg = RelWithDebInfo|Win32
		{F6949636-D351-4DCA-9CD2-7C5DEFC8A3BE}.RelWithDebInfo|Win32.Build.0 = RelWithDebInfo|Win32
		{F6CD46AD-A3BA-4F33-8ACC-4F352820A0E1}.Debug|Win32.ActiveCfg = Debug|Win32
		{F6CD46AD-A3BA-4F33-8ACC-4F352820A0E1}.Debug|Win32.Build.0 = Debug|Win32
		{F6CD46AD-A3BA-4F33-8ACC-4F352820A0E1}.Release|Win32.ActiveCfg = Release|Win32
		{F6CD46AD-A3BA-4F33-8ACC-4F352820A0E1}.Release|Win32.Build.0 = Release|Win32
		{F6CD46AD-A3BA-4F33-8ACC-4F352820A0E1}.MinSizeRel|Win32.ActiveCfg = MinSizeRel|Win32
		{F6CD46AD-A3BA-4F33-8ACC-4F352820A0E1}.MinSizeRel|Win32.Build.0 = MinSizeRel|Win32
		{F6CD46AD-A3BA-4F33-8ACC-4F352820A0E1}.RelWithDebInfo|Win32.ActiveCfg = RelWithDebInfo|Win32
		{F6CD46AD-A3BA-4F33-8ACC-4F352820A0E1}.RelWithDebInfo|Win32.Build.0 = RelWithDebInfo|Win32
		{3DA028D9-70DE-4864-9765-E93AC77F55C9}.Debug|Win32.ActiveCfg = Debug|Win32
		{3DA028D9-70DE-4864-9765-E93AC77F55C9}.Debug|Win32.Build.0 = Debug|Win32
		{3DA028D9-70DE-4864-9765-E93AC77F55C9}.Release|Win32.ActiveCfg = Release|Win32
		{3DA028D9-70DE-4864-9765-E93AC77F55C9}.Release|Win32.Build.0 = Release|Win32
		{3DA028D9-70DE-4864-9765-E93AC77F55C9}.MinSizeRel|Win32.ActiveCfg = MinSizeRel|Win32
		{3DA028D9-70DE-4864-9765-E93AC77F55C9}.MinSizeRel|Win32.Build.0 = MinSizeRel|Win32
		{3DA028D9-70DE-4864-9765-E93AC77F55C9}.RelWithDebInfo|Win32.ActiveCfg = RelWithDebInfo|Win32
		{3DA028D9-70DE-4864-9765-E93AC77F55C9}.RelWithDebInfo|Win32.Build.0 = RelWithDebInfo|Win32
		{A1B8D34E-9F05-4F6D-9A88-8FDEECCAEC41}.Debug|Win32.ActiveCfg = Debug|Win32
		{A1B8D34E-9F05-4F6D-9A88-8FDEECCAEC41}.Debug|Win32.Build.0 = Debug|Win32
		{A1B8D34E-9F05-4F6D-9A88-8FDEECCAEC41}.Release|Win32.ActiveCfg = Release|Win32
		{A1B8D34E-9F05-4F6D-9A88-8FDEECCAEC41}.Release|Win32.Build.0 = Release|Win32
		{A1B8D34E-9F05-4F6D-9A88-8FDEECCAEC41}.MinSizeRel|Win32.ActiveCfg = MinSizeRel|Win32
		{A1B8D34E-9F05-4F6D-9A88-8FDEECCAEC41}.MinSizeRel|Win32.Build.0 = MinSizeRel|Win32
		{A1B8D34E-9F05-4F6D-9A88-8FDEECCAEC41}.RelWithDebInfo|Win32.ActiveCfg = RelWithDebInfo|Win32
		{A1B8D34E-9F05-4F6D-9A88-8FDEECCAEC41}.RelWithDebInfo|Win32.Build.0 = RelWithDebInfo|Win32
		{3F7CB787-F5BA-4E4C-B813-9283CADB4861}.Debug|Win32.ActiveCfg = Debug|Win32
		{3F7CB787-F5BA-4E4C-B813-9283CADB4861}.Debug|Win32.Build.0 = Debug|Win32
		{3F7CB787-F5BA-4E4C-B813-9283CADB4861}.Release|Win32.ActiveCfg = Release|Win32
		{3F7CB787-F5BA-4E4C-B813-9283CADB4861}.Release|Win32.Build.0 = Release|Win32
		{3F7CB787-F5BA-4E4C-B813-9283CADB4861}.MinSizeRel|Win32.ActiveCfg = MinSizeRel|Win32
		{3F7CB787-F5BA-4E4C-B813-9283CADB4861}.MinSizeRel|Win32.Build.0 = MinSizeRel|Win32
		{3F7CB787-F5BA-4E4C-B813-9283CADB4861}.RelWithDebInfo|Win32.ActiveCfg = RelWithDebInfo|Win32
		{3F7CB787-F5BA-4E4C-B813-9283CADB4861}.RelWithDebInfo|Win32.Build.0 = RelWithDebInfo|Win32
		{5FA4087B-B1E3-4392-AB93-78B51E6E3F3A}.Debug|Win32.ActiveCfg = Debug|Win32
		{5FA4087B-B1E3-4392-AB93-78B51E6E3F3A}.Debug|Win32.Build.0 = Debug|Win32
		{5FA4087B-B1E3-4392-AB93-78B51E6E3F3A}.Release|Win32.ActiveCfg = Release|Win32
		{5FA4087B-B1E3-4392-AB93-78B51E6E3F3A}.Release|Win32.Build.0 = Release|Win32
		{5FA4087B-B1E3-4392-AB93-78B51E6E3F3A}.MinSizeRel|Win32.ActiveCfg = MinSizeRel|Win32
		{5FA4087B-B1E3-4392-AB93-78B51E6E3F3A}.MinSizeRel|Win32.Build.0 = MinSizeRel|Win32
		{5FA4087B-B1E3-4392-AB93-78B51E6E3F3A}.RelWithDebInfo|Win32.ActiveCfg = RelWithDebInfo|Win32
		{5FA4087B-B1E3-4392-AB93-78B51E6E3F3A}.RelWithDebInfo|Win32.Build.0 = RelWithDebInfo|Win32
		{E0361B59-60BF-47D6-8BAA-4CCADBEC5773}.Debug|Win32.ActiveCfg = Debug|Win32
		{E0361B59-60BF-47D6-8BAA-4CCADBEC5773}.Debug|Win32.Build.0 = Debug|Win32
		{E0361B59-60BF-47D6-8BAA-4CCADBEC5773}.Release|Win32.ActiveCfg = Release|Win32
		{E0361B59-60BF-47D6-8BAA-4CCADBEC5773}.Release|Win32.Build.0 = Release|Win32
		{E0361B59-60BF-47D6-8BAA-4CCADBEC5773}.MinSizeRel|Win32.ActiveCfg = MinSizeRel|Win32
		{E0361B59-60BF-47D6-8BAA-4CCADBEC5773}.MinSizeRel|Win32.Build.0 = MinSizeRel|Win32
		{E0361B59-60BF-47D6-8BAA-4CCADBEC5773}.RelWithDebInfo|Win32.ActiveCfg = RelWithDebInfo|Win32
		{E0361B59-60BF-47D6-8BAA-4CCADBEC5773}.RelWithDebInfo|Win32.Build.0 = RelWithDebInfo|Win32
		{D503E689-29FA-42F8-9C82-D55CE106CA96}.Debug|Win32.ActiveCfg = Debug|Win32
		{D503E689-29FA-42F8-9C82-D55CE106CA96}.Debug|Win32.Build.0 = Debug|Win32
		{D503E689-29FA-42F8-9C82-D55CE106CA96}.Release|Win32.ActiveCfg = Release|Win32
		{D503E689-29FA-42F8-9C82-D55CE106CA96}.Release|Win32.Build.0 = Release|Win32
		{D503E689-29FA-42F8-9C82-D55CE106CA96}.MinSizeRel|Win32.ActiveCfg = MinSizeRel|Win32
		{D503E689-29FA-42F8-9C82-D55CE106CA96}.MinSizeRel|Win32.Build.0 = MinSizeRel|Win32
		{D503E689-29FA-42F8-9C82-D55CE106CA96}.RelWithDebInfo|Win32.ActiveCfg = RelWithDebInfo|Win32
		{D503E689-29FA-42F8-9C82-D55CE106CA96}.RelWithDebInfo|Win32.Build.0 = RelWithDebInfo|Win32
		{82F97C69-82DF-4032-B88C-2487A2C12AAE}.Debug|Win32.ActiveCfg = Debug|Win32
		{82F97C69-82DF-4032-B88C-2487A2C12AAE}.Debug|Win32.Build.0 = Debug|Win32
		{82F97C69-82DF-4032-B88C-2487A2C12AAE}.Release|Win32.ActiveCfg = Release|Win32
		{82F97C69-82DF-4032-B88C-2487A2C12AAE}.Release|Win32.Build.0 = Release|Win32
		{82F97C69-82DF-4032-B88C-2487A2C12AAE}.MinSizeRel|Win32.ActiveCfg = MinSizeRel|Win32
		{82F97C69-82DF-4032-B88C-2487A2C12AAE}.MinSizeRel|Win32.Build.0 = MinSizeRel|Win32
		{82F97C69-82DF-4032-B88C-2487A2C12AAE}.RelWithDebInfo|Win32.ActiveCfg = RelWithDebInfo|Win32
		{82F97C69-82DF-4032-B88C-2487A2C12AAE}.RelWithDebInfo|Win32.Build.0 = RelWithDebInfo|Win32
		{FFEF7216-BEDF-479A-A17C-2E531C1B4C6C}.Debug|Win32.ActiveCfg = Debug|Win32
		{FFEF7216-BEDF-479A-A17C-2E531C1B4C6C}.Debug|Win32.Build.0 = Debug|Win32
		{FFEF7216-BEDF-479A-A17C-2E531C1B4C6C}.Release|Win32.ActiveCfg = Release|Win32
		{FFEF7216-BEDF-479A-A17C-2E531C1B4C6C}.Release|Win32.Build.0 = Release|Win32
		{FFEF7216-BEDF-479A-A17C-2E531C1B4C6C}.MinSizeRel|Win32.ActiveCfg = MinSizeRel|Win32
		{FFEF7216-BEDF-479A-A17C-2E531C1B4C6C}.MinSizeRel|Win32.Build.0 = MinSizeRel|Win32
		{FFEF7216-BEDF-479A-A17C-2E531C1B4C6C}.RelWithDebInfo|Win32.ActiveCfg = RelWithDebInfo|Win32
		{FFEF7216-BEDF-479A-A17C-2E531C1B4C6C}.RelWithDebInfo|Win32.Build.0 = RelWithDebInfo|Win32
		{437ED042-1D39-41BC-99F7-13D31F231C82}.Debug|Win32.ActiveCfg = Debug|Win32
		{437ED042-1D39-41BC-99F7-13D31F231C82}.Debug|Win32.Build.0 = Debug|Win32
		{437ED042-1D39-41BC-99F7-13D31F231C82}.Release|Win32.ActiveCfg = Release|Win32
		{437ED042-1D39-41BC-99F7-13D31F231C82}.Release|Win32.Build.0 = Release|Win32
		{437ED042-1D39-41BC-99F7-13D31F231C82}.MinSizeRel|Win32.ActiveCfg = MinSizeRel|Win32
		{437ED042-1D39-41BC-99F7-13D31F231C82}.MinSizeRel|Win32.Build.0 = MinSizeRel|Win32
		{437ED042-1D39-41BC-99F7-13D31F231C82}.RelWithDebInfo|Win32.ActiveCfg = RelWithDebInfo|Win32
		{437ED042-1D39-41BC-99F7-13D31F231C82}.RelWithDebInfo|Win32.Build.0 = RelWithDebInfo|Win32
		{EA0DDC5F-B37F-4380-877B-1B0DD93E45B3}.Debug|Win32.ActiveCfg = Debug|Win32
		{EA0DDC5F-B37F-4380-877B-1B0DD93E45B3}.Debug|Win32.Build.0 = Debug|Win32
		{EA0DDC5F-B37F-4380-877B-1B0DD93E45B3}.Release|Win32.ActiveCfg = Release|Win32
		{EA0DDC5F-B37F-4380-877B-1B0DD93E45B3}.Release|Win32.Build.0 = Release|Win32
		{EA0DDC5F-B37F-4380-877B-1B0DD93E45B3}.MinSizeRel|Win32.ActiveCfg = MinSizeRel|Win32
		{EA0DDC5F-B37F-4380-877B-1B0DD93E45B3}.MinSizeRel|Win32.Build.0 = MinSizeRel|Win32
		{EA0DDC5F-B37F-4380-877B-1B0DD93E45B3}.RelWithDebInfo|Win32.ActiveCfg = RelWithDebInfo|Win32
		{EA0DDC5F-B37F-4380-877B-1B0DD93E45B3}.RelWithDebInfo|Win32.Build.0 = RelWithDebInfo|Win32
	EndGlobalSection
	GlobalSection(ExtensibilityGlobals) = postSolution
	EndGlobalSection
	GlobalSection(ExtensibilityAddIns) = postSolution
	EndGlobalSection
EndGlobal
